// !$*UTF8*$!
{
	archiveVersion = 1;
	classes = {
	};
	objectVersion = 46;
	objects = {

/* Begin PBXBuildFile section */
		01B54F35921889328D6D047D /* libionlodepnglib.a in Frameworks */ = {isa = PBXBuildFile; fileRef = 90E64768BD5BC96EB9F4595A /* libionlodepnglib.a */; };
		050A4C46862CDB663BEA1C3C /* libiPhone-lib.a in Frameworks */ = {isa = PBXBuildFile; fileRef = 477248CAB1A7B4B6963F9B65 /* libiPhone-lib.a */; };
		0644473996A4C7BDA228506F /* libNimbusModels.a in Frameworks */ = {isa = PBXBuildFile; fileRef = 0CA9418E82556823282D6B89 /* libNimbusModels.a */; };
		08B24F76137BFDFA00FBA309 /* iAd.framework in Frameworks */ = {isa = PBXBuildFile; fileRef = 08B24F75137BFDFA00FBA309 /* iAd.framework */; settings = {ATTRIBUTES = (Weak, ); }; };
		0EFF4E5A93E2873258AB0FC0 /* libionport.a in Frameworks */ = {isa = PBXBuildFile; fileRef = D5A34A2C849A7A87FEFDC936 /* libionport.a */; };
		150D4AB4903A6AAC7D095AEF /* libgflags.a in Frameworks */ = {isa = PBXBuildFile; fileRef = 46144CBC81047FE20361DA49 /* libgflags.a */; };
		163342FA9090DBA3F1F15F77 /* libcardboard.a in Frameworks */ = {isa = PBXBuildFile; fileRef = D7E34607A3236962E3F1C1EC /* libcardboard.a */; };
		1859EA9B19214E7B0022C3D3 /* MetalHelper.mm in Sources */ = {isa = PBXBuildFile; fileRef = 1859EA9A19214E7B0022C3D3 /* MetalHelper.mm */; };
		1CFE49EEB356762F6AB8596C /* libGoogleKitHUD.a in Frameworks */ = {isa = PBXBuildFile; fileRef = 1CDC4CC59C0B64E21AB36F5C /* libGoogleKitHUD.a */; };
		1D60589F0D05DD5A006BFB54 /* Foundation.framework in Frameworks */ = {isa = PBXBuildFile; fileRef = 1D30AB110D05D00D00671497 /* Foundation.framework */; };
		201640EB9AD3F0589D60343D /* libsensors.a in Frameworks */ = {isa = PBXBuildFile; fileRef = 0C8446BD9EC3D02624DCA02A /* libsensors.a */; };
		201D4D2984D1D9F6C3E50F99 /* libapi.a in Frameworks */ = {isa = PBXBuildFile; fileRef = FD704E5EBE1C72D9F4D8784C /* libapi.a */; };
		256D466E96B4413BE1AADBB0 /* libsoftware.a in Frameworks */ = {isa = PBXBuildFile; fileRef = C4824DFEBCA2EA8D0554901C /* libsoftware.a */; };
		27204C6BA716CB1182E42CB2 /* libionfreetype2.a in Frameworks */ = {isa = PBXBuildFile; fileRef = 5B3641108234C0824B9AF2E1 /* libionfreetype2.a */; };
		29654213B31980F4B47E0C8D /* libionremote.a in Frameworks */ = {isa = PBXBuildFile; fileRef = B6E746B5BC894DB3CACAAE10 /* libionremote.a */; };
		2EE84FC080B5837A6FE052B8 /* libionwebp.a in Frameworks */ = {isa = PBXBuildFile; fileRef = ECCE4584AFB7EC794DCED293 /* libionwebp.a */; };
		38FD477CABD218573DB057B0 /* libdatatypes.a in Frameworks */ = {isa = PBXBuildFile; fileRef = 31C84D148312C785739CE1A8 /* libdatatypes.a */; };
		3AB432C31B1AA99400CB2A5D /* resources.bundle in Resources */ = {isa = PBXBuildFile; fileRef = 3AB432C21B1AA99400CB2A5D /* resources.bundle */; };
		3AB432C51B1AA9BF00CB2A5D /* CoreText.framework in Frameworks */ = {isa = PBXBuildFile; fileRef = 3AB432C41B1AA9BF00CB2A5D /* CoreText.framework */; };
		413544ABBB4A3E64C164AAF0 /* libionprofile.a in Frameworks */ = {isa = PBXBuildFile; fileRef = 7AE84E1BAA15D77FEA7E49B8 /* libionprofile.a */; };
		469B4A608A765B215C3C2C3D /* LaunchScreenImage-Landscape.png in Resources */ = {isa = PBXBuildFile; fileRef = 9EF94F3C970E766E98511A45 /* LaunchScreenImage-Landscape.png */; };
		47364F9A82014C0779A3248A /* libionportgfx.a in Frameworks */ = {isa = PBXBuildFile; fileRef = 6DA34548A056A06A811A5F3F /* libionportgfx.a */; };
		52C74597A30AAA3204A1016B /* libiontext.a in Frameworks */ = {isa = PBXBuildFile; fileRef = 3B3C47A6B9106F43794FBF83 /* libiontext.a */; };
		5404487CBE0E777E4D95B3CB /* libionimagecompression.a in Frameworks */ = {isa = PBXBuildFile; fileRef = B8694834B8DDCECEDC87A490 /* libionimagecompression.a */; };
		542341A4ABB9FEA2E9B79657 /* libionmongoose.a in Frameworks */ = {isa = PBXBuildFile; fileRef = 6281497194B661781C19B861 /* libionmongoose.a */; };
		54A045E78369356076754052 /* librecorder.a in Frameworks */ = {isa = PBXBuildFile; fileRef = A59F4DFEACF31292C92BF17D /* librecorder.a */; };
		5623C57617FDCB0800090B9E /* Foundation.framework in Frameworks */ = {isa = PBXBuildFile; fileRef = 1D30AB110D05D00D00671497 /* Foundation.framework */; };
		5623C57717FDCB0800090B9E /* UIKit.framework in Frameworks */ = {isa = PBXBuildFile; fileRef = 830B5C100E5ED4C100C7819F /* UIKit.framework */; };
		5623C57D17FDCB0900090B9E /* InfoPlist.strings in Resources */ = {isa = PBXBuildFile; fileRef = 5623C57B17FDCB0900090B9E /* InfoPlist.strings */; };
		5623C57F17FDCB0900090B9E /* Unity_iPhone_Tests.m in Sources */ = {isa = PBXBuildFile; fileRef = 5623C57E17FDCB0900090B9E /* Unity_iPhone_Tests.m */; };
		5682F4B20F3B34FF007A219C /* MediaPlayer.framework in Frameworks */ = {isa = PBXBuildFile; fileRef = 5682F4B10F3B34FF007A219C /* MediaPlayer.framework */; };
		5692F3DD0FA9D8E500EBA2F1 /* CoreLocation.framework in Frameworks */ = {isa = PBXBuildFile; fileRef = 5692F3DC0FA9D8E500EBA2F1 /* CoreLocation.framework */; };
		56B7959B1442E0F20026B3DD /* CoreGraphics.framework in Frameworks */ = {isa = PBXBuildFile; fileRef = 56B7959A1442E0F20026B3DD /* CoreGraphics.framework */; };
		56B7960F1442E1770026B3DD /* CoreMotion.framework in Frameworks */ = {isa = PBXBuildFile; fileRef = 56B795C11442E1100026B3DD /* CoreMotion.framework */; settings = {ATTRIBUTES = (Weak, ); }; };
		56BCBA390FCF049A0030C3B2 /* SystemConfiguration.framework in Frameworks */ = {isa = PBXBuildFile; fileRef = 56BCBA380FCF049A0030C3B2 /* SystemConfiguration.framework */; };
		56C56C9817D6015200616839 /* Images.xcassets in Resources */ = {isa = PBXBuildFile; fileRef = 56C56C9717D6015100616839 /* Images.xcassets */; };
		56DBF99D15E3CDC9007A4A8D /* iPhone_Sensors.mm in Sources */ = {isa = PBXBuildFile; fileRef = 56DBF99C15E3CDC9007A4A8D /* iPhone_Sensors.mm */; };
		56FD43960ED4745200FE3770 /* CFNetwork.framework in Frameworks */ = {isa = PBXBuildFile; fileRef = 56FD43950ED4745200FE3770 /* CFNetwork.framework */; };
		5B104E82B366686F30BADCA1 /* libionopenctm.a in Frameworks */ = {isa = PBXBuildFile; fileRef = D90749D199BD8C7971D9D940 /* libionopenctm.a */; };
		653444B994CFD8613456ED0D /* libport.a in Frameworks */ = {isa = PBXBuildFile; fileRef = 5C90430CB241D3D8612C4D9C /* libport.a */; };
		67DF483D81CF80F17698830C /* libProtocolBuffers.a in Frameworks */ = {isa = PBXBuildFile; fileRef = F98B4A0ABFB4D63AAB4D1B94 /* libProtocolBuffers.a */; };
		6A0741A4B9D87E2486516BD3 /* libcomposite.a in Frameworks */ = {isa = PBXBuildFile; fileRef = 92114FBFBE5345237F5D1B19 /* libcomposite.a */; };
		6EF241B48D1B0224F3BDE524 /* libcardboard_protos.a in Frameworks */ = {isa = PBXBuildFile; fileRef = E5E74E13927DA2E339F8DBA9 /* libcardboard_protos.a */; };
		6FC74A20BBE6AC571A94EFEF /* libionjsoncpp.a in Frameworks */ = {isa = PBXBuildFile; fileRef = DE9F496AA9DBFB916E4E1D4E /* libionjsoncpp.a */; };
		70E147B397C59EF4F0D119F4 /* libprotos_lib.a in Frameworks */ = {isa = PBXBuildFile; fileRef = 6FFD4590A7B4966A0AE8C2EA /* libprotos_lib.a */; };
		73424C82905D9CC14D971CAC /* CardboardAppController.mm in Sources */ = {isa = PBXBuildFile; fileRef = 7B5747B993553BCA7B24548E /* CardboardAppController.mm */; };
		785B4219BB2289CE3E3737F5 /* UnityEngine.dll.s in Sources */ = {isa = PBXBuildFile; fileRef = 692A4164B2142B1951E83D32 /* UnityEngine.dll.s */; };
		7B9E4A7D9625510CC5ACF022 /* System.dll.s in Sources */ = {isa = PBXBuildFile; fileRef = CEBF4FBAA82A6DCED427647E /* System.dll.s */; };
		7CB34558AF78B2A1E9C218F0 /* libionmath.a in Frameworks */ = {isa = PBXBuildFile; fileRef = B5674BB79034380B6D7F9420 /* libionmath.a */; };
		7D4D468FB03B02748DBB9DD0 /* libvrunity.a in Frameworks */ = {isa = PBXBuildFile; fileRef = 0806422AA74DAA437A436224 /* libvrunity.a */; };
		7F36C11113C5C673007FBDD9 /* CoreMedia.framework in Frameworks */ = {isa = PBXBuildFile; fileRef = 7F36C10E13C5C673007FBDD9 /* CoreMedia.framework */; };
		7F36C11213C5C673007FBDD9 /* CoreVideo.framework in Frameworks */ = {isa = PBXBuildFile; fileRef = 7F36C10F13C5C673007FBDD9 /* CoreVideo.framework */; };
		7F36C11313C5C673007FBDD9 /* AVFoundation.framework in Frameworks */ = {isa = PBXBuildFile; fileRef = 7F36C11013C5C673007FBDD9 /* AVFoundation.framework */; settings = {ATTRIBUTES = (Weak, ); }; };
		80334A248F7629B3F600609D /* libvr.a in Frameworks */ = {isa = PBXBuildFile; fileRef = 4F8341FEA1D2E2C63BE91474 /* libvr.a */; };
		812B4EDE815F2BF75255F56A /* libGoogleKitCore.a in Frameworks */ = {isa = PBXBuildFile; fileRef = D4BD488F88963C470155E823 /* libGoogleKitCore.a */; };
		830B5C110E5ED4C100C7819F /* UIKit.framework in Frameworks */ = {isa = PBXBuildFile; fileRef = 830B5C100E5ED4C100C7819F /* UIKit.framework */; };
		8358D1B80ED1CC3700E3A684 /* AudioToolbox.framework in Frameworks */ = {isa = PBXBuildFile; fileRef = 8358D1B70ED1CC3700E3A684 /* AudioToolbox.framework */; };
		83B256E20E62FEA000468741 /* OpenGLES.framework in Frameworks */ = {isa = PBXBuildFile; fileRef = 83B256E10E62FEA000468741 /* OpenGLES.framework */; };
		83B2570B0E62FF8A00468741 /* QuartzCore.framework in Frameworks */ = {isa = PBXBuildFile; fileRef = 83B2570A0E62FF8A00468741 /* QuartzCore.framework */; };
		83B2574C0E63022200468741 /* OpenAL.framework in Frameworks */ = {isa = PBXBuildFile; fileRef = 83B2574B0E63022200468741 /* OpenAL.framework */; };
		83B2574F0E63025400468741 /* libiconv.2.dylib in Frameworks */ = {isa = PBXBuildFile; fileRef = 83B2574E0E63025400468741 /* libiconv.2.dylib */; };
		873B48C89AC64CA4378089D9 /* CardboardView.mm in Sources */ = {isa = PBXBuildFile; fileRef = 330F485891D0ACD1A98CFA72 /* CardboardView.mm */; };
		88114C00A8D8E0798A0E1CC5 /* resources.bundle in Resources */ = {isa = PBXBuildFile; fileRef = 054540699B6AFABCF0C865E1 /* resources.bundle */; };
		89B44C8F9205BC08960F360D /* LaunchScreen.xib in Resources */ = {isa = PBXBuildFile; fileRef = 624047EC84F8C8FD5B74EDE7 /* LaunchScreen.xib */; };
		8A07E1061715A5AB000EDC6F /* iAD.mm in Sources */ = {isa = PBXBuildFile; fileRef = 8A07E1051715A5AB000EDC6F /* iAD.mm */; };
		8A0FED491649699200E9727D /* EAGLContextHelper.mm in Sources */ = {isa = PBXBuildFile; fileRef = 8A0FED481649699200E9727D /* EAGLContextHelper.mm */; };
		8A142DC61636943E00DD87CA /* Keyboard.mm in Sources */ = {isa = PBXBuildFile; fileRef = 8A142DC51636943E00DD87CA /* Keyboard.mm */; };
		8A1FFFAD16512A9000DD0934 /* GlesHelper.mm in Sources */ = {isa = PBXBuildFile; fileRef = 8A1FFFAC16512A9000DD0934 /* GlesHelper.mm */; };
		8A21AED41622F59300AF8007 /* UnityViewControllerBase.mm in Sources */ = {isa = PBXBuildFile; fileRef = 8A21AED31622F59300AF8007 /* UnityViewControllerBase.mm */; };
		8A25E6D218D767E20006A227 /* Filesystem.mm in Sources */ = {isa = PBXBuildFile; fileRef = 8A25E6D118D767E20006A227 /* Filesystem.mm */; };
		8A2AA93516E0978D001FB470 /* CMVideoSampling.mm in Sources */ = {isa = PBXBuildFile; fileRef = 8A2AA93416E0978D001FB470 /* CMVideoSampling.mm */; };
		8A367F5B16A6D36F0012ED11 /* CVTextureCache.mm in Sources */ = {isa = PBXBuildFile; fileRef = 8A367F5A16A6D36F0012ED11 /* CVTextureCache.mm */; };
		8A3EDDC81615B7C1001839E9 /* SplashScreen.mm in Sources */ = {isa = PBXBuildFile; fileRef = 8A3EDDC71615B7C1001839E9 /* SplashScreen.mm */; };
		8A4815C117A28E7F003FBFD5 /* UnityAppController+ViewHandling.mm in Sources */ = {isa = PBXBuildFile; fileRef = 8A4815C017A287D2003FBFD5 /* UnityAppController+ViewHandling.mm */; };
		8A5C1492174E662D0006EB36 /* RenderPluginDelegate.mm in Sources */ = {isa = PBXBuildFile; fileRef = 8A5C1491174E662D0006EB36 /* RenderPluginDelegate.mm */; };
		8A5E0B9116849D1800CBB6FE /* DisplayManager.mm in Sources */ = {isa = PBXBuildFile; fileRef = 8A5E0B9016849D1800CBB6FE /* DisplayManager.mm */; };
		8A6137141A10BCA200059EDF /* ObjCRuntime.mm in Sources */ = {isa = PBXBuildFile; fileRef = 8A6137131A10BCA200059EDF /* ObjCRuntime.mm */; };
		8A6720A519EEB905006C92E0 /* InternalProfiler.cpp in Sources */ = {isa = PBXBuildFile; fileRef = 8A6720A319EEB905006C92E0 /* InternalProfiler.cpp */; };
		8A7057D1171EA29600A1332D /* iAD_Scripting.mm in Sources */ = {isa = PBXBuildFile; fileRef = 8A7057D0171EA29600A1332D /* iAD_Scripting.mm */; };
		8A851BA716FB2F6D00E911DB /* UnityView.mm in Sources */ = {isa = PBXBuildFile; fileRef = 8A851BA616FB2F6D00E911DB /* UnityView.mm */; };
		8A851BAA16FB3AD000E911DB /* UnityAppController.mm in Sources */ = {isa = PBXBuildFile; fileRef = 8A851BA916FB3AD000E911DB /* UnityAppController.mm */; };
		8A8D90DA1A274A7800456C4E /* UnityAppController+UnityInterface.mm in Sources */ = {isa = PBXBuildFile; fileRef = 8A8D90D91A274A7800456C4E /* UnityAppController+UnityInterface.mm */; };
		8A9FCB131617295F00C05364 /* ActivityIndicator.mm in Sources */ = {isa = PBXBuildFile; fileRef = 8A9FCB121617295F00C05364 /* ActivityIndicator.mm */; };
		8AA568AE1827DD79004969C7 /* WWWConnection.mm in Sources */ = {isa = PBXBuildFile; fileRef = 8AA568AD1827DD79004969C7 /* WWWConnection.mm */; };
		8AA5D80217ABE9AF007B9910 /* UnityAppController+Rendering.mm in Sources */ = {isa = PBXBuildFile; fileRef = 8AA5D80117ABE9AF007B9910 /* UnityAppController+Rendering.mm */; };
		8AB3CB3E16D390BB00697AD5 /* VideoPlayer.mm in Sources */ = {isa = PBXBuildFile; fileRef = 8AB3CB3D16D390BB00697AD5 /* VideoPlayer.mm */; };
		8AC71EC419E7FBA90027502F /* OrientationSupport.mm in Sources */ = {isa = PBXBuildFile; fileRef = 8AC71EC319E7FBA90027502F /* OrientationSupport.mm */; };
		8AC74A9519B47FEF00019D38 /* AVCapture.mm in Sources */ = {isa = PBXBuildFile; fileRef = 8AC74A9419B47FEF00019D38 /* AVCapture.mm */; };
		8ACB801C177081D4005D0019 /* DeviceSettings.mm in Sources */ = {isa = PBXBuildFile; fileRef = 8ACB801B177081D4005D0019 /* DeviceSettings.mm */; };
		8ADCE38B19C87177006F04F6 /* CameraCapture.mm in Sources */ = {isa = PBXBuildFile; fileRef = 8ADCE38A19C87177006F04F6 /* CameraCapture.mm */; };
		8AF7755D1799329100341121 /* LifeCycleListener.mm in Sources */ = {isa = PBXBuildFile; fileRef = 8A292A9817992CE100409BA4 /* LifeCycleListener.mm */; };
		8AF7756017997D2700341121 /* AppDelegateListener.mm in Sources */ = {isa = PBXBuildFile; fileRef = 8AF7755F17997D1300341121 /* AppDelegateListener.mm */; };
		8BF54DEAAB1800E9743759E3 /* libplatform.a in Frameworks */ = {isa = PBXBuildFile; fileRef = 69A24A46893953F1872AFBB8 /* libplatform.a */; };
		907D465BB78223095253F121 /* libiongfx.a in Frameworks */ = {isa = PBXBuildFile; fileRef = 2C66400A826A2979D3225EB8 /* libiongfx.a */; };
		91784DCB963B22C4683206CB /* UnityProInterface.mm in Sources */ = {isa = PBXBuildFile; fileRef = 79C4475A8F2830448CE0A4EF /* UnityProInterface.mm */; };
		945E43F8A6DDFD5BD542310A /* libprotobuf.a in Frameworks */ = {isa = PBXBuildFile; fileRef = B10244C7A4DF6E914B42CF94 /* libprotobuf.a */; };
		98BE4C339346601420A96ECA /* UnityEngine.UI.dll.s in Sources */ = {isa = PBXBuildFile; fileRef = D6CB4067B744CA0FCBACB3A3 /* UnityEngine.UI.dll.s */; };
		99A847EDABA5FA3B1F78C2EC /* libionzlib.a in Frameworks */ = {isa = PBXBuildFile; fileRef = 96344F0782A715B4C552256C /* libionzlib.a */; };
		9BA74EAC87A6432B94611F53 /* libionimage.a in Frameworks */ = {isa = PBXBuildFile; fileRef = 13984B85A76C8340826CFEB4 /* libionimage.a */; };
		9D1B40528C6C5D7DB72CE17C /* libevent.a in Frameworks */ = {isa = PBXBuildFile; fileRef = A2D047F092C79FC93DF5688C /* libevent.a */; };
		A5194BA4B3831C8DF8D4120D /* liblogging_protos.a in Frameworks */ = {isa = PBXBuildFile; fileRef = 9E3E46539D74DB17E132DA5A /* liblogging_protos.a */; };
		A58C49FAA7BF8D88D620C765 /* libremote_assets.a in Frameworks */ = {isa = PBXBuildFile; fileRef = 4E1440869418C4BC21A2CEFF /* libremote_assets.a */; };
		A7C74E579E6BAD6CB8FE2E7B /* libevent_internal.a in Frameworks */ = {isa = PBXBuildFile; fileRef = 6C3347B89D8A5F3989EC5838 /* libevent_internal.a */; };
		A8F543B0BF21661A36A4F568 /* libNimbusCore.a in Frameworks */ = {isa = PBXBuildFile; fileRef = 96A544FAA1B6DCD0166C0C1C /* libNimbusCore.a */; };
		AAC3E38D1A68945900F6174A /* RegisterFeatures.cpp in Sources */ = {isa = PBXBuildFile; fileRef = AAC3E38B1A68945900F6174A /* RegisterFeatures.cpp */; };
		AAFE69D219F187C200638316 /* UnityViewControllerListener.mm in Sources */ = {isa = PBXBuildFile; fileRef = AAFE69D119F187C200638316 /* UnityViewControllerListener.mm */; };
		AB31440C824ED9D82BB325DB /* libQuantumCore.a in Frameworks */ = {isa = PBXBuildFile; fileRef = E84F474793FF799CF69EF18A /* libQuantumCore.a */; };
		AC5647DD85ADAD6599084C18 /* libionanalytics.a in Frameworks */ = {isa = PBXBuildFile; fileRef = D82E4F51A07F6AE0249E47CF /* libionanalytics.a */; };
		B1B446A8958D83B9813BE7AE /* mscorlib.dll.s in Sources */ = {isa = PBXBuildFile; fileRef = C9B2400B8B165A004A598F1F /* mscorlib.dll.s */; };
		C0BE48DA89940B8060FB3BEF /* libNimbusAttributedLabel.a in Frameworks */ = {isa = PBXBuildFile; fileRef = 6D674C68A7F18A6F0051DC38 /* libNimbusAttributedLabel.a */; };
		C472428BA29201D0E17D9466 /* libdevice_internal.a in Frameworks */ = {isa = PBXBuildFile; fileRef = 064848B883BB3639B0A69CF9 /* libdevice_internal.a */; };
		D49C41038782A66E648A25FA /* System.Core.dll.s in Sources */ = {isa = PBXBuildFile; fileRef = 78044C4B9631A98B8BCB426E /* System.Core.dll.s */; };
		D5CF4D5F879EAF9DF1151F2F /* MPVideoPlayer.mm in Sources */ = {isa = PBXBuildFile; fileRef = F70441C786A698DCE9A72DF5 /* MPVideoPlayer.mm */; };
		D62441E7BBBA5210DE5E3F3D /* liblogging.a in Frameworks */ = {isa = PBXBuildFile; fileRef = 402E4DD4BAFC976EE9848A95 /* liblogging.a */; };
		D82DCFC30E8000A5005D6AD8 /* main.mm in Sources */ = {isa = PBXBuildFile; fileRef = D82DCFBB0E8000A5005D6AD8 /* main.mm */; };
		D8A1C7280E80637F000160D3 /* RegisterMonoModules.cpp in Sources */ = {isa = PBXBuildFile; fileRef = D8A1C7240E80637F000160D3 /* RegisterMonoModules.cpp */; };
		D93D47E0A44C37F43E704FB9 /* Mono.Security.dll.s in Sources */ = {isa = PBXBuildFile; fileRef = D3FD44C3A6EB4F1973ED5B5F /* Mono.Security.dll.s */; };
		DD93429E8376B778F0315AEF /* libdevice.a in Frameworks */ = {isa = PBXBuildFile; fileRef = 45994E7F9FB8FAC285D0F0DC /* libdevice.a */; };
		E3DD414C9814DC7CAB4B66FD /* libionstblib.a in Frameworks */ = {isa = PBXBuildFile; fileRef = 60C04BF28B29C759CE105B5B /* libionstblib.a */; };
		E713457D9AD1FF6DBBF4C6C9 /* Assembly-CSharp.dll.s in Sources */ = {isa = PBXBuildFile; fileRef = 77AC4DAAB41F37CE3628DB29 /* Assembly-CSharp.dll.s */; };
		E7404E529C71EED2E0EA1D39 /* libiongfxutils.a in Frameworks */ = {isa = PBXBuildFile; fileRef = 8BDE44AA861B36EA9CA1AE06 /* libiongfxutils.a */; };
		ED844B94AD013576EC397AAF /* libbase.a in Frameworks */ = {isa = PBXBuildFile; fileRef = 562046FC89A8D03E20955FFE /* libbase.a */; };
		EF1642A29BC3CAFB6EBCB132 /* libionbase.a in Frameworks */ = {isa = PBXBuildFile; fileRef = 5BDB4DF2B72408BDCC4957EA /* libionbase.a */; };
		F5EE4B48ADCFF06A00B72302 /* libtype.a in Frameworks */ = {isa = PBXBuildFile; fileRef = FB6547A584107466BD8472B1 /* libtype.a */; };
		FC85CCBB16C3ED8000BAF7C7 /* CrashReporter.mm in Sources */ = {isa = PBXBuildFile; fileRef = FC85CCB916C3ED8000BAF7C7 /* CrashReporter.mm */; };
		FFCF4426AFDED82877059BC6 /* LaunchScreenImage-Portrait.png in Resources */ = {isa = PBXBuildFile; fileRef = D1D447BF915F930B33894175 /* LaunchScreenImage-Portrait.png */; };
/* End PBXBuildFile section */

/* Begin PBXContainerItemProxy section */
		5623C58117FDCB0900090B9E /* PBXContainerItemProxy */ = {
			isa = PBXContainerItemProxy;
			containerPortal = 29B97313FDCFA39411CA2CEA /* Project object */;
			proxyType = 1;
			remoteGlobalIDString = 1D6058900D05DD3D006BFB54;
			remoteInfo = "Unity-iPhone";
		};
/* End PBXContainerItemProxy section */

/* Begin PBXCopyFilesBuildPhase section */
		83D0C1FD0E6C8D7700EBCE5D /* CopyFiles */ = {
			isa = PBXCopyFilesBuildPhase;
			buildActionMask = 2147483647;
			dstPath = "";
			dstSubfolderSpec = 0;
			files = (
			);
			runOnlyForDeploymentPostprocessing = 0;
		};
/* End PBXCopyFilesBuildPhase section */

/* Begin PBXFileReference section */
		054540699B6AFABCF0C865E1 /* resources.bundle */ = {isa = PBXFileReference; lastKnownFileType = "wrapper.plug-in"; name = resources.bundle; path = Frameworks/Plugins/iOS/resources.bundle; sourceTree = SOURCE_ROOT; };
		064848B883BB3639B0A69CF9 /* libdevice_internal.a */ = {isa = PBXFileReference; lastKnownFileType = archive.ar; name = libdevice_internal.a; path = Libraries/Plugins/iOS/libdevice_internal.a; sourceTree = SOURCE_ROOT; };
		0806422AA74DAA437A436224 /* libvrunity.a */ = {isa = PBXFileReference; lastKnownFileType = archive.ar; name = libvrunity.a; path = Libraries/Plugins/iOS/libvrunity.a; sourceTree = SOURCE_ROOT; };
		08B24F75137BFDFA00FBA309 /* iAd.framework */ = {isa = PBXFileReference; lastKnownFileType = wrapper.framework; name = iAd.framework; path = System/Library/Frameworks/iAd.framework; sourceTree = SDKROOT; };
		0C8446BD9EC3D02624DCA02A /* libsensors.a */ = {isa = PBXFileReference; lastKnownFileType = archive.ar; name = libsensors.a; path = Libraries/Plugins/iOS/libsensors.a; sourceTree = SOURCE_ROOT; };
		0CA9418E82556823282D6B89 /* libNimbusModels.a */ = {isa = PBXFileReference; lastKnownFileType = archive.ar; name = libNimbusModels.a; path = Libraries/Plugins/iOS/libNimbusModels.a; sourceTree = SOURCE_ROOT; };
		13984B85A76C8340826CFEB4 /* libionimage.a */ = {isa = PBXFileReference; lastKnownFileType = archive.ar; name = libionimage.a; path = Libraries/Plugins/iOS/libionimage.a; sourceTree = SOURCE_ROOT; };
		1859EA9A19214E7B0022C3D3 /* MetalHelper.mm */ = {isa = PBXFileReference; fileEncoding = 4; lastKnownFileType = sourcecode.cpp.objcpp; path = MetalHelper.mm; sourceTree = "<group>"; };
		1CDC4CC59C0B64E21AB36F5C /* libGoogleKitHUD.a */ = {isa = PBXFileReference; lastKnownFileType = archive.ar; name = libGoogleKitHUD.a; path = Libraries/Plugins/iOS/libGoogleKitHUD.a; sourceTree = SOURCE_ROOT; };
		1D30AB110D05D00D00671497 /* Foundation.framework */ = {isa = PBXFileReference; lastKnownFileType = wrapper.framework; name = Foundation.framework; path = System/Library/Frameworks/Foundation.framework; sourceTree = SDKROOT; };
		1D6058910D05DD3D006BFB54 /* Unity-Target-New.app */ = {isa = PBXFileReference; explicitFileType = wrapper.application; includeInIndex = 0; name = "Unity-Target-New.app"; path = philz.app; sourceTree = BUILT_PRODUCTS_DIR; };
		2C66400A826A2979D3225EB8 /* libiongfx.a */ = {isa = PBXFileReference; lastKnownFileType = archive.ar; name = libiongfx.a; path = Libraries/Plugins/iOS/libiongfx.a; sourceTree = SOURCE_ROOT; };
		31C84D148312C785739CE1A8 /* libdatatypes.a */ = {isa = PBXFileReference; lastKnownFileType = archive.ar; name = libdatatypes.a; path = Libraries/Plugins/iOS/libdatatypes.a; sourceTree = SOURCE_ROOT; };
		330F485891D0ACD1A98CFA72 /* CardboardView.mm */ = {isa = PBXFileReference; lastKnownFileType = sourcecode.cpp.objcpp; name = CardboardView.mm; path = Libraries/Plugins/iOS/CardboardView.mm; sourceTree = SOURCE_ROOT; };
		3AB432C21B1AA99400CB2A5D /* resources.bundle */ = {isa = PBXFileReference; lastKnownFileType = "wrapper.plug-in"; name = resources.bundle; path = ../Assets/Plugins/iOS/resources.bundle; sourceTree = "<group>"; };
		3AB432C41B1AA9BF00CB2A5D /* CoreText.framework */ = {isa = PBXFileReference; lastKnownFileType = wrapper.framework; name = CoreText.framework; path = System/Library/Frameworks/CoreText.framework; sourceTree = SDKROOT; };
		3B3C47A6B9106F43794FBF83 /* libiontext.a */ = {isa = PBXFileReference; lastKnownFileType = archive.ar; name = libiontext.a; path = Libraries/Plugins/iOS/libiontext.a; sourceTree = SOURCE_ROOT; };
		402E4DD4BAFC976EE9848A95 /* liblogging.a */ = {isa = PBXFileReference; lastKnownFileType = archive.ar; name = liblogging.a; path = Libraries/Plugins/iOS/liblogging.a; sourceTree = SOURCE_ROOT; };
		45994E7F9FB8FAC285D0F0DC /* libdevice.a */ = {isa = PBXFileReference; lastKnownFileType = archive.ar; name = libdevice.a; path = Libraries/Plugins/iOS/libdevice.a; sourceTree = SOURCE_ROOT; };
		46144CBC81047FE20361DA49 /* libgflags.a */ = {isa = PBXFileReference; lastKnownFileType = archive.ar; name = libgflags.a; path = Libraries/Plugins/iOS/libgflags.a; sourceTree = SOURCE_ROOT; };
		477248CAB1A7B4B6963F9B65 /* libiPhone-lib.a */ = {isa = PBXFileReference; lastKnownFileType = archive.ar; name = "libiPhone-lib.a"; path = "Libraries/libiPhone-lib.a"; sourceTree = SOURCE_ROOT; };
		4E1440869418C4BC21A2CEFF /* libremote_assets.a */ = {isa = PBXFileReference; lastKnownFileType = archive.ar; name = libremote_assets.a; path = Libraries/Plugins/iOS/libremote_assets.a; sourceTree = SOURCE_ROOT; };
		4F8341FEA1D2E2C63BE91474 /* libvr.a */ = {isa = PBXFileReference; lastKnownFileType = archive.ar; name = libvr.a; path = Libraries/Plugins/iOS/libvr.a; sourceTree = SOURCE_ROOT; };
		562046FC89A8D03E20955FFE /* libbase.a */ = {isa = PBXFileReference; lastKnownFileType = archive.ar; name = libbase.a; path = Libraries/Plugins/iOS/libbase.a; sourceTree = SOURCE_ROOT; };
		5623C57317FDCB0800090B9E /* Unity-iPhone Tests.octest */ = {isa = PBXFileReference; explicitFileType = wrapper.cfbundle; includeInIndex = 0; name = "Unity-iPhone Tests.octest"; path = philz.octest; sourceTree = BUILT_PRODUCTS_DIR; };
		5623C57A17FDCB0900090B9E /* Unity-iPhone Tests-Info.plist */ = {isa = PBXFileReference; lastKnownFileType = text.plist.xml; path = "Unity-iPhone Tests-Info.plist"; sourceTree = "<group>"; };
		5623C57C17FDCB0900090B9E /* en */ = {isa = PBXFileReference; lastKnownFileType = text.plist.strings; name = en; path = en.lproj/InfoPlist.strings; sourceTree = "<group>"; };
		5623C57E17FDCB0900090B9E /* Unity_iPhone_Tests.m */ = {isa = PBXFileReference; lastKnownFileType = sourcecode.c.objc; path = Unity_iPhone_Tests.m; sourceTree = "<group>"; };
		5623C58017FDCB0900090B9E /* Unity-iPhone Tests-Prefix.pch */ = {isa = PBXFileReference; lastKnownFileType = sourcecode.c.h; path = "Unity-iPhone Tests-Prefix.pch"; sourceTree = "<group>"; };
		5682F4B10F3B34FF007A219C /* MediaPlayer.framework */ = {isa = PBXFileReference; lastKnownFileType = wrapper.framework; name = MediaPlayer.framework; path = System/Library/Frameworks/MediaPlayer.framework; sourceTree = SDKROOT; };
		5692F3DC0FA9D8E500EBA2F1 /* CoreLocation.framework */ = {isa = PBXFileReference; lastKnownFileType = wrapper.framework; name = CoreLocation.framework; path = System/Library/Frameworks/CoreLocation.framework; sourceTree = SDKROOT; };
		56B7959A1442E0F20026B3DD /* CoreGraphics.framework */ = {isa = PBXFileReference; lastKnownFileType = wrapper.framework; name = CoreGraphics.framework; path = System/Library/Frameworks/CoreGraphics.framework; sourceTree = SDKROOT; };
		56B795C11442E1100026B3DD /* CoreMotion.framework */ = {isa = PBXFileReference; lastKnownFileType = wrapper.framework; name = CoreMotion.framework; path = System/Library/Frameworks/CoreMotion.framework; sourceTree = SDKROOT; };
		56BCBA380FCF049A0030C3B2 /* SystemConfiguration.framework */ = {isa = PBXFileReference; lastKnownFileType = wrapper.framework; name = SystemConfiguration.framework; path = System/Library/Frameworks/SystemConfiguration.framework; sourceTree = SDKROOT; };
		56C56C9717D6015100616839 /* Images.xcassets */ = {isa = PBXFileReference; lastKnownFileType = folder.assetcatalog; name = Images.xcassets; path = "Unity-iPhone/Images.xcassets"; sourceTree = "<group>"; };
		56DBF99C15E3CDC9007A4A8D /* iPhone_Sensors.mm */ = {isa = PBXFileReference; fileEncoding = 4; lastKnownFileType = sourcecode.cpp.objcpp; path = iPhone_Sensors.mm; sourceTree = "<group>"; };
		56DBF99E15E3CE85007A4A8D /* iPhone_Sensors.h */ = {isa = PBXFileReference; fileEncoding = 4; lastKnownFileType = sourcecode.c.h; path = iPhone_Sensors.h; sourceTree = "<group>"; };
		56FD43950ED4745200FE3770 /* CFNetwork.framework */ = {isa = PBXFileReference; lastKnownFileType = wrapper.framework; name = CFNetwork.framework; path = System/Library/Frameworks/CFNetwork.framework; sourceTree = SDKROOT; };
		5B3641108234C0824B9AF2E1 /* libionfreetype2.a */ = {isa = PBXFileReference; lastKnownFileType = archive.ar; name = libionfreetype2.a; path = Libraries/Plugins/iOS/libionfreetype2.a; sourceTree = SOURCE_ROOT; };
		5BDB4DF2B72408BDCC4957EA /* libionbase.a */ = {isa = PBXFileReference; lastKnownFileType = archive.ar; name = libionbase.a; path = Libraries/Plugins/iOS/libionbase.a; sourceTree = SOURCE_ROOT; };
		5C90430CB241D3D8612C4D9C /* libport.a */ = {isa = PBXFileReference; lastKnownFileType = archive.ar; name = libport.a; path = Libraries/Plugins/iOS/libport.a; sourceTree = SOURCE_ROOT; };
		60C04BF28B29C759CE105B5B /* libionstblib.a */ = {isa = PBXFileReference; lastKnownFileType = archive.ar; name = libionstblib.a; path = Libraries/Plugins/iOS/libionstblib.a; sourceTree = SOURCE_ROOT; };
		624047EC84F8C8FD5B74EDE7 /* LaunchScreen.xib */ = {isa = PBXFileReference; lastKnownFileType = file.xib; path = LaunchScreen.xib; sourceTree = SOURCE_ROOT; };
		6281497194B661781C19B861 /* libionmongoose.a */ = {isa = PBXFileReference; lastKnownFileType = archive.ar; name = libionmongoose.a; path = Libraries/Plugins/iOS/libionmongoose.a; sourceTree = SOURCE_ROOT; };
		692A4164B2142B1951E83D32 /* UnityEngine.dll.s */ = {isa = PBXFileReference; lastKnownFileType = sourcecode.asm; name = UnityEngine.dll.s; path = Libraries/UnityEngine.dll.s; sourceTree = SOURCE_ROOT; };
		69A24A46893953F1872AFBB8 /* libplatform.a */ = {isa = PBXFileReference; lastKnownFileType = archive.ar; name = libplatform.a; path = Libraries/Plugins/iOS/libplatform.a; sourceTree = SOURCE_ROOT; };
		6C3347B89D8A5F3989EC5838 /* libevent_internal.a */ = {isa = PBXFileReference; lastKnownFileType = archive.ar; name = libevent_internal.a; path = Libraries/Plugins/iOS/libevent_internal.a; sourceTree = SOURCE_ROOT; };
		6D674C68A7F18A6F0051DC38 /* libNimbusAttributedLabel.a */ = {isa = PBXFileReference; lastKnownFileType = archive.ar; name = libNimbusAttributedLabel.a; path = Libraries/Plugins/iOS/libNimbusAttributedLabel.a; sourceTree = SOURCE_ROOT; };
		6DA34548A056A06A811A5F3F /* libionportgfx.a */ = {isa = PBXFileReference; lastKnownFileType = archive.ar; name = libionportgfx.a; path = Libraries/Plugins/iOS/libionportgfx.a; sourceTree = SOURCE_ROOT; };
		6FFD4590A7B4966A0AE8C2EA /* libprotos_lib.a */ = {isa = PBXFileReference; lastKnownFileType = archive.ar; name = libprotos_lib.a; path = Libraries/Plugins/iOS/libprotos_lib.a; sourceTree = SOURCE_ROOT; };
		76E8421E97BDB8B7E1529BF3 /* CardboardView.h */ = {isa = PBXFileReference; lastKnownFileType = sourcecode.c.h; name = CardboardView.h; path = Libraries/Plugins/iOS/CardboardView.h; sourceTree = SOURCE_ROOT; };
		77AC4DAAB41F37CE3628DB29 /* Assembly-CSharp.dll.s */ = {isa = PBXFileReference; lastKnownFileType = sourcecode.asm; name = "Assembly-CSharp.dll.s"; path = "Libraries/Assembly-CSharp.dll.s"; sourceTree = SOURCE_ROOT; };
		78044C4B9631A98B8BCB426E /* System.Core.dll.s */ = {isa = PBXFileReference; lastKnownFileType = sourcecode.asm; name = System.Core.dll.s; path = Libraries/System.Core.dll.s; sourceTree = SOURCE_ROOT; };
		79C4475A8F2830448CE0A4EF /* UnityProInterface.mm */ = {isa = PBXFileReference; lastKnownFileType = sourcecode.cpp.objcpp; name = UnityProInterface.mm; path = Classes/Unity/UnityProInterface.mm; sourceTree = SOURCE_ROOT; };
		7AE84E1BAA15D77FEA7E49B8 /* libionprofile.a */ = {isa = PBXFileReference; lastKnownFileType = archive.ar; name = libionprofile.a; path = Libraries/Plugins/iOS/libionprofile.a; sourceTree = SOURCE_ROOT; };
		7B5747B993553BCA7B24548E /* CardboardAppController.mm */ = {isa = PBXFileReference; lastKnownFileType = sourcecode.cpp.objcpp; name = CardboardAppController.mm; path = Libraries/Plugins/iOS/CardboardAppController.mm; sourceTree = SOURCE_ROOT; };
		7F36C10E13C5C673007FBDD9 /* CoreMedia.framework */ = {isa = PBXFileReference; lastKnownFileType = wrapper.framework; name = CoreMedia.framework; path = System/Library/Frameworks/CoreMedia.framework; sourceTree = SDKROOT; };
		7F36C10F13C5C673007FBDD9 /* CoreVideo.framework */ = {isa = PBXFileReference; lastKnownFileType = wrapper.framework; name = CoreVideo.framework; path = System/Library/Frameworks/CoreVideo.framework; sourceTree = SDKROOT; };
		7F36C11013C5C673007FBDD9 /* AVFoundation.framework */ = {isa = PBXFileReference; lastKnownFileType = wrapper.framework; name = AVFoundation.framework; path = System/Library/Frameworks/AVFoundation.framework; sourceTree = SDKROOT; };
		830B5C100E5ED4C100C7819F /* UIKit.framework */ = {isa = PBXFileReference; lastKnownFileType = wrapper.framework; name = UIKit.framework; path = System/Library/Frameworks/UIKit.framework; sourceTree = SDKROOT; };
		8358D1B70ED1CC3700E3A684 /* AudioToolbox.framework */ = {isa = PBXFileReference; lastKnownFileType = wrapper.framework; name = AudioToolbox.framework; path = System/Library/Frameworks/AudioToolbox.framework; sourceTree = SDKROOT; };
		83B256E10E62FEA000468741 /* OpenGLES.framework */ = {isa = PBXFileReference; lastKnownFileType = wrapper.framework; name = OpenGLES.framework; path = System/Library/Frameworks/OpenGLES.framework; sourceTree = SDKROOT; };
		83B2570A0E62FF8A00468741 /* QuartzCore.framework */ = {isa = PBXFileReference; lastKnownFileType = wrapper.framework; name = QuartzCore.framework; path = System/Library/Frameworks/QuartzCore.framework; sourceTree = SDKROOT; };
		83B2574B0E63022200468741 /* OpenAL.framework */ = {isa = PBXFileReference; lastKnownFileType = wrapper.framework; name = OpenAL.framework; path = System/Library/Frameworks/OpenAL.framework; sourceTree = SDKROOT; };
		83B2574E0E63025400468741 /* libiconv.2.dylib */ = {isa = PBXFileReference; lastKnownFileType = "compiled.mach-o.dylib"; name = libiconv.2.dylib; path = usr/lib/libiconv.2.dylib; sourceTree = SDKROOT; };
		8A07E1041715A5AB000EDC6F /* iAD.h */ = {isa = PBXFileReference; fileEncoding = 4; lastKnownFileType = sourcecode.c.h; path = iAD.h; sourceTree = "<group>"; };
		8A07E1051715A5AB000EDC6F /* iAD.mm */ = {isa = PBXFileReference; fileEncoding = 4; lastKnownFileType = sourcecode.cpp.objcpp; path = iAD.mm; sourceTree = "<group>"; };
		8A0FED471649699200E9727D /* EAGLContextHelper.h */ = {isa = PBXFileReference; fileEncoding = 4; lastKnownFileType = sourcecode.c.h; path = EAGLContextHelper.h; sourceTree = "<group>"; };
		8A0FED481649699200E9727D /* EAGLContextHelper.mm */ = {isa = PBXFileReference; fileEncoding = 4; lastKnownFileType = sourcecode.cpp.objcpp; path = EAGLContextHelper.mm; sourceTree = "<group>"; };
		8A142DC41636943E00DD87CA /* Keyboard.h */ = {isa = PBXFileReference; fileEncoding = 4; lastKnownFileType = sourcecode.c.h; path = Keyboard.h; sourceTree = "<group>"; };
		8A142DC51636943E00DD87CA /* Keyboard.mm */ = {isa = PBXFileReference; fileEncoding = 4; lastKnownFileType = sourcecode.cpp.objcpp; path = Keyboard.mm; sourceTree = "<group>"; };
		8A1B656D185FB650009F37BD /* AdSupport.framework */ = {isa = PBXFileReference; lastKnownFileType = wrapper.framework; name = AdSupport.framework; path = System/Library/Frameworks/AdSupport.framework; sourceTree = SDKROOT; };
		8A1FFFAB16512A9000DD0934 /* GlesHelper.h */ = {isa = PBXFileReference; fileEncoding = 4; lastKnownFileType = sourcecode.c.h; path = GlesHelper.h; sourceTree = "<group>"; };
		8A1FFFAC16512A9000DD0934 /* GlesHelper.mm */ = {isa = PBXFileReference; fileEncoding = 4; lastKnownFileType = sourcecode.cpp.objcpp; path = GlesHelper.mm; sourceTree = "<group>"; };
		8A21AED21622F59300AF8007 /* UnityViewControllerBase.h */ = {isa = PBXFileReference; fileEncoding = 4; lastKnownFileType = sourcecode.c.h; path = UnityViewControllerBase.h; sourceTree = "<group>"; };
		8A21AED31622F59300AF8007 /* UnityViewControllerBase.mm */ = {isa = PBXFileReference; fileEncoding = 4; lastKnownFileType = sourcecode.cpp.objcpp; path = UnityViewControllerBase.mm; sourceTree = "<group>"; };
		8A25E6D118D767E20006A227 /* Filesystem.mm */ = {isa = PBXFileReference; fileEncoding = 4; lastKnownFileType = sourcecode.cpp.objcpp; path = Filesystem.mm; sourceTree = "<group>"; };
		8A292A9717992CE100409BA4 /* LifeCycleListener.h */ = {isa = PBXFileReference; lastKnownFileType = sourcecode.c.h; path = LifeCycleListener.h; sourceTree = "<group>"; };
		8A292A9817992CE100409BA4 /* LifeCycleListener.mm */ = {isa = PBXFileReference; lastKnownFileType = sourcecode.cpp.objcpp; path = LifeCycleListener.mm; sourceTree = "<group>"; };
		8A2AA93316E0978D001FB470 /* CMVideoSampling.h */ = {isa = PBXFileReference; fileEncoding = 4; lastKnownFileType = sourcecode.c.h; path = CMVideoSampling.h; sourceTree = "<group>"; };
		8A2AA93416E0978D001FB470 /* CMVideoSampling.mm */ = {isa = PBXFileReference; fileEncoding = 4; lastKnownFileType = sourcecode.cpp.objcpp; path = CMVideoSampling.mm; sourceTree = "<group>"; };
		8A367F5916A6D36F0012ED11 /* CVTextureCache.h */ = {isa = PBXFileReference; fileEncoding = 4; lastKnownFileType = sourcecode.c.h; path = CVTextureCache.h; sourceTree = "<group>"; };
		8A367F5A16A6D36F0012ED11 /* CVTextureCache.mm */ = {isa = PBXFileReference; fileEncoding = 4; lastKnownFileType = sourcecode.cpp.objcpp; path = CVTextureCache.mm; sourceTree = "<group>"; };
		8A3EDDC61615B7C1001839E9 /* SplashScreen.h */ = {isa = PBXFileReference; fileEncoding = 4; lastKnownFileType = sourcecode.c.h; path = SplashScreen.h; sourceTree = "<group>"; };
		8A3EDDC71615B7C1001839E9 /* SplashScreen.mm */ = {isa = PBXFileReference; fileEncoding = 4; lastKnownFileType = sourcecode.cpp.objcpp; path = SplashScreen.mm; sourceTree = "<group>"; };
		8A4815BF17A287D2003FBFD5 /* UnityAppController+ViewHandling.h */ = {isa = PBXFileReference; lastKnownFileType = sourcecode.c.h; path = "UnityAppController+ViewHandling.h"; sourceTree = "<group>"; };
		8A4815C017A287D2003FBFD5 /* UnityAppController+ViewHandling.mm */ = {isa = PBXFileReference; lastKnownFileType = sourcecode.cpp.objcpp; path = "UnityAppController+ViewHandling.mm"; sourceTree = "<group>"; };
		8A5C1490174E662D0006EB36 /* RenderPluginDelegate.h */ = {isa = PBXFileReference; fileEncoding = 4; lastKnownFileType = sourcecode.c.h; path = RenderPluginDelegate.h; sourceTree = "<group>"; };
		8A5C1491174E662D0006EB36 /* RenderPluginDelegate.mm */ = {isa = PBXFileReference; fileEncoding = 4; lastKnownFileType = sourcecode.cpp.objcpp; path = RenderPluginDelegate.mm; sourceTree = "<group>"; };
		8A5E0B8F16849D1800CBB6FE /* DisplayManager.h */ = {isa = PBXFileReference; fileEncoding = 4; lastKnownFileType = sourcecode.c.h; path = DisplayManager.h; sourceTree = "<group>"; };
		8A5E0B9016849D1800CBB6FE /* DisplayManager.mm */ = {isa = PBXFileReference; fileEncoding = 4; lastKnownFileType = sourcecode.cpp.objcpp; path = DisplayManager.mm; sourceTree = "<group>"; };
		8A6137121A10B57700059EDF /* ObjCRuntime.h */ = {isa = PBXFileReference; fileEncoding = 4; lastKnownFileType = sourcecode.c.h; path = ObjCRuntime.h; sourceTree = "<group>"; };
		8A6137131A10BCA200059EDF /* ObjCRuntime.mm */ = {isa = PBXFileReference; fileEncoding = 4; lastKnownFileType = sourcecode.cpp.objcpp; path = ObjCRuntime.mm; sourceTree = "<group>"; };
		8A6720A319EEB905006C92E0 /* InternalProfiler.cpp */ = {isa = PBXFileReference; fileEncoding = 4; lastKnownFileType = sourcecode.cpp.cpp; path = InternalProfiler.cpp; sourceTree = "<group>"; };
		8A6720A419EEB905006C92E0 /* InternalProfiler.h */ = {isa = PBXFileReference; fileEncoding = 4; lastKnownFileType = sourcecode.c.h; path = InternalProfiler.h; sourceTree = "<group>"; };
		8A6720A619EFAF25006C92E0 /* Prefix.pch */ = {isa = PBXFileReference; fileEncoding = 4; lastKnownFileType = sourcecode.c.h; path = Prefix.pch; sourceTree = "<group>"; };
		8A7057D0171EA29600A1332D /* iAD_Scripting.mm */ = {isa = PBXFileReference; fileEncoding = 4; lastKnownFileType = sourcecode.cpp.objcpp; path = iAD_Scripting.mm; sourceTree = "<group>"; };
		8A851BA516FB2F6D00E911DB /* UnityView.h */ = {isa = PBXFileReference; fileEncoding = 4; lastKnownFileType = sourcecode.c.h; path = UnityView.h; sourceTree = "<group>"; };
		8A851BA616FB2F6D00E911DB /* UnityView.mm */ = {isa = PBXFileReference; fileEncoding = 4; lastKnownFileType = sourcecode.cpp.objcpp; path = UnityView.mm; sourceTree = "<group>"; };
		8A851BA816FB3AD000E911DB /* UnityAppController.h */ = {isa = PBXFileReference; fileEncoding = 4; lastKnownFileType = sourcecode.c.h; path = UnityAppController.h; sourceTree = "<group>"; };
		8A851BA916FB3AD000E911DB /* UnityAppController.mm */ = {isa = PBXFileReference; fileEncoding = 4; lastKnownFileType = sourcecode.cpp.objcpp; path = UnityAppController.mm; sourceTree = "<group>"; };
		8A851BAB16FC875E00E911DB /* UnityInterface.h */ = {isa = PBXFileReference; fileEncoding = 4; lastKnownFileType = sourcecode.c.h; path = UnityInterface.h; sourceTree = "<group>"; };
		8A8D90D81A274A7800456C4E /* UnityAppController+UnityInterface.h */ = {isa = PBXFileReference; fileEncoding = 4; lastKnownFileType = sourcecode.c.h; path = "UnityAppController+UnityInterface.h"; sourceTree = "<group>"; };
		8A8D90D91A274A7800456C4E /* UnityAppController+UnityInterface.mm */ = {isa = PBXFileReference; fileEncoding = 4; lastKnownFileType = sourcecode.cpp.objcpp; path = "UnityAppController+UnityInterface.mm"; sourceTree = "<group>"; };
		8A90541019EE8843003D1039 /* UnityForwardDecls.h */ = {isa = PBXFileReference; fileEncoding = 4; lastKnownFileType = sourcecode.c.h; path = UnityForwardDecls.h; sourceTree = "<group>"; };
		8A9FCB111617295F00C05364 /* ActivityIndicator.h */ = {isa = PBXFileReference; fileEncoding = 4; lastKnownFileType = sourcecode.c.h; path = ActivityIndicator.h; sourceTree = "<group>"; };
		8A9FCB121617295F00C05364 /* ActivityIndicator.mm */ = {isa = PBXFileReference; fileEncoding = 4; lastKnownFileType = sourcecode.cpp.objcpp; path = ActivityIndicator.mm; sourceTree = "<group>"; };
		8AA108C01948732900D0538B /* UnityRendering.h */ = {isa = PBXFileReference; fileEncoding = 4; lastKnownFileType = sourcecode.c.h; path = UnityRendering.h; sourceTree = "<group>"; };
		8AA568AC1827DD79004969C7 /* WWWConnection.h */ = {isa = PBXFileReference; fileEncoding = 4; lastKnownFileType = sourcecode.c.h; path = WWWConnection.h; sourceTree = "<group>"; };
		8AA568AD1827DD79004969C7 /* WWWConnection.mm */ = {isa = PBXFileReference; fileEncoding = 4; lastKnownFileType = sourcecode.cpp.objcpp; path = WWWConnection.mm; sourceTree = "<group>"; };
		8AA5D80017ABE9AF007B9910 /* UnityAppController+Rendering.h */ = {isa = PBXFileReference; fileEncoding = 4; lastKnownFileType = sourcecode.c.h; path = "UnityAppController+Rendering.h"; sourceTree = "<group>"; };
		8AA5D80117ABE9AF007B9910 /* UnityAppController+Rendering.mm */ = {isa = PBXFileReference; fileEncoding = 4; lastKnownFileType = sourcecode.cpp.objcpp; path = "UnityAppController+Rendering.mm"; sourceTree = "<group>"; };
		8AA6ADDB17818CFD00A1C5F1 /* UnityTrampolineConfigure.h */ = {isa = PBXFileReference; lastKnownFileType = sourcecode.c.h; path = UnityTrampolineConfigure.h; sourceTree = "<group>"; };
		8AB3CB3C16D390BA00697AD5 /* VideoPlayer.h */ = {isa = PBXFileReference; fileEncoding = 4; lastKnownFileType = sourcecode.c.h; path = VideoPlayer.h; sourceTree = "<group>"; };
		8AB3CB3D16D390BB00697AD5 /* VideoPlayer.mm */ = {isa = PBXFileReference; fileEncoding = 4; lastKnownFileType = sourcecode.cpp.objcpp; path = VideoPlayer.mm; sourceTree = "<group>"; };
		8ABDBCE019CAFCF700A842FF /* AVCapture.h */ = {isa = PBXFileReference; fileEncoding = 4; lastKnownFileType = sourcecode.c.h; path = AVCapture.h; sourceTree = "<group>"; };
		8AC71EC219E7FBA90027502F /* OrientationSupport.h */ = {isa = PBXFileReference; fileEncoding = 4; lastKnownFileType = sourcecode.c.h; path = OrientationSupport.h; sourceTree = "<group>"; };
		8AC71EC319E7FBA90027502F /* OrientationSupport.mm */ = {isa = PBXFileReference; fileEncoding = 4; lastKnownFileType = sourcecode.cpp.objcpp; path = OrientationSupport.mm; sourceTree = "<group>"; };
		8AC74A9419B47FEF00019D38 /* AVCapture.mm */ = {isa = PBXFileReference; fileEncoding = 4; lastKnownFileType = sourcecode.cpp.objcpp; path = AVCapture.mm; sourceTree = "<group>"; };
		8ACB801B177081D4005D0019 /* DeviceSettings.mm */ = {isa = PBXFileReference; fileEncoding = 4; lastKnownFileType = sourcecode.cpp.objcpp; path = DeviceSettings.mm; sourceTree = "<group>"; };
		8ACB801D177081F7005D0019 /* Preprocessor.h */ = {isa = PBXFileReference; fileEncoding = 4; lastKnownFileType = sourcecode.c.h; path = Preprocessor.h; sourceTree = "<group>"; };
		8ADCE38919C87177006F04F6 /* CameraCapture.h */ = {isa = PBXFileReference; fileEncoding = 4; lastKnownFileType = sourcecode.c.h; path = CameraCapture.h; sourceTree = "<group>"; };
		8ADCE38A19C87177006F04F6 /* CameraCapture.mm */ = {isa = PBXFileReference; fileEncoding = 4; lastKnownFileType = sourcecode.cpp.objcpp; path = CameraCapture.mm; sourceTree = "<group>"; };
		8AECDC781950835600CB29E8 /* UnityMetalSupport.h */ = {isa = PBXFileReference; fileEncoding = 4; lastKnownFileType = sourcecode.c.h; path = UnityMetalSupport.h; sourceTree = "<group>"; };
		8AF7755E17997D1300341121 /* AppDelegateListener.h */ = {isa = PBXFileReference; lastKnownFileType = sourcecode.c.h; path = AppDelegateListener.h; sourceTree = "<group>"; };
		8AF7755F17997D1300341121 /* AppDelegateListener.mm */ = {isa = PBXFileReference; lastKnownFileType = sourcecode.cpp.objcpp; path = AppDelegateListener.mm; sourceTree = "<group>"; };
		8BDE44AA861B36EA9CA1AE06 /* libiongfxutils.a */ = {isa = PBXFileReference; lastKnownFileType = archive.ar; name = libiongfxutils.a; path = Libraries/Plugins/iOS/libiongfxutils.a; sourceTree = SOURCE_ROOT; };
		8D1107310486CEB800E47090 /* Info.plist */ = {isa = PBXFileReference; fileEncoding = 4; lastKnownFileType = text.plist.xml; path = Info.plist; sourceTree = "<group>"; };
		90E64768BD5BC96EB9F4595A /* libionlodepnglib.a */ = {isa = PBXFileReference; lastKnownFileType = archive.ar; name = libionlodepnglib.a; path = Libraries/Plugins/iOS/libionlodepnglib.a; sourceTree = SOURCE_ROOT; };
		92114FBFBE5345237F5D1B19 /* libcomposite.a */ = {isa = PBXFileReference; lastKnownFileType = archive.ar; name = libcomposite.a; path = Libraries/Plugins/iOS/libcomposite.a; sourceTree = SOURCE_ROOT; };
		96344F0782A715B4C552256C /* libionzlib.a */ = {isa = PBXFileReference; lastKnownFileType = archive.ar; name = libionzlib.a; path = Libraries/Plugins/iOS/libionzlib.a; sourceTree = SOURCE_ROOT; };
		96A544FAA1B6DCD0166C0C1C /* libNimbusCore.a */ = {isa = PBXFileReference; lastKnownFileType = archive.ar; name = libNimbusCore.a; path = Libraries/Plugins/iOS/libNimbusCore.a; sourceTree = SOURCE_ROOT; };
		9E3E46539D74DB17E132DA5A /* liblogging_protos.a */ = {isa = PBXFileReference; lastKnownFileType = archive.ar; name = liblogging_protos.a; path = Libraries/Plugins/iOS/liblogging_protos.a; sourceTree = SOURCE_ROOT; };
		9EF94F3C970E766E98511A45 /* LaunchScreenImage-Landscape.png */ = {isa = PBXFileReference; lastKnownFileType = image.png; path = "LaunchScreenImage-Landscape.png"; sourceTree = SOURCE_ROOT; };
		A2D047F092C79FC93DF5688C /* libevent.a */ = {isa = PBXFileReference; lastKnownFileType = archive.ar; name = libevent.a; path = Libraries/Plugins/iOS/libevent.a; sourceTree = SOURCE_ROOT; };
		A59F4DFEACF31292C92BF17D /* librecorder.a */ = {isa = PBXFileReference; lastKnownFileType = archive.ar; name = librecorder.a; path = Libraries/Plugins/iOS/librecorder.a; sourceTree = SOURCE_ROOT; };
		AA024F4685157B6D158C53BF /* UnityProInterface.h */ = {isa = PBXFileReference; lastKnownFileType = sourcecode.c.h; name = UnityProInterface.h; path = Classes/Unity/UnityProInterface.h; sourceTree = SOURCE_ROOT; };
		AAC3E38B1A68945900F6174A /* RegisterFeatures.cpp */ = {isa = PBXFileReference; fileEncoding = 4; lastKnownFileType = sourcecode.cpp.cpp; path = RegisterFeatures.cpp; sourceTree = "<group>"; };
		AAC3E38C1A68945900F6174A /* RegisterFeatures.h */ = {isa = PBXFileReference; fileEncoding = 4; lastKnownFileType = sourcecode.c.h; path = RegisterFeatures.h; sourceTree = "<group>"; };
		AAFE69D019F187C200638316 /* UnityViewControllerListener.h */ = {isa = PBXFileReference; fileEncoding = 4; lastKnownFileType = sourcecode.c.h; path = UnityViewControllerListener.h; sourceTree = "<group>"; };
		AAFE69D119F187C200638316 /* UnityViewControllerListener.mm */ = {isa = PBXFileReference; fileEncoding = 4; lastKnownFileType = sourcecode.cpp.objcpp; path = UnityViewControllerListener.mm; sourceTree = "<group>"; };
		B10244C7A4DF6E914B42CF94 /* libprotobuf.a */ = {isa = PBXFileReference; lastKnownFileType = archive.ar; name = libprotobuf.a; path = Libraries/Plugins/iOS/libprotobuf.a; sourceTree = SOURCE_ROOT; };
		B5674BB79034380B6D7F9420 /* libionmath.a */ = {isa = PBXFileReference; lastKnownFileType = archive.ar; name = libionmath.a; path = Libraries/Plugins/iOS/libionmath.a; sourceTree = SOURCE_ROOT; };
		B6E746B5BC894DB3CACAAE10 /* libionremote.a */ = {isa = PBXFileReference; lastKnownFileType = archive.ar; name = libionremote.a; path = Libraries/Plugins/iOS/libionremote.a; sourceTree = SOURCE_ROOT; };
		B8694834B8DDCECEDC87A490 /* libionimagecompression.a */ = {isa = PBXFileReference; lastKnownFileType = archive.ar; name = libionimagecompression.a; path = Libraries/Plugins/iOS/libionimagecompression.a; sourceTree = SOURCE_ROOT; };
		BEB84216A73E260BA98AA2EB /* CardboardAppController.h */ = {isa = PBXFileReference; lastKnownFileType = sourcecode.c.h; name = CardboardAppController.h; path = Libraries/Plugins/iOS/CardboardAppController.h; sourceTree = SOURCE_ROOT; };
		C4824DFEBCA2EA8D0554901C /* libsoftware.a */ = {isa = PBXFileReference; lastKnownFileType = archive.ar; name = libsoftware.a; path = Libraries/Plugins/iOS/libsoftware.a; sourceTree = SOURCE_ROOT; };
		C9B2400B8B165A004A598F1F /* mscorlib.dll.s */ = {isa = PBXFileReference; lastKnownFileType = sourcecode.asm; name = mscorlib.dll.s; path = Libraries/mscorlib.dll.s; sourceTree = SOURCE_ROOT; };
		CEBF4FBAA82A6DCED427647E /* System.dll.s */ = {isa = PBXFileReference; lastKnownFileType = sourcecode.asm; name = System.dll.s; path = Libraries/System.dll.s; sourceTree = SOURCE_ROOT; };
		D1D447BF915F930B33894175 /* LaunchScreenImage-Portrait.png */ = {isa = PBXFileReference; lastKnownFileType = image.png; path = "LaunchScreenImage-Portrait.png"; sourceTree = SOURCE_ROOT; };
		D3FD44C3A6EB4F1973ED5B5F /* Mono.Security.dll.s */ = {isa = PBXFileReference; lastKnownFileType = sourcecode.asm; name = Mono.Security.dll.s; path = Libraries/Mono.Security.dll.s; sourceTree = SOURCE_ROOT; };
		D4BD488F88963C470155E823 /* libGoogleKitCore.a */ = {isa = PBXFileReference; lastKnownFileType = archive.ar; name = libGoogleKitCore.a; path = Libraries/Plugins/iOS/libGoogleKitCore.a; sourceTree = SOURCE_ROOT; };
		D5A34A2C849A7A87FEFDC936 /* libionport.a */ = {isa = PBXFileReference; lastKnownFileType = archive.ar; name = libionport.a; path = Libraries/Plugins/iOS/libionport.a; sourceTree = SOURCE_ROOT; };
		D6CB4067B744CA0FCBACB3A3 /* UnityEngine.UI.dll.s */ = {isa = PBXFileReference; lastKnownFileType = sourcecode.asm; name = UnityEngine.UI.dll.s; path = Libraries/UnityEngine.UI.dll.s; sourceTree = SOURCE_ROOT; };
		D7E34607A3236962E3F1C1EC /* libcardboard.a */ = {isa = PBXFileReference; lastKnownFileType = archive.ar; name = libcardboard.a; path = Libraries/Plugins/iOS/libcardboard.a; sourceTree = SOURCE_ROOT; };
		D82DCFBB0E8000A5005D6AD8 /* main.mm */ = {isa = PBXFileReference; fileEncoding = 4; lastKnownFileType = sourcecode.cpp.objcpp; name = main.mm; path = Classes/main.mm; sourceTree = SOURCE_ROOT; };
		D82E4F51A07F6AE0249E47CF /* libionanalytics.a */ = {isa = PBXFileReference; lastKnownFileType = archive.ar; name = libionanalytics.a; path = Libraries/Plugins/iOS/libionanalytics.a; sourceTree = SOURCE_ROOT; };
		D8A1C7240E80637F000160D3 /* RegisterMonoModules.cpp */ = {isa = PBXFileReference; fileEncoding = 4; lastKnownFileType = sourcecode.cpp.cpp; name = RegisterMonoModules.cpp; path = Libraries/RegisterMonoModules.cpp; sourceTree = SOURCE_ROOT; };
		D8A1C7250E80637F000160D3 /* RegisterMonoModules.h */ = {isa = PBXFileReference; fileEncoding = 4; lastKnownFileType = sourcecode.c.h; name = RegisterMonoModules.h; path = Libraries/RegisterMonoModules.h; sourceTree = SOURCE_ROOT; };
		D90749D199BD8C7971D9D940 /* libionopenctm.a */ = {isa = PBXFileReference; lastKnownFileType = archive.ar; name = libionopenctm.a; path = Libraries/Plugins/iOS/libionopenctm.a; sourceTree = SOURCE_ROOT; };
		DE9F496AA9DBFB916E4E1D4E /* libionjsoncpp.a */ = {isa = PBXFileReference; lastKnownFileType = archive.ar; name = libionjsoncpp.a; path = Libraries/Plugins/iOS/libionjsoncpp.a; sourceTree = SOURCE_ROOT; };
		E5E74E13927DA2E339F8DBA9 /* libcardboard_protos.a */ = {isa = PBXFileReference; lastKnownFileType = archive.ar; name = libcardboard_protos.a; path = Libraries/Plugins/iOS/libcardboard_protos.a; sourceTree = SOURCE_ROOT; };
		E84F474793FF799CF69EF18A /* libQuantumCore.a */ = {isa = PBXFileReference; lastKnownFileType = archive.ar; name = libQuantumCore.a; path = Libraries/Plugins/iOS/libQuantumCore.a; sourceTree = SOURCE_ROOT; };
		ECCE4584AFB7EC794DCED293 /* libionwebp.a */ = {isa = PBXFileReference; lastKnownFileType = archive.ar; name = libionwebp.a; path = Libraries/Plugins/iOS/libionwebp.a; sourceTree = SOURCE_ROOT; };
		F70441C786A698DCE9A72DF5 /* MPVideoPlayer.mm */ = {isa = PBXFileReference; lastKnownFileType = sourcecode.cpp.objcpp; name = MPVideoPlayer.mm; path = Classes/Unity/MPVideoPlayer.mm; sourceTree = SOURCE_ROOT; };
		F98B4A0ABFB4D63AAB4D1B94 /* libProtocolBuffers.a */ = {isa = PBXFileReference; lastKnownFileType = archive.ar; name = libProtocolBuffers.a; path = Libraries/Plugins/iOS/libProtocolBuffers.a; sourceTree = SOURCE_ROOT; };
		FB6547A584107466BD8472B1 /* libtype.a */ = {isa = PBXFileReference; lastKnownFileType = archive.ar; name = libtype.a; path = Libraries/Plugins/iOS/libtype.a; sourceTree = SOURCE_ROOT; };
		FC3D7EBE16D2621600D1BD0D /* CrashReporter.h */ = {isa = PBXFileReference; fileEncoding = 4; lastKnownFileType = sourcecode.c.h; path = CrashReporter.h; sourceTree = "<group>"; };
		FC85CCB916C3ED8000BAF7C7 /* CrashReporter.mm */ = {isa = PBXFileReference; fileEncoding = 4; lastKnownFileType = sourcecode.cpp.objcpp; path = CrashReporter.mm; sourceTree = "<group>"; };
		FC85CCBA16C3ED8000BAF7C7 /* PLCrashReporter.h */ = {isa = PBXFileReference; fileEncoding = 4; lastKnownFileType = sourcecode.c.h; path = PLCrashReporter.h; sourceTree = "<group>"; };
		FD704E5EBE1C72D9F4D8784C /* libapi.a */ = {isa = PBXFileReference; lastKnownFileType = archive.ar; name = libapi.a; path = Libraries/Plugins/iOS/libapi.a; sourceTree = SOURCE_ROOT; };
/* End PBXFileReference section */

/* Begin PBXFrameworksBuildPhase section */
		1D60588F0D05DD3D006BFB54 /* Frameworks */ = {
			isa = PBXFrameworksBuildPhase;
			buildActionMask = 2147483647;
			files = (
				3AB432C51B1AA9BF00CB2A5D /* CoreText.framework in Frameworks */,
				1D60589F0D05DD5A006BFB54 /* Foundation.framework in Frameworks */,
				830B5C110E5ED4C100C7819F /* UIKit.framework in Frameworks */,
				83B256E20E62FEA000468741 /* OpenGLES.framework in Frameworks */,
				83B2570B0E62FF8A00468741 /* QuartzCore.framework in Frameworks */,
				83B2574C0E63022200468741 /* OpenAL.framework in Frameworks */,
				83B2574F0E63025400468741 /* libiconv.2.dylib in Frameworks */,
				8358D1B80ED1CC3700E3A684 /* AudioToolbox.framework in Frameworks */,
				56FD43960ED4745200FE3770 /* CFNetwork.framework in Frameworks */,
				5682F4B20F3B34FF007A219C /* MediaPlayer.framework in Frameworks */,
				5692F3DD0FA9D8E500EBA2F1 /* CoreLocation.framework in Frameworks */,
				56BCBA390FCF049A0030C3B2 /* SystemConfiguration.framework in Frameworks */,
				08B24F76137BFDFA00FBA309 /* iAd.framework in Frameworks */,
				7F36C11113C5C673007FBDD9 /* CoreMedia.framework in Frameworks */,
				7F36C11213C5C673007FBDD9 /* CoreVideo.framework in Frameworks */,
				7F36C11313C5C673007FBDD9 /* AVFoundation.framework in Frameworks */,
				56B7959B1442E0F20026B3DD /* CoreGraphics.framework in Frameworks */,
				56B7960F1442E1770026B3DD /* CoreMotion.framework in Frameworks */,
				050A4C46862CDB663BEA1C3C /* libiPhone-lib.a in Frameworks */,
				52C74597A30AAA3204A1016B /* libiontext.a in Frameworks */,
				163342FA9090DBA3F1F15F77 /* libcardboard.a in Frameworks */,
				5404487CBE0E777E4D95B3CB /* libionimagecompression.a in Frameworks */,
				9BA74EAC87A6432B94611F53 /* libionimage.a in Frameworks */,
				A58C49FAA7BF8D88D620C765 /* libremote_assets.a in Frameworks */,
				653444B994CFD8613456ED0D /* libport.a in Frameworks */,
				A7C74E579E6BAD6CB8FE2E7B /* libevent_internal.a in Frameworks */,
				AB31440C824ED9D82BB325DB /* libQuantumCore.a in Frameworks */,
				ED844B94AD013576EC397AAF /* libbase.a in Frameworks */,
				A8F543B0BF21661A36A4F568 /* libNimbusCore.a in Frameworks */,
				54A045E78369356076754052 /* librecorder.a in Frameworks */,
				907D465BB78223095253F121 /* libiongfx.a in Frameworks */,
				70E147B397C59EF4F0D119F4 /* libprotos_lib.a in Frameworks */,
				256D466E96B4413BE1AADBB0 /* libsoftware.a in Frameworks */,
				2EE84FC080B5837A6FE052B8 /* libionwebp.a in Frameworks */,
				6EF241B48D1B0224F3BDE524 /* libcardboard_protos.a in Frameworks */,
				47364F9A82014C0779A3248A /* libionportgfx.a in Frameworks */,
				E3DD414C9814DC7CAB4B66FD /* libionstblib.a in Frameworks */,
				1CFE49EEB356762F6AB8596C /* libGoogleKitHUD.a in Frameworks */,
				7CB34558AF78B2A1E9C218F0 /* libionmath.a in Frameworks */,
				01B54F35921889328D6D047D /* libionlodepnglib.a in Frameworks */,
				E7404E529C71EED2E0EA1D39 /* libiongfxutils.a in Frameworks */,
				201640EB9AD3F0589D60343D /* libsensors.a in Frameworks */,
				F5EE4B48ADCFF06A00B72302 /* libtype.a in Frameworks */,
				201D4D2984D1D9F6C3E50F99 /* libapi.a in Frameworks */,
				945E43F8A6DDFD5BD542310A /* libprotobuf.a in Frameworks */,
				27204C6BA716CB1182E42CB2 /* libionfreetype2.a in Frameworks */,
				29654213B31980F4B47E0C8D /* libionremote.a in Frameworks */,
				C0BE48DA89940B8060FB3BEF /* libNimbusAttributedLabel.a in Frameworks */,
				D62441E7BBBA5210DE5E3F3D /* liblogging.a in Frameworks */,
				67DF483D81CF80F17698830C /* libProtocolBuffers.a in Frameworks */,
				8BF54DEAAB1800E9743759E3 /* libplatform.a in Frameworks */,
				80334A248F7629B3F600609D /* libvr.a in Frameworks */,
				0EFF4E5A93E2873258AB0FC0 /* libionport.a in Frameworks */,
				6A0741A4B9D87E2486516BD3 /* libcomposite.a in Frameworks */,
				38FD477CABD218573DB057B0 /* libdatatypes.a in Frameworks */,
				DD93429E8376B778F0315AEF /* libdevice.a in Frameworks */,
				0644473996A4C7BDA228506F /* libNimbusModels.a in Frameworks */,
				9D1B40528C6C5D7DB72CE17C /* libevent.a in Frameworks */,
				AC5647DD85ADAD6599084C18 /* libionanalytics.a in Frameworks */,
				150D4AB4903A6AAC7D095AEF /* libgflags.a in Frameworks */,
				EF1642A29BC3CAFB6EBCB132 /* libionbase.a in Frameworks */,
				6FC74A20BBE6AC571A94EFEF /* libionjsoncpp.a in Frameworks */,
				99A847EDABA5FA3B1F78C2EC /* libionzlib.a in Frameworks */,
				C472428BA29201D0E17D9466 /* libdevice_internal.a in Frameworks */,
				542341A4ABB9FEA2E9B79657 /* libionmongoose.a in Frameworks */,
				812B4EDE815F2BF75255F56A /* libGoogleKitCore.a in Frameworks */,
				5B104E82B366686F30BADCA1 /* libionopenctm.a in Frameworks */,
				7D4D468FB03B02748DBB9DD0 /* libvrunity.a in Frameworks */,
				A5194BA4B3831C8DF8D4120D /* liblogging_protos.a in Frameworks */,
				413544ABBB4A3E64C164AAF0 /* libionprofile.a in Frameworks */,
			);
			runOnlyForDeploymentPostprocessing = 0;
		};
		5623C57017FDCB0800090B9E /* Frameworks */ = {
			isa = PBXFrameworksBuildPhase;
			buildActionMask = 2147483647;
			files = (
				5623C57717FDCB0800090B9E /* UIKit.framework in Frameworks */,
				5623C57617FDCB0800090B9E /* Foundation.framework in Frameworks */,
			);
			runOnlyForDeploymentPostprocessing = 0;
		};
/* End PBXFrameworksBuildPhase section */

/* Begin PBXGroup section */
		19C28FACFE9D520D11CA2CBB /* Products */ = {
			isa = PBXGroup;
			children = (
				1D6058910D05DD3D006BFB54 /* Unity-Target-New.app */,
				5623C57317FDCB0800090B9E /* Unity-iPhone Tests.octest */,
			);
			name = Products;
			sourceTree = "<group>";
		};
		29B97314FDCFA39411CA2CEA /* CustomTemplate */ = {
			isa = PBXGroup;
			children = (
				3AB432C21B1AA99400CB2A5D /* resources.bundle */,
				56C56C9717D6015100616839 /* Images.xcassets */,
				D82DCFB50E8000A5005D6AD8 /* Classes */,
				5623C57817FDCB0800090B9E /* Unity-iPhone Tests */,
				29B97323FDCFA39411CA2CEA /* Frameworks */,
				D8A1C7220E80637F000160D3 /* Libraries */,
				19C28FACFE9D520D11CA2CBB /* Products */,
				8D1107310486CEB800E47090 /* Info.plist */,
				83B2574E0E63025400468741 /* libiconv.2.dylib */,
				624047EC84F8C8FD5B74EDE7 /* LaunchScreen.xib */,
				D1D447BF915F930B33894175 /* LaunchScreenImage-Portrait.png */,
				9EF94F3C970E766E98511A45 /* LaunchScreenImage-Landscape.png */,
			);
			name = CustomTemplate;
			sourceTree = "<group>";
		};
		29B97323FDCFA39411CA2CEA /* Frameworks */ = {
			isa = PBXGroup;
			children = (
				3AB432C41B1AA9BF00CB2A5D /* CoreText.framework */,
				8A1B656D185FB650009F37BD /* AdSupport.framework */,
				8358D1B70ED1CC3700E3A684 /* AudioToolbox.framework */,
				7F36C11013C5C673007FBDD9 /* AVFoundation.framework */,
				56FD43950ED4745200FE3770 /* CFNetwork.framework */,
				56B7959A1442E0F20026B3DD /* CoreGraphics.framework */,
				5692F3DC0FA9D8E500EBA2F1 /* CoreLocation.framework */,
				7F36C10E13C5C673007FBDD9 /* CoreMedia.framework */,
				56B795C11442E1100026B3DD /* CoreMotion.framework */,
				7F36C10F13C5C673007FBDD9 /* CoreVideo.framework */,
				1D30AB110D05D00D00671497 /* Foundation.framework */,
				08B24F75137BFDFA00FBA309 /* iAd.framework */,
				5682F4B10F3B34FF007A219C /* MediaPlayer.framework */,
				83B2574B0E63022200468741 /* OpenAL.framework */,
				83B256E10E62FEA000468741 /* OpenGLES.framework */,
				83B2570A0E62FF8A00468741 /* QuartzCore.framework */,
				56BCBA380FCF049A0030C3B2 /* SystemConfiguration.framework */,
				830B5C100E5ED4C100C7819F /* UIKit.framework */,
				D0AE433D8BF3216A86C6DDB5 /* Plugins */,
			);
			name = Frameworks;
			sourceTree = "<group>";
		};
		51C64A11A9685879595430C5 /* iOS */ = {
			isa = PBXGroup;
			children = (
				3B3C47A6B9106F43794FBF83 /* libiontext.a */,
				D7E34607A3236962E3F1C1EC /* libcardboard.a */,
				B8694834B8DDCECEDC87A490 /* libionimagecompression.a */,
				13984B85A76C8340826CFEB4 /* libionimage.a */,
				4E1440869418C4BC21A2CEFF /* libremote_assets.a */,
				5C90430CB241D3D8612C4D9C /* libport.a */,
				6C3347B89D8A5F3989EC5838 /* libevent_internal.a */,
				E84F474793FF799CF69EF18A /* libQuantumCore.a */,
				562046FC89A8D03E20955FFE /* libbase.a */,
				96A544FAA1B6DCD0166C0C1C /* libNimbusCore.a */,
				A59F4DFEACF31292C92BF17D /* librecorder.a */,
				2C66400A826A2979D3225EB8 /* libiongfx.a */,
				6FFD4590A7B4966A0AE8C2EA /* libprotos_lib.a */,
				C4824DFEBCA2EA8D0554901C /* libsoftware.a */,
				7B5747B993553BCA7B24548E /* CardboardAppController.mm */,
				ECCE4584AFB7EC794DCED293 /* libionwebp.a */,
				E5E74E13927DA2E339F8DBA9 /* libcardboard_protos.a */,
				330F485891D0ACD1A98CFA72 /* CardboardView.mm */,
				6DA34548A056A06A811A5F3F /* libionportgfx.a */,
				60C04BF28B29C759CE105B5B /* libionstblib.a */,
				BEB84216A73E260BA98AA2EB /* CardboardAppController.h */,
				1CDC4CC59C0B64E21AB36F5C /* libGoogleKitHUD.a */,
				B5674BB79034380B6D7F9420 /* libionmath.a */,
				90E64768BD5BC96EB9F4595A /* libionlodepnglib.a */,
				8BDE44AA861B36EA9CA1AE06 /* libiongfxutils.a */,
				0C8446BD9EC3D02624DCA02A /* libsensors.a */,
				FB6547A584107466BD8472B1 /* libtype.a */,
				FD704E5EBE1C72D9F4D8784C /* libapi.a */,
				B10244C7A4DF6E914B42CF94 /* libprotobuf.a */,
				5B3641108234C0824B9AF2E1 /* libionfreetype2.a */,
				B6E746B5BC894DB3CACAAE10 /* libionremote.a */,
				6D674C68A7F18A6F0051DC38 /* libNimbusAttributedLabel.a */,
				402E4DD4BAFC976EE9848A95 /* liblogging.a */,
				F98B4A0ABFB4D63AAB4D1B94 /* libProtocolBuffers.a */,
				69A24A46893953F1872AFBB8 /* libplatform.a */,
				4F8341FEA1D2E2C63BE91474 /* libvr.a */,
				D5A34A2C849A7A87FEFDC936 /* libionport.a */,
				92114FBFBE5345237F5D1B19 /* libcomposite.a */,
				31C84D148312C785739CE1A8 /* libdatatypes.a */,
				45994E7F9FB8FAC285D0F0DC /* libdevice.a */,
				0CA9418E82556823282D6B89 /* libNimbusModels.a */,
				A2D047F092C79FC93DF5688C /* libevent.a */,
				D82E4F51A07F6AE0249E47CF /* libionanalytics.a */,
				46144CBC81047FE20361DA49 /* libgflags.a */,
				5BDB4DF2B72408BDCC4957EA /* libionbase.a */,
				DE9F496AA9DBFB916E4E1D4E /* libionjsoncpp.a */,
				96344F0782A715B4C552256C /* libionzlib.a */,
				064848B883BB3639B0A69CF9 /* libdevice_internal.a */,
				6281497194B661781C19B861 /* libionmongoose.a */,
				76E8421E97BDB8B7E1529BF3 /* CardboardView.h */,
				D4BD488F88963C470155E823 /* libGoogleKitCore.a */,
				D90749D199BD8C7971D9D940 /* libionopenctm.a */,
				0806422AA74DAA437A436224 /* libvrunity.a */,
				9E3E46539D74DB17E132DA5A /* liblogging_protos.a */,
				7AE84E1BAA15D77FEA7E49B8 /* libionprofile.a */,
			);
			path = iOS;
			sourceTree = "<group>";
		};
		5623C57817FDCB0800090B9E /* Unity-iPhone Tests */ = {
			isa = PBXGroup;
			children = (
				5623C57E17FDCB0900090B9E /* Unity_iPhone_Tests.m */,
				5623C57917FDCB0800090B9E /* Supporting Files */,
			);
			path = "Unity-iPhone Tests";
			sourceTree = "<group>";
		};
		5623C57917FDCB0800090B9E /* Supporting Files */ = {
			isa = PBXGroup;
			children = (
				5623C57A17FDCB0900090B9E /* Unity-iPhone Tests-Info.plist */,
				5623C57B17FDCB0900090B9E /* InfoPlist.strings */,
				5623C58017FDCB0900090B9E /* Unity-iPhone Tests-Prefix.pch */,
			);
			name = "Supporting Files";
			sourceTree = "<group>";
		};
		7A3C4DFD818B9A00415FB324 /* iOS */ = {
			isa = PBXGroup;
			children = (
				054540699B6AFABCF0C865E1 /* resources.bundle */,
			);
			path = iOS;
			sourceTree = "<group>";
		};
		8A3EDDC51615B7C1001839E9 /* UI */ = {
			isa = PBXGroup;
			children = (
				8A9FCB111617295F00C05364 /* ActivityIndicator.h */,
				8A9FCB121617295F00C05364 /* ActivityIndicator.mm */,
				8A7057D0171EA29600A1332D /* iAD_Scripting.mm */,
				8A07E1041715A5AB000EDC6F /* iAD.h */,
				8A07E1051715A5AB000EDC6F /* iAD.mm */,
				8A142DC41636943E00DD87CA /* Keyboard.h */,
				8A142DC51636943E00DD87CA /* Keyboard.mm */,
				8AC71EC219E7FBA90027502F /* OrientationSupport.h */,
				8AC71EC319E7FBA90027502F /* OrientationSupport.mm */,
				8A3EDDC61615B7C1001839E9 /* SplashScreen.h */,
				8A3EDDC71615B7C1001839E9 /* SplashScreen.mm */,
				8A4815BF17A287D2003FBFD5 /* UnityAppController+ViewHandling.h */,
				8A4815C017A287D2003FBFD5 /* UnityAppController+ViewHandling.mm */,
				8A851BA516FB2F6D00E911DB /* UnityView.h */,
				8A851BA616FB2F6D00E911DB /* UnityView.mm */,
				8A21AED21622F59300AF8007 /* UnityViewControllerBase.h */,
				8A21AED31622F59300AF8007 /* UnityViewControllerBase.mm */,
			);
			path = UI;
			sourceTree = "<group>";
		};
		8A5C148F174E662D0006EB36 /* PluginBase */ = {
			isa = PBXGroup;
			children = (
				8AF7755E17997D1300341121 /* AppDelegateListener.h */,
				8AF7755F17997D1300341121 /* AppDelegateListener.mm */,
				8A292A9717992CE100409BA4 /* LifeCycleListener.h */,
				8A292A9817992CE100409BA4 /* LifeCycleListener.mm */,
				8A5C1490174E662D0006EB36 /* RenderPluginDelegate.h */,
				8A5C1491174E662D0006EB36 /* RenderPluginDelegate.mm */,
				AAFE69D019F187C200638316 /* UnityViewControllerListener.h */,
				AAFE69D119F187C200638316 /* UnityViewControllerListener.mm */,
			);
			path = PluginBase;
			sourceTree = "<group>";
		};
		8AF18FE316490981007B4420 /* Unity */ = {
			isa = PBXGroup;
			children = (
				8ABDBCE019CAFCF700A842FF /* AVCapture.h */,
				8AC74A9419B47FEF00019D38 /* AVCapture.mm */,
				8ADCE38919C87177006F04F6 /* CameraCapture.h */,
				8ADCE38A19C87177006F04F6 /* CameraCapture.mm */,
				8A2AA93316E0978D001FB470 /* CMVideoSampling.h */,
				8A2AA93416E0978D001FB470 /* CMVideoSampling.mm */,
				8A367F5916A6D36F0012ED11 /* CVTextureCache.h */,
				8A367F5A16A6D36F0012ED11 /* CVTextureCache.mm */,
				8ACB801B177081D4005D0019 /* DeviceSettings.mm */,
				8A5E0B8F16849D1800CBB6FE /* DisplayManager.h */,
				8A5E0B9016849D1800CBB6FE /* DisplayManager.mm */,
				8A0FED471649699200E9727D /* EAGLContextHelper.h */,
				8A0FED481649699200E9727D /* EAGLContextHelper.mm */,
				8A25E6D118D767E20006A227 /* Filesystem.mm */,
				8A1FFFAB16512A9000DD0934 /* GlesHelper.h */,
				8A1FFFAC16512A9000DD0934 /* GlesHelper.mm */,
				8A6720A319EEB905006C92E0 /* InternalProfiler.cpp */,
				8A6720A419EEB905006C92E0 /* InternalProfiler.h */,
				1859EA9A19214E7B0022C3D3 /* MetalHelper.mm */,
				8A6137121A10B57700059EDF /* ObjCRuntime.h */,
				8A6137131A10BCA200059EDF /* ObjCRuntime.mm */,
				8A90541019EE8843003D1039 /* UnityForwardDecls.h */,
				8A851BAB16FC875E00E911DB /* UnityInterface.h */,
				8AECDC781950835600CB29E8 /* UnityMetalSupport.h */,
				8AA108C01948732900D0538B /* UnityRendering.h */,
				8AB3CB3C16D390BA00697AD5 /* VideoPlayer.h */,
				8AB3CB3D16D390BB00697AD5 /* VideoPlayer.mm */,
				8AA568AC1827DD79004969C7 /* WWWConnection.h */,
				8AA568AD1827DD79004969C7 /* WWWConnection.mm */,
				F70441C786A698DCE9A72DF5 /* MPVideoPlayer.mm */,
				AA024F4685157B6D158C53BF /* UnityProInterface.h */,
				79C4475A8F2830448CE0A4EF /* UnityProInterface.mm */,
			);
			path = Unity;
			sourceTree = "<group>";
		};
		D08F407A855E88839A02B053 /* Plugins */ = {
			isa = PBXGroup;
			children = (
				51C64A11A9685879595430C5 /* iOS */,
			);
			path = Plugins;
			sourceTree = "<group>";
		};
		D0AE433D8BF3216A86C6DDB5 /* Plugins */ = {
			isa = PBXGroup;
			children = (
				7A3C4DFD818B9A00415FB324 /* iOS */,
			);
			path = Plugins;
			sourceTree = "<group>";
		};
		D82DCFB50E8000A5005D6AD8 /* Classes */ = {
			isa = PBXGroup;
			children = (
				8A5C148F174E662D0006EB36 /* PluginBase */,
				8A3EDDC51615B7C1001839E9 /* UI */,
				8AF18FE316490981007B4420 /* Unity */,
				FC3D7EBE16D2621600D1BD0D /* CrashReporter.h */,
				FC85CCB916C3ED8000BAF7C7 /* CrashReporter.mm */,
				56DBF99E15E3CE85007A4A8D /* iPhone_Sensors.h */,
				56DBF99C15E3CDC9007A4A8D /* iPhone_Sensors.mm */,
				D82DCFBB0E8000A5005D6AD8 /* main.mm */,
				FC85CCBA16C3ED8000BAF7C7 /* PLCrashReporter.h */,
				8A6720A619EFAF25006C92E0 /* Prefix.pch */,
				8ACB801D177081F7005D0019 /* Preprocessor.h */,
				8A851BA816FB3AD000E911DB /* UnityAppController.h */,
				8A851BA916FB3AD000E911DB /* UnityAppController.mm */,
				8AA5D80017ABE9AF007B9910 /* UnityAppController+Rendering.h */,
				8AA5D80117ABE9AF007B9910 /* UnityAppController+Rendering.mm */,
				8A8D90D81A274A7800456C4E /* UnityAppController+UnityInterface.h */,
				8A8D90D91A274A7800456C4E /* UnityAppController+UnityInterface.mm */,
				8AA6ADDB17818CFD00A1C5F1 /* UnityTrampolineConfigure.h */,
			);
			path = Classes;
			sourceTree = SOURCE_ROOT;
		};
		D8A1C7220E80637F000160D3 /* Libraries */ = {
			isa = PBXGroup;
			children = (
				AAC3E38B1A68945900F6174A /* RegisterFeatures.cpp */,
				AAC3E38C1A68945900F6174A /* RegisterFeatures.h */,
				D8A1C7240E80637F000160D3 /* RegisterMonoModules.cpp */,
				D8A1C7250E80637F000160D3 /* RegisterMonoModules.h */,
				477248CAB1A7B4B6963F9B65 /* libiPhone-lib.a */,
				77AC4DAAB41F37CE3628DB29 /* Assembly-CSharp.dll.s */,
				D3FD44C3A6EB4F1973ED5B5F /* Mono.Security.dll.s */,
				78044C4B9631A98B8BCB426E /* System.Core.dll.s */,
				CEBF4FBAA82A6DCED427647E /* System.dll.s */,
				D6CB4067B744CA0FCBACB3A3 /* UnityEngine.UI.dll.s */,
				692A4164B2142B1951E83D32 /* UnityEngine.dll.s */,
				C9B2400B8B165A004A598F1F /* mscorlib.dll.s */,
				D08F407A855E88839A02B053 /* Plugins */,
			);
			path = Libraries;
			sourceTree = SOURCE_ROOT;
		};
/* End PBXGroup section */

/* Begin PBXNativeTarget section */
		1D6058900D05DD3D006BFB54 /* Unity-iPhone */ = {
			isa = PBXNativeTarget;
			buildConfigurationList = 1D6058960D05DD3E006BFB54 /* Build configuration list for PBXNativeTarget "Unity-iPhone" */;
			buildPhases = (
				1D60588D0D05DD3D006BFB54 /* Resources */,
				83D0C1FB0E6C8D5900EBCE5D /* ShellScript */,
				83D0C1FD0E6C8D7700EBCE5D /* CopyFiles */,
				1D60588E0D05DD3D006BFB54 /* Sources */,
				1D60588F0D05DD3D006BFB54 /* Frameworks */,
			);
			buildRules = (
			);
			dependencies = (
			);
			name = "Unity-iPhone";
			productName = "iPhone-target";
			productReference = 1D6058910D05DD3D006BFB54 /* Unity-Target-New.app */;
			productType = "com.apple.product-type.application";
		};
		5623C57217FDCB0800090B9E /* Unity-iPhone Tests */ = {
			isa = PBXNativeTarget;
			buildConfigurationList = 5623C58517FDCB0900090B9E /* Build configuration list for PBXNativeTarget "Unity-iPhone Tests" */;
			buildPhases = (
				5623C56F17FDCB0800090B9E /* Sources */,
				5623C57017FDCB0800090B9E /* Frameworks */,
				5623C57117FDCB0800090B9E /* Resources */,
			);
			buildRules = (
			);
			dependencies = (
				5623C58217FDCB0900090B9E /* PBXTargetDependency */,
			);
			name = "Unity-iPhone Tests";
			productName = "Unity-iPhone Tests";
			productReference = 5623C57317FDCB0800090B9E /* Unity-iPhone Tests.octest */;
			productType = "com.apple.product-type.bundle.ocunit-test";
		};
/* End PBXNativeTarget section */

/* Begin PBXProject section */
		29B97313FDCFA39411CA2CEA /* Project object */ = {
			isa = PBXProject;
			attributes = {
				TargetAttributes = {
					5623C57217FDCB0800090B9E = {
						TestTargetID = 1D6058900D05DD3D006BFB54;
					};
				};
			};
			buildConfigurationList = C01FCF4E08A954540054247B /* Build configuration list for PBXProject "Unity-iPhone" */;
			compatibilityVersion = "Xcode 3.2";
			developmentRegion = English;
			hasScannedForEncodings = 1;
			knownRegions = (
				English,
				Japanese,
				French,
				German,
				en,
			);
			mainGroup = 29B97314FDCFA39411CA2CEA /* CustomTemplate */;
			projectDirPath = "";
			projectRoot = "";
			targets = (
				1D6058900D05DD3D006BFB54 /* Unity-iPhone */,
				5623C57217FDCB0800090B9E /* Unity-iPhone Tests */,
			);
		};
/* End PBXProject section */

/* Begin PBXResourcesBuildPhase section */
		1D60588D0D05DD3D006BFB54 /* Resources */ = {
			isa = PBXResourcesBuildPhase;
			buildActionMask = 2147483647;
			files = (
				56C56C9817D6015200616839 /* Images.xcassets in Resources */,
				88114C00A8D8E0798A0E1CC5 /* resources.bundle in Resources */,
				89B44C8F9205BC08960F360D /* LaunchScreen.xib in Resources */,
				3AB432C31B1AA99400CB2A5D /* resources.bundle in Resources */,
				FFCF4426AFDED82877059BC6 /* LaunchScreenImage-Portrait.png in Resources */,
				469B4A608A765B215C3C2C3D /* LaunchScreenImage-Landscape.png in Resources */,
			);
			runOnlyForDeploymentPostprocessing = 0;
		};
		5623C57117FDCB0800090B9E /* Resources */ = {
			isa = PBXResourcesBuildPhase;
			buildActionMask = 2147483647;
			files = (
				5623C57D17FDCB0900090B9E /* InfoPlist.strings in Resources */,
			);
			runOnlyForDeploymentPostprocessing = 0;
		};
/* End PBXResourcesBuildPhase section */

/* Begin PBXShellScriptBuildPhase section */
		83D0C1FB0E6C8D5900EBCE5D /* ShellScript */ = {
			isa = PBXShellScriptBuildPhase;
			buildActionMask = 2147483647;
			files = (
			);
			inputPaths = (
			);
			outputPaths = (
			);
			runOnlyForDeploymentPostprocessing = 0;
			shellPath = /bin/sh;
			shellScript = "rm -rf \"$TARGET_BUILD_DIR/$PRODUCT_NAME.app/Data\"\ncp -Rf \"$PROJECT_DIR/Data\" \"$TARGET_BUILD_DIR/$PRODUCT_NAME.app/Data\"";
		};
/* End PBXShellScriptBuildPhase section */

/* Begin PBXSourcesBuildPhase section */
		1D60588E0D05DD3D006BFB54 /* Sources */ = {
			isa = PBXSourcesBuildPhase;
			buildActionMask = 2147483647;
			files = (
				D82DCFC30E8000A5005D6AD8 /* main.mm in Sources */,
				D8A1C7280E80637F000160D3 /* RegisterMonoModules.cpp in Sources */,
				8AA568AE1827DD79004969C7 /* WWWConnection.mm in Sources */,
				56DBF99D15E3CDC9007A4A8D /* iPhone_Sensors.mm in Sources */,
				8A3EDDC81615B7C1001839E9 /* SplashScreen.mm in Sources */,
				8AC71EC419E7FBA90027502F /* OrientationSupport.mm in Sources */,
				8A9FCB131617295F00C05364 /* ActivityIndicator.mm in Sources */,
				8A8D90DA1A274A7800456C4E /* UnityAppController+UnityInterface.mm in Sources */,
				8AA5D80217ABE9AF007B9910 /* UnityAppController+Rendering.mm in Sources */,
				8A21AED41622F59300AF8007 /* UnityViewControllerBase.mm in Sources */,
				8A142DC61636943E00DD87CA /* Keyboard.mm in Sources */,
				8A0FED491649699200E9727D /* EAGLContextHelper.mm in Sources */,
				AAFE69D219F187C200638316 /* UnityViewControllerListener.mm in Sources */,
				8A1FFFAD16512A9000DD0934 /* GlesHelper.mm in Sources */,
				8A5E0B9116849D1800CBB6FE /* DisplayManager.mm in Sources */,
				8A367F5B16A6D36F0012ED11 /* CVTextureCache.mm in Sources */,
				1859EA9B19214E7B0022C3D3 /* MetalHelper.mm in Sources */,
				FC85CCBB16C3ED8000BAF7C7 /* CrashReporter.mm in Sources */,
				8AB3CB3E16D390BB00697AD5 /* VideoPlayer.mm in Sources */,
				8A2AA93516E0978D001FB470 /* CMVideoSampling.mm in Sources */,
				8A851BA716FB2F6D00E911DB /* UnityView.mm in Sources */,
				8A851BAA16FB3AD000E911DB /* UnityAppController.mm in Sources */,
				8AC74A9519B47FEF00019D38 /* AVCapture.mm in Sources */,
				8A6720A519EEB905006C92E0 /* InternalProfiler.cpp in Sources */,
				8A6137141A10BCA200059EDF /* ObjCRuntime.mm in Sources */,
				8ADCE38B19C87177006F04F6 /* CameraCapture.mm in Sources */,
				8A4815C117A28E7F003FBFD5 /* UnityAppController+ViewHandling.mm in Sources */,
				8A07E1061715A5AB000EDC6F /* iAD.mm in Sources */,
				8A7057D1171EA29600A1332D /* iAD_Scripting.mm in Sources */,
				8A25E6D218D767E20006A227 /* Filesystem.mm in Sources */,
				8AF7755D1799329100341121 /* LifeCycleListener.mm in Sources */,
				8A5C1492174E662D0006EB36 /* RenderPluginDelegate.mm in Sources */,
				8AF7756017997D2700341121 /* AppDelegateListener.mm in Sources */,
				AAC3E38D1A68945900F6174A /* RegisterFeatures.cpp in Sources */,
				8ACB801C177081D4005D0019 /* DeviceSettings.mm in Sources */,
				E713457D9AD1FF6DBBF4C6C9 /* Assembly-CSharp.dll.s in Sources */,
				D93D47E0A44C37F43E704FB9 /* Mono.Security.dll.s in Sources */,
				D49C41038782A66E648A25FA /* System.Core.dll.s in Sources */,
				7B9E4A7D9625510CC5ACF022 /* System.dll.s in Sources */,
				98BE4C339346601420A96ECA /* UnityEngine.UI.dll.s in Sources */,
				785B4219BB2289CE3E3737F5 /* UnityEngine.dll.s in Sources */,
				B1B446A8958D83B9813BE7AE /* mscorlib.dll.s in Sources */,
				73424C82905D9CC14D971CAC /* CardboardAppController.mm in Sources */,
				873B48C89AC64CA4378089D9 /* CardboardView.mm in Sources */,
				D5CF4D5F879EAF9DF1151F2F /* MPVideoPlayer.mm in Sources */,
				91784DCB963B22C4683206CB /* UnityProInterface.mm in Sources */,
			);
			runOnlyForDeploymentPostprocessing = 0;
		};
		5623C56F17FDCB0800090B9E /* Sources */ = {
			isa = PBXSourcesBuildPhase;
			buildActionMask = 2147483647;
			files = (
				5623C57F17FDCB0900090B9E /* Unity_iPhone_Tests.m in Sources */,
			);
			runOnlyForDeploymentPostprocessing = 0;
		};
/* End PBXSourcesBuildPhase section */

/* Begin PBXTargetDependency section */
		5623C58217FDCB0900090B9E /* PBXTargetDependency */ = {
			isa = PBXTargetDependency;
			target = 1D6058900D05DD3D006BFB54 /* Unity-iPhone */;
			targetProxy = 5623C58117FDCB0900090B9E /* PBXContainerItemProxy */;
		};
/* End PBXTargetDependency section */

/* Begin PBXVariantGroup section */
		5623C57B17FDCB0900090B9E /* InfoPlist.strings */ = {
			isa = PBXVariantGroup;
			children = (
				5623C57C17FDCB0900090B9E /* en */,
			);
			name = InfoPlist.strings;
			sourceTree = "<group>";
		};
/* End PBXVariantGroup section */

/* Begin XCBuildConfiguration section */
		1D6058940D05DD3E006BFB54 /* Debug */ = {
			isa = XCBuildConfiguration;
			buildSettings = {
				ALWAYS_SEARCH_USER_PATHS = NO;
				ARCHS = armv7;
				ASSETCATALOG_COMPILER_APPICON_NAME = AppIcon;
				ASSETCATALOG_COMPILER_LAUNCHIMAGE_NAME = LaunchImage;
				CLANG_CXX_LANGUAGE_STANDARD = "c++0x";
				CLANG_CXX_LIBRARY = "libc++";
				CLANG_ENABLE_OBJC_ARC = YES;
				CLANG_WARN_DEPRECATED_OBJC_IMPLEMENTATIONS = YES;
				COPY_PHASE_STRIP = NO;
				FRAMEWORK_SEARCH_PATHS = "$(inherited)";
				GCC_DYNAMIC_NO_PIC = NO;
				GCC_ENABLE_CPP_EXCEPTIONS = NO;
				GCC_OPTIMIZATION_LEVEL = 0;
				GCC_PRECOMPILE_PREFIX_HEADER = YES;
				GCC_PREFIX_HEADER = Classes/Prefix.pch;
				GCC_USE_INDIRECT_FUNCTION_CALLS = NO;
				HEADER_SEARCH_PATHS = (
					"\"$(SRCROOT)/Classes\"",
					"\"$(SRCROOT)\"",
				);
				INFOPLIST_FILE = Info.plist;
				IPHONEOS_DEPLOYMENT_TARGET = 6.0;
				LIBRARY_SEARCH_PATHS = (
					"$(inherited)",
					"\"$(SRCROOT)\"",
					"\"$(SRCROOT)/Libraries\"",
					"$(SRCROOT)/Libraries/Plugins/iOS",
				);
				ONLY_ACTIVE_ARCH = YES;
				OTHER_CFLAGS = "-mno-thumb";
				OTHER_LDFLAGS = (
					"-weak_framework",
					CoreMotion,
					"-weak-lSystem",
				);
				PRODUCT_NAME = philz;
				SDKROOT = iphoneos;
				SUPPORTED_PLATFORMS = iphoneos;
				TARGETED_DEVICE_FAMILY = "1,2";
				UNITY_RUNTIME_VERSION = 5.0.2f1;
				UNITY_SCRIPTING_BACKEND = mono2x;
			};
			name = Debug;
		};
		1D6058950D05DD3E006BFB54 /* Release */ = {
			isa = XCBuildConfiguration;
			buildSettings = {
				ALWAYS_SEARCH_USER_PATHS = NO;
				ARCHS = armv7;
				ASSETCATALOG_COMPILER_APPICON_NAME = AppIcon;
				ASSETCATALOG_COMPILER_LAUNCHIMAGE_NAME = LaunchImage;
				CLANG_CXX_LANGUAGE_STANDARD = "c++0x";
				CLANG_CXX_LIBRARY = "libc++";
				CLANG_ENABLE_OBJC_ARC = YES;
				CLANG_WARN_DEPRECATED_OBJC_IMPLEMENTATIONS = YES;
				COPY_PHASE_STRIP = YES;
				FRAMEWORK_SEARCH_PATHS = "$(inherited)";
				GCC_ENABLE_CPP_EXCEPTIONS = NO;
				GCC_PRECOMPILE_PREFIX_HEADER = YES;
				GCC_PREFIX_HEADER = Classes/Prefix.pch;
				HEADER_SEARCH_PATHS = (
					"\"$(SRCROOT)/Classes\"",
					"\"$(SRCROOT)\"",
				);
				INFOPLIST_FILE = Info.plist;
				IPHONEOS_DEPLOYMENT_TARGET = 6.0;
				LIBRARY_SEARCH_PATHS = (
					"$(inherited)",
					"\"$(SRCROOT)\"",
					"\"$(SRCROOT)/Libraries\"",
					"$(SRCROOT)/Libraries/Plugins/iOS",
				);
				ONLY_ACTIVE_ARCH = NO;
				OTHER_CFLAGS = "-mno-thumb";
				OTHER_LDFLAGS = (
					"-weak_framework",
					CoreMotion,
					"-weak-lSystem",
				);
				PRODUCT_NAME = philz;
				SDKROOT = iphoneos;
				SUPPORTED_PLATFORMS = iphoneos;
				TARGETED_DEVICE_FAMILY = "1,2";
				UNITY_RUNTIME_VERSION = 5.0.2f1;
				UNITY_SCRIPTING_BACKEND = mono2x;
			};
			name = Release;
		};
		5623C58317FDCB0900090B9E /* Release */ = {
			isa = XCBuildConfiguration;
			buildSettings = {
				ALWAYS_SEARCH_USER_PATHS = NO;
				ARCHS = armv7;
				BUNDLE_LOADER = "$(BUILD_DIR)/$(CONFIGURATION)$(EFFECTIVE_PLATFORM_NAME)/$(PRODUCT_NAME).app/$(PRODUCT_NAME)";
				CLANG_CXX_LANGUAGE_STANDARD = "gnu++0x";
				CLANG_CXX_LIBRARY = "libc++";
				CLANG_ENABLE_MODULES = YES;
				CLANG_ENABLE_OBJC_ARC = YES;
				CLANG_WARN_BOOL_CONVERSION = YES;
				CLANG_WARN_CONSTANT_CONVERSION = YES;
				CLANG_WARN_DIRECT_OBJC_ISA_USAGE = YES_ERROR;
				CLANG_WARN_EMPTY_BODY = YES;
				CLANG_WARN_ENUM_CONVERSION = YES;
				CLANG_WARN_INT_CONVERSION = YES;
				CLANG_WARN_OBJC_ROOT_CLASS = YES_ERROR;
				CLANG_WARN__DUPLICATE_METHOD_MATCH = YES;
				COPY_PHASE_STRIP = YES;
				ENABLE_NS_ASSERTIONS = NO;
				FRAMEWORK_SEARCH_PATHS = "$(inherited)";
				GCC_C_LANGUAGE_STANDARD = gnu99;
				GCC_PRECOMPILE_PREFIX_HEADER = YES;
				GCC_PREFIX_HEADER = "Unity-iPhone Tests/Unity-iPhone Tests-Prefix.pch";
				GCC_WARN_64_TO_32_BIT_CONVERSION = YES;
				GCC_WARN_ABOUT_RETURN_TYPE = YES_ERROR;
				GCC_WARN_UNDECLARED_SELECTOR = YES;
				GCC_WARN_UNINITIALIZED_AUTOS = YES;
				GCC_WARN_UNUSED_FUNCTION = YES;
				INFOPLIST_FILE = "Unity-iPhone Tests/Unity-iPhone Tests-Info.plist";
				IPHONEOS_DEPLOYMENT_TARGET = 6.0;
				LIBRARY_SEARCH_PATHS = "$(SRCROOT)/Libraries/Plugins/iOS";
				PRODUCT_NAME = philz;
				SDKROOT = iphoneos;
				SUPPORTED_PLATFORMS = iphoneos;
				TARGETED_DEVICE_FAMILY = "1,2";
				TEST_HOST = "$(BUNDLE_LOADER)";
				UNITY_RUNTIME_VERSION = 5.0.2f1;
				UNITY_SCRIPTING_BACKEND = mono2x;
				VALIDATE_PRODUCT = YES;
				WRAPPER_EXTENSION = octest;
			};
			name = Release;
		};
		5623C58417FDCB0900090B9E /* Debug */ = {
			isa = XCBuildConfiguration;
			buildSettings = {
				ALWAYS_SEARCH_USER_PATHS = NO;
				ARCHS = armv7;
				BUNDLE_LOADER = "$(BUILD_DIR)/$(CONFIGURATION)$(EFFECTIVE_PLATFORM_NAME)/$(PRODUCT_NAME).app/$(PRODUCT_NAME)";
				CLANG_CXX_LANGUAGE_STANDARD = "gnu++0x";
				CLANG_CXX_LIBRARY = "libc++";
				CLANG_ENABLE_MODULES = YES;
				CLANG_ENABLE_OBJC_ARC = YES;
				CLANG_WARN_BOOL_CONVERSION = YES;
				CLANG_WARN_CONSTANT_CONVERSION = YES;
				CLANG_WARN_DIRECT_OBJC_ISA_USAGE = YES_ERROR;
				CLANG_WARN_EMPTY_BODY = YES;
				CLANG_WARN_ENUM_CONVERSION = YES;
				CLANG_WARN_INT_CONVERSION = YES;
				CLANG_WARN_OBJC_ROOT_CLASS = YES_ERROR;
				CLANG_WARN__DUPLICATE_METHOD_MATCH = YES;
				COPY_PHASE_STRIP = NO;
				FRAMEWORK_SEARCH_PATHS = "$(inherited)";
				GCC_C_LANGUAGE_STANDARD = gnu99;
				GCC_DYNAMIC_NO_PIC = NO;
				GCC_OPTIMIZATION_LEVEL = 0;
				GCC_PRECOMPILE_PREFIX_HEADER = YES;
				GCC_PREFIX_HEADER = "Unity-iPhone Tests/Unity-iPhone Tests-Prefix.pch";
				GCC_PREPROCESSOR_DEFINITIONS = (
					"DEBUG=1",
					"$(inherited)",
				);
				GCC_SYMBOLS_PRIVATE_EXTERN = NO;
				GCC_WARN_64_TO_32_BIT_CONVERSION = YES;
				GCC_WARN_ABOUT_RETURN_TYPE = YES_ERROR;
				GCC_WARN_UNDECLARED_SELECTOR = YES;
				GCC_WARN_UNINITIALIZED_AUTOS = YES;
				GCC_WARN_UNUSED_FUNCTION = YES;
				INFOPLIST_FILE = "Unity-iPhone Tests/Unity-iPhone Tests-Info.plist";
				IPHONEOS_DEPLOYMENT_TARGET = 6.0;
				LIBRARY_SEARCH_PATHS = "$(SRCROOT)/Libraries/Plugins/iOS";
				ONLY_ACTIVE_ARCH = YES;
				PRODUCT_NAME = philz;
				SDKROOT = iphoneos;
				SUPPORTED_PLATFORMS = iphoneos;
				TARGETED_DEVICE_FAMILY = "1,2";
				TEST_HOST = "$(BUNDLE_LOADER)";
				UNITY_RUNTIME_VERSION = 5.0.2f1;
				UNITY_SCRIPTING_BACKEND = mono2x;
				WRAPPER_EXTENSION = octest;
			};
			name = Debug;
		};
		C01FCF4F08A954540054247B /* Debug */ = {
			isa = XCBuildConfiguration;
			buildSettings = {
				ARCHS = armv7;
				"CODE_SIGN_IDENTITY[sdk=iphoneos*]" = "iPhone Developer";
				DEBUG_INFORMATION_FORMAT = dwarf;
				GCC_C_LANGUAGE_STANDARD = c99;
				GCC_ENABLE_CPP_EXCEPTIONS = NO;
				GCC_ENABLE_CPP_RTTI = NO;
				GCC_ENABLE_OBJC_EXCEPTIONS = NO;
				GCC_THUMB_SUPPORT = NO;
				GCC_USE_INDIRECT_FUNCTION_CALLS = YES;
				GCC_WARN_ABOUT_RETURN_TYPE = YES;
				GCC_WARN_UNUSED_VARIABLE = YES;
				ONLY_ACTIVE_ARCH = NO;
				OTHER_LDFLAGS = "";
				SDKROOT = iphoneos;
				SUPPORTED_PLATFORMS = iphoneos;
			};
			name = Debug;
		};
		C01FCF5008A954540054247B /* Release */ = {
			isa = XCBuildConfiguration;
			buildSettings = {
				ARCHS = armv7;
				"CODE_SIGN_IDENTITY[sdk=iphoneos*]" = "iPhone Developer";
				GCC_C_LANGUAGE_STANDARD = c99;
				GCC_ENABLE_CPP_EXCEPTIONS = NO;
				GCC_ENABLE_CPP_RTTI = NO;
				GCC_ENABLE_OBJC_EXCEPTIONS = NO;
				GCC_THUMB_SUPPORT = NO;
				GCC_USE_INDIRECT_FUNCTION_CALLS = NO;
				GCC_WARN_ABOUT_RETURN_TYPE = YES;
				GCC_WARN_UNUSED_VARIABLE = YES;
				SDKROOT = iphoneos;
				SUPPORTED_PLATFORMS = iphoneos;
			};
			name = Release;
		};
/* End XCBuildConfiguration section */

/* Begin XCConfigurationList section */
		1D6058960D05DD3E006BFB54 /* Build configuration list for PBXNativeTarget "Unity-iPhone" */ = {
			isa = XCConfigurationList;
			buildConfigurations = (
				1D6058950D05DD3E006BFB54 /* Release */,
				1D6058940D05DD3E006BFB54 /* Debug */,
			);
			defaultConfigurationIsVisible = 0;
			defaultConfigurationName = Release;
		};
		5623C58517FDCB0900090B9E /* Build configuration list for PBXNativeTarget "Unity-iPhone Tests" */ = {
			isa = XCConfigurationList;
			buildConfigurations = (
				5623C58317FDCB0900090B9E /* Release */,
				5623C58417FDCB0900090B9E /* Debug */,
			);
			defaultConfigurationIsVisible = 0;
			defaultConfigurationName = Release;
		};
		C01FCF4E08A954540054247B /* Build configuration list for PBXProject "Unity-iPhone" */ = {
			isa = XCConfigurationList;
			buildConfigurations = (
				C01FCF5008A954540054247B /* Release */,
				C01FCF4F08A954540054247B /* Debug */,
			);
			defaultConfigurationIsVisible = 0;
			defaultConfigurationName = Release;
		};
/* End XCConfigurationList section */
	};
	rootObject = 29B97313FDCFA39411CA2CEA /* Project object */;
}
