// !$*UTF8*$!
{
	archiveVersion = 1;
	classes = {
	};
	objectVersion = 46;
	objects = {

/* Begin PBXBuildFile section */
		01004331A59A2FE3B4495367 /* CardboardView.mm in Sources */ = {isa = PBXBuildFile; fileRef = 13DA47D9A7C4B162463E1B47 /* CardboardView.mm */; };
		024F42B2B0B8CF72E6877505 /* libionopenctm.a in Frameworks */ = {isa = PBXBuildFile; fileRef = 722D43E19BAAA1AA4619BC5C /* libionopenctm.a */; };
		044B4AD18B587260279C2E68 /* System.dll.s in Sources */ = {isa = PBXBuildFile; fileRef = 341548EBBF8E3B131E2B97FA /* System.dll.s */; };
		04534396A613B201F8B9F463 /* liblogging_protos.a in Frameworks */ = {isa = PBXBuildFile; fileRef = 87E947B398A51F75376C7895 /* liblogging_protos.a */; };
		08B24F76137BFDFA00FBA309 /* iAd.framework in Frameworks */ = {isa = PBXBuildFile; fileRef = 08B24F75137BFDFA00FBA309 /* iAd.framework */; settings = {ATTRIBUTES = (Weak, ); }; };
		0E3B478985BB7ECA9D56476C /* libsensors.a in Frameworks */ = {isa = PBXBuildFile; fileRef = 6D2441DB88153CC85D63AA29 /* libsensors.a */; };
		0FFA4D24B2E71F72F77D71E4 /* libNimbusModels.a in Frameworks */ = {isa = PBXBuildFile; fileRef = 712D4956AE6D1D279ECA1C97 /* libNimbusModels.a */; };
		11664113A7D45BA8C93C25B0 /* Mono.Security.dll.s in Sources */ = {isa = PBXBuildFile; fileRef = 20934FB3AA5BEAD77325308B /* Mono.Security.dll.s */; };
		16C34AF8886C1024CBEA2617 /* UnityProInterface.mm in Sources */ = {isa = PBXBuildFile; fileRef = 415C42A9BEA87541D4E94497 /* UnityProInterface.mm */; };
		184C42B2AD3415CD059176BF /* System.Core.dll.s in Sources */ = {isa = PBXBuildFile; fileRef = D0304B7D898BA5FEB13226D4 /* System.Core.dll.s */; };
		1859EA9B19214E7B0022C3D3 /* MetalHelper.mm in Sources */ = {isa = PBXBuildFile; fileRef = 1859EA9A19214E7B0022C3D3 /* MetalHelper.mm */; };
		1D60589F0D05DD5A006BFB54 /* Foundation.framework in Frameworks */ = {isa = PBXBuildFile; fileRef = 1D30AB110D05D00D00671497 /* Foundation.framework */; };
		1DC84ABA87565399453F2DC9 /* libionjsoncpp.a in Frameworks */ = {isa = PBXBuildFile; fileRef = A4D040B98AC7EBC4197D88D1 /* libionjsoncpp.a */; };
		1E184EDE9272754D9FAD1796 /* libevent_internal.a in Frameworks */ = {isa = PBXBuildFile; fileRef = 96684236B87CAA7EB4E5A1CF /* libevent_internal.a */; };
		25FC4C6AA03FF75A87A7F68B /* libGoogleKitCore.a in Frameworks */ = {isa = PBXBuildFile; fileRef = A774437694F9EE65791949CB /* libGoogleKitCore.a */; };
		2ED4465E857D9EF276EFDB90 /* libprotos_lib.a in Frameworks */ = {isa = PBXBuildFile; fileRef = 2622485BB643B61B8436377B /* libprotos_lib.a */; };
		321E4DC38861D695A97BA9A5 /* libdevice_internal.a in Frameworks */ = {isa = PBXBuildFile; fileRef = F8A84C64B45CB85E4DD49FDF /* libdevice_internal.a */; };
		35224FA3972D1FD072F20BBE /* libdevice.a in Frameworks */ = {isa = PBXBuildFile; fileRef = A5C4473E9BAC194408600EF4 /* libdevice.a */; };
		3AEF97DD1B1B92F300828CED /* CoreText.framework in Frameworks */ = {isa = PBXBuildFile; fileRef = 3AEF97DC1B1B92F300828CED /* CoreText.framework */; };
		3AEF97E11B1BDAF200828CED /* resources2.bundle in Resources */ = {isa = PBXBuildFile; fileRef = 3AEF97E01B1BDAF200828CED /* resources2.bundle */; };
		3AEF97EE1B1C003500828CED /* AppIcon.appiconset in Resources */ = {isa = PBXBuildFile; fileRef = 3AEF97E41B1C003500828CED /* AppIcon.appiconset */; };
		3AEF97EF1B1C003500828CED /* Icon-60.png in Resources */ = {isa = PBXBuildFile; fileRef = 3AEF97E51B1C003500828CED /* Icon-60.png */; };
		3AEF97F01B1C003500828CED /* Icon-72.png in Resources */ = {isa = PBXBuildFile; fileRef = 3AEF97E61B1C003500828CED /* Icon-72.png */; };
		3AEF97F11B1C003500828CED /* Icon-72@2x.png in Resources */ = {isa = PBXBuildFile; fileRef = 3AEF97E71B1C003500828CED /* Icon-72@2x.png */; };
		3AEF97F21B1C003500828CED /* Icon-Small-50.png in Resources */ = {isa = PBXBuildFile; fileRef = 3AEF97E81B1C003500828CED /* Icon-Small-50.png */; };
		3AEF97F31B1C003500828CED /* Icon-Small-50@2x.png in Resources */ = {isa = PBXBuildFile; fileRef = 3AEF97E91B1C003500828CED /* Icon-Small-50@2x.png */; };
		3AEF97F41B1C003500828CED /* Icon.png in Resources */ = {isa = PBXBuildFile; fileRef = 3AEF97EA1B1C003500828CED /* Icon.png */; };
		3AEF97F51B1C003500828CED /* Icon@2x.png in Resources */ = {isa = PBXBuildFile; fileRef = 3AEF97EB1B1C003500828CED /* Icon@2x.png */; };
		3AEF97F61B1C003500828CED /* iTunesArtwork.png in Resources */ = {isa = PBXBuildFile; fileRef = 3AEF97EC1B1C003500828CED /* iTunesArtwork.png */; };
		3AEF97F71B1C003500828CED /* iTunesArtwork@2x.png in Resources */ = {isa = PBXBuildFile; fileRef = 3AEF97ED1B1C003500828CED /* iTunesArtwork@2x.png */; };
		3B3D492097BE6A180D72BC52 /* CardboardAppController.mm in Sources */ = {isa = PBXBuildFile; fileRef = 5F854EE098E510B77DB34789 /* CardboardAppController.mm */; };
		3BE847E487FDE8E11ECA2EED /* libremote_assets.a in Frameworks */ = {isa = PBXBuildFile; fileRef = E96945FAB605C3B95FD20345 /* libremote_assets.a */; };
		3CA94620A72A1ED0E095B4FD /* libiongfxutils.a in Frameworks */ = {isa = PBXBuildFile; fileRef = 17A24B289E34B8E76279F454 /* libiongfxutils.a */; };
		45144C82BBCF3C3E8B976D1F /* resources.bundle in Resources */ = {isa = PBXBuildFile; fileRef = 16DB4859AA4CB1483A21C88B /* resources.bundle */; };
		4DD149CEB378A005D2C6F0F4 /* libvr.a in Frameworks */ = {isa = PBXBuildFile; fileRef = 8E2B461B82418D8F95A2B227 /* libvr.a */; };
		4EA34B519409DCC4999345BF /* libionanalytics.a in Frameworks */ = {isa = PBXBuildFile; fileRef = 345E4C979B69AE5B17ED3F95 /* libionanalytics.a */; };
		4FD24506A727DED9539C4353 /* libionimagecompression.a in Frameworks */ = {isa = PBXBuildFile; fileRef = 2697456DA5BA68AC36C154D2 /* libionimagecompression.a */; };
		55B54D02A74722448132B282 /* libGoogleKitHUD.a in Frameworks */ = {isa = PBXBuildFile; fileRef = D869453BB617705F4AB004ED /* libGoogleKitHUD.a */; };
		5623C57617FDCB0800090B9E /* Foundation.framework in Frameworks */ = {isa = PBXBuildFile; fileRef = 1D30AB110D05D00D00671497 /* Foundation.framework */; };
		5623C57717FDCB0800090B9E /* UIKit.framework in Frameworks */ = {isa = PBXBuildFile; fileRef = 830B5C100E5ED4C100C7819F /* UIKit.framework */; };
		5623C57D17FDCB0900090B9E /* InfoPlist.strings in Resources */ = {isa = PBXBuildFile; fileRef = 5623C57B17FDCB0900090B9E /* InfoPlist.strings */; };
		5623C57F17FDCB0900090B9E /* Unity_iPhone_Tests.m in Sources */ = {isa = PBXBuildFile; fileRef = 5623C57E17FDCB0900090B9E /* Unity_iPhone_Tests.m */; };
		5682F4B20F3B34FF007A219C /* MediaPlayer.framework in Frameworks */ = {isa = PBXBuildFile; fileRef = 5682F4B10F3B34FF007A219C /* MediaPlayer.framework */; };
		5692F3DD0FA9D8E500EBA2F1 /* CoreLocation.framework in Frameworks */ = {isa = PBXBuildFile; fileRef = 5692F3DC0FA9D8E500EBA2F1 /* CoreLocation.framework */; };
		56B7959B1442E0F20026B3DD /* CoreGraphics.framework in Frameworks */ = {isa = PBXBuildFile; fileRef = 56B7959A1442E0F20026B3DD /* CoreGraphics.framework */; };
		56B7960F1442E1770026B3DD /* CoreMotion.framework in Frameworks */ = {isa = PBXBuildFile; fileRef = 56B795C11442E1100026B3DD /* CoreMotion.framework */; settings = {ATTRIBUTES = (Weak, ); }; };
		56BCBA390FCF049A0030C3B2 /* SystemConfiguration.framework in Frameworks */ = {isa = PBXBuildFile; fileRef = 56BCBA380FCF049A0030C3B2 /* SystemConfiguration.framework */; };
		56C56C9817D6015200616839 /* Images.xcassets in Resources */ = {isa = PBXBuildFile; fileRef = 56C56C9717D6015100616839 /* Images.xcassets */; };
		56DBF99D15E3CDC9007A4A8D /* iPhone_Sensors.mm in Sources */ = {isa = PBXBuildFile; fileRef = 56DBF99C15E3CDC9007A4A8D /* iPhone_Sensors.mm */; };
		56FD43960ED4745200FE3770 /* CFNetwork.framework in Frameworks */ = {isa = PBXBuildFile; fileRef = 56FD43950ED4745200FE3770 /* CFNetwork.framework */; };
		597F4945B03E712CF1AF650E /* LaunchScreenImage-Portrait.png in Resources */ = {isa = PBXBuildFile; fileRef = D1214A2AB69C91EC7899A700 /* LaunchScreenImage-Portrait.png */; };
		644040E8A858F41C0F01C267 /* Assembly-CSharp.dll.s in Sources */ = {isa = PBXBuildFile; fileRef = 792E47229FB5C085FFF72410 /* Assembly-CSharp.dll.s */; };
		6ADC49C3B79C6AE7DA387ADE /* librecorder.a in Frameworks */ = {isa = PBXBuildFile; fileRef = 010343EF8B86031D9E353894 /* librecorder.a */; };
		6BEB4573A1DE434DB013ED28 /* liblogging.a in Frameworks */ = {isa = PBXBuildFile; fileRef = 481445CCB92DB9FBB1B3B178 /* liblogging.a */; };
		6D5C4698B05BA4553E52462D /* libplatform.a in Frameworks */ = {isa = PBXBuildFile; fileRef = 20704DB2965F21F8F2FFFD2C /* libplatform.a */; };
		74774FB4820947ECAAD87365 /* libionremote.a in Frameworks */ = {isa = PBXBuildFile; fileRef = 5DF64617BC2FB110458EE465 /* libionremote.a */; };
		78B0488ABC6104690014EF34 /* libcardboard_protos.a in Frameworks */ = {isa = PBXBuildFile; fileRef = BE994899A945C78C3890F23D /* libcardboard_protos.a */; };
		7F36C11113C5C673007FBDD9 /* CoreMedia.framework in Frameworks */ = {isa = PBXBuildFile; fileRef = 7F36C10E13C5C673007FBDD9 /* CoreMedia.framework */; };
		7F36C11213C5C673007FBDD9 /* CoreVideo.framework in Frameworks */ = {isa = PBXBuildFile; fileRef = 7F36C10F13C5C673007FBDD9 /* CoreVideo.framework */; };
		7F36C11313C5C673007FBDD9 /* AVFoundation.framework in Frameworks */ = {isa = PBXBuildFile; fileRef = 7F36C11013C5C673007FBDD9 /* AVFoundation.framework */; settings = {ATTRIBUTES = (Weak, ); }; };
		820E4C0299F8C80CD2627131 /* libiPhone-lib.a in Frameworks */ = {isa = PBXBuildFile; fileRef = FCAB4A53B70E6EBDE51EE176 /* libiPhone-lib.a */; };
		830B5C110E5ED4C100C7819F /* UIKit.framework in Frameworks */ = {isa = PBXBuildFile; fileRef = 830B5C100E5ED4C100C7819F /* UIKit.framework */; };
		8358D1B80ED1CC3700E3A684 /* AudioToolbox.framework in Frameworks */ = {isa = PBXBuildFile; fileRef = 8358D1B70ED1CC3700E3A684 /* AudioToolbox.framework */; };
		83B256E20E62FEA000468741 /* OpenGLES.framework in Frameworks */ = {isa = PBXBuildFile; fileRef = 83B256E10E62FEA000468741 /* OpenGLES.framework */; };
		83B2570B0E62FF8A00468741 /* QuartzCore.framework in Frameworks */ = {isa = PBXBuildFile; fileRef = 83B2570A0E62FF8A00468741 /* QuartzCore.framework */; };
		83B2574C0E63022200468741 /* OpenAL.framework in Frameworks */ = {isa = PBXBuildFile; fileRef = 83B2574B0E63022200468741 /* OpenAL.framework */; };
		83B2574F0E63025400468741 /* libiconv.2.dylib in Frameworks */ = {isa = PBXBuildFile; fileRef = 83B2574E0E63025400468741 /* libiconv.2.dylib */; };
		8A07E1061715A5AB000EDC6F /* iAD.mm in Sources */ = {isa = PBXBuildFile; fileRef = 8A07E1051715A5AB000EDC6F /* iAD.mm */; };
		8A0FED491649699200E9727D /* EAGLContextHelper.mm in Sources */ = {isa = PBXBuildFile; fileRef = 8A0FED481649699200E9727D /* EAGLContextHelper.mm */; };
		8A142DC61636943E00DD87CA /* Keyboard.mm in Sources */ = {isa = PBXBuildFile; fileRef = 8A142DC51636943E00DD87CA /* Keyboard.mm */; };
		8A1FFFAD16512A9000DD0934 /* GlesHelper.mm in Sources */ = {isa = PBXBuildFile; fileRef = 8A1FFFAC16512A9000DD0934 /* GlesHelper.mm */; };
		8A21AED41622F59300AF8007 /* UnityViewControllerBase.mm in Sources */ = {isa = PBXBuildFile; fileRef = 8A21AED31622F59300AF8007 /* UnityViewControllerBase.mm */; };
		8A25E6D218D767E20006A227 /* Filesystem.mm in Sources */ = {isa = PBXBuildFile; fileRef = 8A25E6D118D767E20006A227 /* Filesystem.mm */; };
		8A2AA93516E0978D001FB470 /* CMVideoSampling.mm in Sources */ = {isa = PBXBuildFile; fileRef = 8A2AA93416E0978D001FB470 /* CMVideoSampling.mm */; };
		8A367F5B16A6D36F0012ED11 /* CVTextureCache.mm in Sources */ = {isa = PBXBuildFile; fileRef = 8A367F5A16A6D36F0012ED11 /* CVTextureCache.mm */; };
		8A3EDDC81615B7C1001839E9 /* SplashScreen.mm in Sources */ = {isa = PBXBuildFile; fileRef = 8A3EDDC71615B7C1001839E9 /* SplashScreen.mm */; };
		8A4815C117A28E7F003FBFD5 /* UnityAppController+ViewHandling.mm in Sources */ = {isa = PBXBuildFile; fileRef = 8A4815C017A287D2003FBFD5 /* UnityAppController+ViewHandling.mm */; };
		8A5C1492174E662D0006EB36 /* RenderPluginDelegate.mm in Sources */ = {isa = PBXBuildFile; fileRef = 8A5C1491174E662D0006EB36 /* RenderPluginDelegate.mm */; };
		8A5E0B9116849D1800CBB6FE /* DisplayManager.mm in Sources */ = {isa = PBXBuildFile; fileRef = 8A5E0B9016849D1800CBB6FE /* DisplayManager.mm */; };
		8A6137141A10BCA200059EDF /* ObjCRuntime.mm in Sources */ = {isa = PBXBuildFile; fileRef = 8A6137131A10BCA200059EDF /* ObjCRuntime.mm */; };
		8A6720A519EEB905006C92E0 /* InternalProfiler.cpp in Sources */ = {isa = PBXBuildFile; fileRef = 8A6720A319EEB905006C92E0 /* InternalProfiler.cpp */; };
		8A7057D1171EA29600A1332D /* iAD_Scripting.mm in Sources */ = {isa = PBXBuildFile; fileRef = 8A7057D0171EA29600A1332D /* iAD_Scripting.mm */; };
		8A851BA716FB2F6D00E911DB /* UnityView.mm in Sources */ = {isa = PBXBuildFile; fileRef = 8A851BA616FB2F6D00E911DB /* UnityView.mm */; };
		8A851BAA16FB3AD000E911DB /* UnityAppController.mm in Sources */ = {isa = PBXBuildFile; fileRef = 8A851BA916FB3AD000E911DB /* UnityAppController.mm */; };
		8A8D90DA1A274A7800456C4E /* UnityAppController+UnityInterface.mm in Sources */ = {isa = PBXBuildFile; fileRef = 8A8D90D91A274A7800456C4E /* UnityAppController+UnityInterface.mm */; };
		8A9FCB131617295F00C05364 /* ActivityIndicator.mm in Sources */ = {isa = PBXBuildFile; fileRef = 8A9FCB121617295F00C05364 /* ActivityIndicator.mm */; };
		8AA568AE1827DD79004969C7 /* WWWConnection.mm in Sources */ = {isa = PBXBuildFile; fileRef = 8AA568AD1827DD79004969C7 /* WWWConnection.mm */; };
		8AA5D80217ABE9AF007B9910 /* UnityAppController+Rendering.mm in Sources */ = {isa = PBXBuildFile; fileRef = 8AA5D80117ABE9AF007B9910 /* UnityAppController+Rendering.mm */; };
		8AB3CB3E16D390BB00697AD5 /* VideoPlayer.mm in Sources */ = {isa = PBXBuildFile; fileRef = 8AB3CB3D16D390BB00697AD5 /* VideoPlayer.mm */; };
		8AC71EC419E7FBA90027502F /* OrientationSupport.mm in Sources */ = {isa = PBXBuildFile; fileRef = 8AC71EC319E7FBA90027502F /* OrientationSupport.mm */; };
		8AC74A9519B47FEF00019D38 /* AVCapture.mm in Sources */ = {isa = PBXBuildFile; fileRef = 8AC74A9419B47FEF00019D38 /* AVCapture.mm */; };
		8ACB801C177081D4005D0019 /* DeviceSettings.mm in Sources */ = {isa = PBXBuildFile; fileRef = 8ACB801B177081D4005D0019 /* DeviceSettings.mm */; };
		8ADCE38B19C87177006F04F6 /* CameraCapture.mm in Sources */ = {isa = PBXBuildFile; fileRef = 8ADCE38A19C87177006F04F6 /* CameraCapture.mm */; };
		8AF7755D1799329100341121 /* LifeCycleListener.mm in Sources */ = {isa = PBXBuildFile; fileRef = 8A292A9817992CE100409BA4 /* LifeCycleListener.mm */; };
		8AF7756017997D2700341121 /* AppDelegateListener.mm in Sources */ = {isa = PBXBuildFile; fileRef = 8AF7755F17997D1300341121 /* AppDelegateListener.mm */; };
		8B284EF0ACA59101B1E64E89 /* libbase.a in Frameworks */ = {isa = PBXBuildFile; fileRef = 492F45EABEE2565226007342 /* libbase.a */; };
		8E6A4AA6825F9D6EB1E56FE0 /* libport.a in Frameworks */ = {isa = PBXBuildFile; fileRef = AC9F47ACA68708A32ADA639E /* libport.a */; };
		8EC24BE3A4DEA574DBED826F /* mscorlib.dll.s in Sources */ = {isa = PBXBuildFile; fileRef = DFD844C480D28DAEB9C5DEEA /* mscorlib.dll.s */; };
		95794E58A980DECA82A25BCA /* libionmath.a in Frameworks */ = {isa = PBXBuildFile; fileRef = 60FD48C7BF0746A56F8CC3B7 /* libionmath.a */; };
		9C584A16B8E2908ACE4982DC /* libionimage.a in Frameworks */ = {isa = PBXBuildFile; fileRef = 3BA5471EBE1412D7AA07F12F /* libionimage.a */; };
		9D8E45958D6BC3B68A7D4F77 /* libionzlib.a in Frameworks */ = {isa = PBXBuildFile; fileRef = A70547CFB0CAAE9CB6733386 /* libionzlib.a */; };
		9E5F48A68D7FF0C59BDCC1A3 /* libNimbusCore.a in Frameworks */ = {isa = PBXBuildFile; fileRef = FC564F33947A36F5D2835F11 /* libNimbusCore.a */; };
		9F784C39B1083BA1877D1495 /* libionstblib.a in Frameworks */ = {isa = PBXBuildFile; fileRef = 7D6440729F615BECFE76B69D /* libionstblib.a */; };
		A02E48EC86691E826FB466AC /* libiontext.a in Frameworks */ = {isa = PBXBuildFile; fileRef = 7FA34F529C24C271134C3745 /* libiontext.a */; };
		A44D40EF89A69242131CED31 /* libionwebp.a in Frameworks */ = {isa = PBXBuildFile; fileRef = 7E8941B4B29DD1B7011B27A2 /* libionwebp.a */; };
		A8B54F788F5DCB43186C0BD9 /* libionlodepnglib.a in Frameworks */ = {isa = PBXBuildFile; fileRef = 0EFA4A818F1C45CD6FB2F658 /* libionlodepnglib.a */; };
		AAC3E38D1A68945900F6174A /* RegisterFeatures.cpp in Sources */ = {isa = PBXBuildFile; fileRef = AAC3E38B1A68945900F6174A /* RegisterFeatures.cpp */; };
		AAFE69D219F187C200638316 /* UnityViewControllerListener.mm in Sources */ = {isa = PBXBuildFile; fileRef = AAFE69D119F187C200638316 /* UnityViewControllerListener.mm */; };
		AED94597A6BD46AEE391E460 /* libionportgfx.a in Frameworks */ = {isa = PBXBuildFile; fileRef = DB8D4275A5743154CF558BD7 /* libionportgfx.a */; };
		B2DE4755803039128A1737EF /* MPVideoPlayer.mm in Sources */ = {isa = PBXBuildFile; fileRef = 98B24B56B938FE7F2D1D6BDC /* MPVideoPlayer.mm */; };
		B7F743C2974100A65B5DCD73 /* libdatatypes.a in Frameworks */ = {isa = PBXBuildFile; fileRef = F4E64BC0BA39345CDA26B71D /* libdatatypes.a */; };
		BC344D378CA1C1A972866157 /* libiongfx.a in Frameworks */ = {isa = PBXBuildFile; fileRef = C91747DC8F7DBA79B679312A /* libiongfx.a */; };
		C3064779843D9C2D01CF7890 /* libevent.a in Frameworks */ = {isa = PBXBuildFile; fileRef = 8B1F446B9C0EE80490C67898 /* libevent.a */; };
		C45A4BA0BB19BD33B454BF69 /* libionmongoose.a in Frameworks */ = {isa = PBXBuildFile; fileRef = 30DD4526A8764D815B21D44C /* libionmongoose.a */; };
		D0A045D68606509E68EF2F84 /* UnityEngine.UI.dll.s in Sources */ = {isa = PBXBuildFile; fileRef = CF714FA9B3A3589E72302542 /* UnityEngine.UI.dll.s */; };
		D2D848F3965B123B0E52DA77 /* libionport.a in Frameworks */ = {isa = PBXBuildFile; fileRef = C1D1496E8796E541FDCC56C7 /* libionport.a */; };
		D5294CA58585CF6606CABDD6 /* libprotobuf.a in Frameworks */ = {isa = PBXBuildFile; fileRef = 423C46B8A13CCD7FB6210A53 /* libprotobuf.a */; };
		D82DCFC30E8000A5005D6AD8 /* main.mm in Sources */ = {isa = PBXBuildFile; fileRef = D82DCFBB0E8000A5005D6AD8 /* main.mm */; };
		D8A1C7280E80637F000160D3 /* RegisterMonoModules.cpp in Sources */ = {isa = PBXBuildFile; fileRef = D8A1C7240E80637F000160D3 /* RegisterMonoModules.cpp */; };
		D9E84818A88A72EF08756550 /* libsoftware.a in Frameworks */ = {isa = PBXBuildFile; fileRef = 8C1543DF8710560557BA9544 /* libsoftware.a */; };
		DB14472EAE1FC031C5E7FE2C /* libionprofile.a in Frameworks */ = {isa = PBXBuildFile; fileRef = 24154B548F13CEDBD5B5FDD5 /* libionprofile.a */; };
		DEF3423DBAEEBD6420E2B2B7 /* libNimbusAttributedLabel.a in Frameworks */ = {isa = PBXBuildFile; fileRef = 53FC434E93DC8949D58FC2FE /* libNimbusAttributedLabel.a */; };
		E1AC4B728843E25D02CFC3DD /* libtype.a in Frameworks */ = {isa = PBXBuildFile; fileRef = A9C14BA186C209A767F15368 /* libtype.a */; };
		E1DA46369D40541B43C4514B /* libProtocolBuffers.a in Frameworks */ = {isa = PBXBuildFile; fileRef = 58974B749DF6A9656B8F3E54 /* libProtocolBuffers.a */; };
		E2DC4AB6B47A45F64F4D9AB6 /* LaunchScreenImage-Landscape.png in Resources */ = {isa = PBXBuildFile; fileRef = 64824B438ADCEAF1C09B8551 /* LaunchScreenImage-Landscape.png */; };
		E3E7437A8CB8E169A9AD32F8 /* libcomposite.a in Frameworks */ = {isa = PBXBuildFile; fileRef = 8CFD4C74B1C368EDCF974ABC /* libcomposite.a */; };
		E7CF41A8A46F6DD99EC7A774 /* libvrunity.a in Frameworks */ = {isa = PBXBuildFile; fileRef = 064F491A9D7CB01E59710951 /* libvrunity.a */; };
		EB5F4196834B2BB8766CE110 /* libcardboard.a in Frameworks */ = {isa = PBXBuildFile; fileRef = 8A6D4775AD4C21CD851F18AD /* libcardboard.a */; };
		ECC54C80B9D00858D4A5CA1C /* LaunchScreen.xib in Resources */ = {isa = PBXBuildFile; fileRef = F8BB4A92A5B0C4BFAA4EEA91 /* LaunchScreen.xib */; };
		F0784B4C93D8529A225E737E /* libionbase.a in Frameworks */ = {isa = PBXBuildFile; fileRef = D1EC4DEFA98FB830D8C0E3D7 /* libionbase.a */; };
		F1BC44F6AB5322AA32546122 /* UnityEngine.dll.s in Sources */ = {isa = PBXBuildFile; fileRef = FFFA4CD9A47C06252E55A089 /* UnityEngine.dll.s */; };
		F26943CC82F5F4611B531A9B /* libapi.a in Frameworks */ = {isa = PBXBuildFile; fileRef = BA804605BB4C1FD86419FABB /* libapi.a */; };
		F85441F49085606295E84A6F /* libQuantumCore.a in Frameworks */ = {isa = PBXBuildFile; fileRef = B4F74CCE89F2BF342A95BA8E /* libQuantumCore.a */; };
		FC85CCBB16C3ED8000BAF7C7 /* CrashReporter.mm in Sources */ = {isa = PBXBuildFile; fileRef = FC85CCB916C3ED8000BAF7C7 /* CrashReporter.mm */; };
		FD56497DB00E8045A3B34EC1 /* libionfreetype2.a in Frameworks */ = {isa = PBXBuildFile; fileRef = AABB489EBE6351988FA3F3F2 /* libionfreetype2.a */; };
		FF0148BCAD9C5E1ABCA27E05 /* libgflags.a in Frameworks */ = {isa = PBXBuildFile; fileRef = 549B4F61B030ABA2808BFF80 /* libgflags.a */; };
/* End PBXBuildFile section */

/* Begin PBXContainerItemProxy section */
		5623C58117FDCB0900090B9E /* PBXContainerItemProxy */ = {
			isa = PBXContainerItemProxy;
			containerPortal = 29B97313FDCFA39411CA2CEA /* Project object */;
			proxyType = 1;
			remoteGlobalIDString = 1D6058900D05DD3D006BFB54;
			remoteInfo = "Unity-iPhone";
		};
/* End PBXContainerItemProxy section */

/* Begin PBXCopyFilesBuildPhase section */
		83D0C1FD0E6C8D7700EBCE5D /* CopyFiles */ = {
			isa = PBXCopyFilesBuildPhase;
			buildActionMask = 2147483647;
			dstPath = "";
			dstSubfolderSpec = 0;
			files = (
			);
			runOnlyForDeploymentPostprocessing = 0;
		};
/* End PBXCopyFilesBuildPhase section */

/* Begin PBXFileReference section */
		010343EF8B86031D9E353894 /* librecorder.a */ = {isa = PBXFileReference; lastKnownFileType = archive.ar; name = librecorder.a; path = Libraries/Plugins/iOS/librecorder.a; sourceTree = SOURCE_ROOT; };
		064F491A9D7CB01E59710951 /* libvrunity.a */ = {isa = PBXFileReference; lastKnownFileType = archive.ar; name = libvrunity.a; path = Libraries/Plugins/iOS/libvrunity.a; sourceTree = SOURCE_ROOT; };
		08B24F75137BFDFA00FBA309 /* iAd.framework */ = {isa = PBXFileReference; lastKnownFileType = wrapper.framework; name = iAd.framework; path = System/Library/Frameworks/iAd.framework; sourceTree = SDKROOT; };
		0E9146B5A8B395A557C2C775 /* CardboardView.h */ = {isa = PBXFileReference; lastKnownFileType = sourcecode.c.h; name = CardboardView.h; path = Libraries/Plugins/iOS/CardboardView.h; sourceTree = SOURCE_ROOT; };
		0EFA4A818F1C45CD6FB2F658 /* libionlodepnglib.a */ = {isa = PBXFileReference; lastKnownFileType = archive.ar; name = libionlodepnglib.a; path = Libraries/Plugins/iOS/libionlodepnglib.a; sourceTree = SOURCE_ROOT; };
		13DA47D9A7C4B162463E1B47 /* CardboardView.mm */ = {isa = PBXFileReference; lastKnownFileType = sourcecode.cpp.objcpp; name = CardboardView.mm; path = Libraries/Plugins/iOS/CardboardView.mm; sourceTree = SOURCE_ROOT; };
		16DB4859AA4CB1483A21C88B /* resources.bundle */ = {isa = PBXFileReference; lastKnownFileType = "wrapper.plug-in"; name = resources.bundle; path = Frameworks/Plugins/iOS/resources.bundle; sourceTree = SOURCE_ROOT; };
		17A24B289E34B8E76279F454 /* libiongfxutils.a */ = {isa = PBXFileReference; lastKnownFileType = archive.ar; name = libiongfxutils.a; path = Libraries/Plugins/iOS/libiongfxutils.a; sourceTree = SOURCE_ROOT; };
		1859EA9A19214E7B0022C3D3 /* MetalHelper.mm */ = {isa = PBXFileReference; fileEncoding = 4; lastKnownFileType = sourcecode.cpp.objcpp; path = MetalHelper.mm; sourceTree = "<group>"; };
		19AA402697C0246DC9576A90 /* UnityProInterface.h */ = {isa = PBXFileReference; lastKnownFileType = sourcecode.c.h; name = UnityProInterface.h; path = Classes/Unity/UnityProInterface.h; sourceTree = SOURCE_ROOT; };
		1D30AB110D05D00D00671497 /* Foundation.framework */ = {isa = PBXFileReference; lastKnownFileType = wrapper.framework; name = Foundation.framework; path = System/Library/Frameworks/Foundation.framework; sourceTree = SDKROOT; };
		1D6058910D05DD3D006BFB54 /* philz.app */ = {isa = PBXFileReference; explicitFileType = wrapper.application; includeInIndex = 0; path = philz.app; sourceTree = BUILT_PRODUCTS_DIR; };
		20704DB2965F21F8F2FFFD2C /* libplatform.a */ = {isa = PBXFileReference; lastKnownFileType = archive.ar; name = libplatform.a; path = Libraries/Plugins/iOS/libplatform.a; sourceTree = SOURCE_ROOT; };
		20934FB3AA5BEAD77325308B /* Mono.Security.dll.s */ = {isa = PBXFileReference; lastKnownFileType = sourcecode.asm; name = Mono.Security.dll.s; path = Libraries/Mono.Security.dll.s; sourceTree = SOURCE_ROOT; };
		24154B548F13CEDBD5B5FDD5 /* libionprofile.a */ = {isa = PBXFileReference; lastKnownFileType = archive.ar; name = libionprofile.a; path = Libraries/Plugins/iOS/libionprofile.a; sourceTree = SOURCE_ROOT; };
		2622485BB643B61B8436377B /* libprotos_lib.a */ = {isa = PBXFileReference; lastKnownFileType = archive.ar; name = libprotos_lib.a; path = Libraries/Plugins/iOS/libprotos_lib.a; sourceTree = SOURCE_ROOT; };
		2697456DA5BA68AC36C154D2 /* libionimagecompression.a */ = {isa = PBXFileReference; lastKnownFileType = archive.ar; name = libionimagecompression.a; path = Libraries/Plugins/iOS/libionimagecompression.a; sourceTree = SOURCE_ROOT; };
		30DD4526A8764D815B21D44C /* libionmongoose.a */ = {isa = PBXFileReference; lastKnownFileType = archive.ar; name = libionmongoose.a; path = Libraries/Plugins/iOS/libionmongoose.a; sourceTree = SOURCE_ROOT; };
		341548EBBF8E3B131E2B97FA /* System.dll.s */ = {isa = PBXFileReference; lastKnownFileType = sourcecode.asm; name = System.dll.s; path = Libraries/System.dll.s; sourceTree = SOURCE_ROOT; };
		345E4C979B69AE5B17ED3F95 /* libionanalytics.a */ = {isa = PBXFileReference; lastKnownFileType = archive.ar; name = libionanalytics.a; path = Libraries/Plugins/iOS/libionanalytics.a; sourceTree = SOURCE_ROOT; };
		3AEF97DC1B1B92F300828CED /* CoreText.framework */ = {isa = PBXFileReference; lastKnownFileType = wrapper.framework; name = CoreText.framework; path = System/Library/Frameworks/CoreText.framework; sourceTree = SDKROOT; };
		3AEF97E01B1BDAF200828CED /* resources2.bundle */ = {isa = PBXFileReference; lastKnownFileType = "wrapper.plug-in"; name = resources2.bundle; path = ../Assets/Plugins/iOS/resources2.bundle; sourceTree = "<group>"; };
		3AEF97E41B1C003500828CED /* AppIcon.appiconset */ = {isa = PBXFileReference; lastKnownFileType = folder; path = AppIcon.appiconset; sourceTree = "<group>"; };
		3AEF97E51B1C003500828CED /* Icon-60.png */ = {isa = PBXFileReference; lastKnownFileType = image.png; path = "Icon-60.png"; sourceTree = "<group>"; };
		3AEF97E61B1C003500828CED /* Icon-72.png */ = {isa = PBXFileReference; lastKnownFileType = image.png; path = "Icon-72.png"; sourceTree = "<group>"; };
		3AEF97E71B1C003500828CED /* Icon-72@2x.png */ = {isa = PBXFileReference; lastKnownFileType = image.png; path = "Icon-72@2x.png"; sourceTree = "<group>"; };
		3AEF97E81B1C003500828CED /* Icon-Small-50.png */ = {isa = PBXFileReference; lastKnownFileType = image.png; path = "Icon-Small-50.png"; sourceTree = "<group>"; };
		3AEF97E91B1C003500828CED /* Icon-Small-50@2x.png */ = {isa = PBXFileReference; lastKnownFileType = image.png; path = "Icon-Small-50@2x.png"; sourceTree = "<group>"; };
		3AEF97EA1B1C003500828CED /* Icon.png */ = {isa = PBXFileReference; lastKnownFileType = image.png; path = Icon.png; sourceTree = "<group>"; };
		3AEF97EB1B1C003500828CED /* Icon@2x.png */ = {isa = PBXFileReference; lastKnownFileType = image.png; path = "Icon@2x.png"; sourceTree = "<group>"; };
		3AEF97EC1B1C003500828CED /* iTunesArtwork.png */ = {isa = PBXFileReference; lastKnownFileType = image.png; path = iTunesArtwork.png; sourceTree = "<group>"; };
		3AEF97ED1B1C003500828CED /* iTunesArtwork@2x.png */ = {isa = PBXFileReference; lastKnownFileType = image.png; path = "iTunesArtwork@2x.png"; sourceTree = "<group>"; };
		3BA5471EBE1412D7AA07F12F /* libionimage.a */ = {isa = PBXFileReference; lastKnownFileType = archive.ar; name = libionimage.a; path = Libraries/Plugins/iOS/libionimage.a; sourceTree = SOURCE_ROOT; };
		415C42A9BEA87541D4E94497 /* UnityProInterface.mm */ = {isa = PBXFileReference; lastKnownFileType = sourcecode.cpp.objcpp; name = UnityProInterface.mm; path = Classes/Unity/UnityProInterface.mm; sourceTree = SOURCE_ROOT; };
		423C46B8A13CCD7FB6210A53 /* libprotobuf.a */ = {isa = PBXFileReference; lastKnownFileType = archive.ar; name = libprotobuf.a; path = Libraries/Plugins/iOS/libprotobuf.a; sourceTree = SOURCE_ROOT; };
		481445CCB92DB9FBB1B3B178 /* liblogging.a */ = {isa = PBXFileReference; lastKnownFileType = archive.ar; name = liblogging.a; path = Libraries/Plugins/iOS/liblogging.a; sourceTree = SOURCE_ROOT; };
		492F45EABEE2565226007342 /* libbase.a */ = {isa = PBXFileReference; lastKnownFileType = archive.ar; name = libbase.a; path = Libraries/Plugins/iOS/libbase.a; sourceTree = SOURCE_ROOT; };
		53FC434E93DC8949D58FC2FE /* libNimbusAttributedLabel.a */ = {isa = PBXFileReference; lastKnownFileType = archive.ar; name = libNimbusAttributedLabel.a; path = Libraries/Plugins/iOS/libNimbusAttributedLabel.a; sourceTree = SOURCE_ROOT; };
		549B4F61B030ABA2808BFF80 /* libgflags.a */ = {isa = PBXFileReference; lastKnownFileType = archive.ar; name = libgflags.a; path = Libraries/Plugins/iOS/libgflags.a; sourceTree = SOURCE_ROOT; };
		5623C57317FDCB0800090B9E /* philz.octest */ = {isa = PBXFileReference; explicitFileType = wrapper.cfbundle; includeInIndex = 0; path = philz.octest; sourceTree = BUILT_PRODUCTS_DIR; };
		5623C57A17FDCB0900090B9E /* Unity-iPhone Tests-Info.plist */ = {isa = PBXFileReference; lastKnownFileType = text.plist.xml; path = "Unity-iPhone Tests-Info.plist"; sourceTree = "<group>"; };
		5623C57C17FDCB0900090B9E /* en */ = {isa = PBXFileReference; lastKnownFileType = text.plist.strings; name = en; path = en.lproj/InfoPlist.strings; sourceTree = "<group>"; };
		5623C57E17FDCB0900090B9E /* Unity_iPhone_Tests.m */ = {isa = PBXFileReference; lastKnownFileType = sourcecode.c.objc; path = Unity_iPhone_Tests.m; sourceTree = "<group>"; };
		5623C58017FDCB0900090B9E /* Unity-iPhone Tests-Prefix.pch */ = {isa = PBXFileReference; lastKnownFileType = sourcecode.c.h; path = "Unity-iPhone Tests-Prefix.pch"; sourceTree = "<group>"; };
		5682F4B10F3B34FF007A219C /* MediaPlayer.framework */ = {isa = PBXFileReference; lastKnownFileType = wrapper.framework; name = MediaPlayer.framework; path = System/Library/Frameworks/MediaPlayer.framework; sourceTree = SDKROOT; };
		5692F3DC0FA9D8E500EBA2F1 /* CoreLocation.framework */ = {isa = PBXFileReference; lastKnownFileType = wrapper.framework; name = CoreLocation.framework; path = System/Library/Frameworks/CoreLocation.framework; sourceTree = SDKROOT; };
		56B7959A1442E0F20026B3DD /* CoreGraphics.framework */ = {isa = PBXFileReference; lastKnownFileType = wrapper.framework; name = CoreGraphics.framework; path = System/Library/Frameworks/CoreGraphics.framework; sourceTree = SDKROOT; };
		56B795C11442E1100026B3DD /* CoreMotion.framework */ = {isa = PBXFileReference; lastKnownFileType = wrapper.framework; name = CoreMotion.framework; path = System/Library/Frameworks/CoreMotion.framework; sourceTree = SDKROOT; };
		56BCBA380FCF049A0030C3B2 /* SystemConfiguration.framework */ = {isa = PBXFileReference; lastKnownFileType = wrapper.framework; name = SystemConfiguration.framework; path = System/Library/Frameworks/SystemConfiguration.framework; sourceTree = SDKROOT; };
		56C56C9717D6015100616839 /* Images.xcassets */ = {isa = PBXFileReference; lastKnownFileType = folder.assetcatalog; name = Images.xcassets; path = "Unity-iPhone/Images.xcassets"; sourceTree = "<group>"; };
		56DBF99C15E3CDC9007A4A8D /* iPhone_Sensors.mm */ = {isa = PBXFileReference; fileEncoding = 4; lastKnownFileType = sourcecode.cpp.objcpp; path = iPhone_Sensors.mm; sourceTree = "<group>"; };
		56DBF99E15E3CE85007A4A8D /* iPhone_Sensors.h */ = {isa = PBXFileReference; fileEncoding = 4; lastKnownFileType = sourcecode.c.h; path = iPhone_Sensors.h; sourceTree = "<group>"; };
		56FD43950ED4745200FE3770 /* CFNetwork.framework */ = {isa = PBXFileReference; lastKnownFileType = wrapper.framework; name = CFNetwork.framework; path = System/Library/Frameworks/CFNetwork.framework; sourceTree = SDKROOT; };
		58974B749DF6A9656B8F3E54 /* libProtocolBuffers.a */ = {isa = PBXFileReference; lastKnownFileType = archive.ar; name = libProtocolBuffers.a; path = Libraries/Plugins/iOS/libProtocolBuffers.a; sourceTree = SOURCE_ROOT; };
		5DF64617BC2FB110458EE465 /* libionremote.a */ = {isa = PBXFileReference; lastKnownFileType = archive.ar; name = libionremote.a; path = Libraries/Plugins/iOS/libionremote.a; sourceTree = SOURCE_ROOT; };
		5F854EE098E510B77DB34789 /* CardboardAppController.mm */ = {isa = PBXFileReference; lastKnownFileType = sourcecode.cpp.objcpp; name = CardboardAppController.mm; path = Libraries/Plugins/iOS/CardboardAppController.mm; sourceTree = SOURCE_ROOT; };
		60FD48C7BF0746A56F8CC3B7 /* libionmath.a */ = {isa = PBXFileReference; lastKnownFileType = archive.ar; name = libionmath.a; path = Libraries/Plugins/iOS/libionmath.a; sourceTree = SOURCE_ROOT; };
		644B4A90BBD579A37B75C9FA /* CardboardAppController.h */ = {isa = PBXFileReference; lastKnownFileType = sourcecode.c.h; name = CardboardAppController.h; path = Libraries/Plugins/iOS/CardboardAppController.h; sourceTree = SOURCE_ROOT; };
		64824B438ADCEAF1C09B8551 /* LaunchScreenImage-Landscape.png */ = {isa = PBXFileReference; lastKnownFileType = image.png; path = "LaunchScreenImage-Landscape.png"; sourceTree = SOURCE_ROOT; };
		6D2441DB88153CC85D63AA29 /* libsensors.a */ = {isa = PBXFileReference; lastKnownFileType = archive.ar; name = libsensors.a; path = Libraries/Plugins/iOS/libsensors.a; sourceTree = SOURCE_ROOT; };
		712D4956AE6D1D279ECA1C97 /* libNimbusModels.a */ = {isa = PBXFileReference; lastKnownFileType = archive.ar; name = libNimbusModels.a; path = Libraries/Plugins/iOS/libNimbusModels.a; sourceTree = SOURCE_ROOT; };
		722D43E19BAAA1AA4619BC5C /* libionopenctm.a */ = {isa = PBXFileReference; lastKnownFileType = archive.ar; name = libionopenctm.a; path = Libraries/Plugins/iOS/libionopenctm.a; sourceTree = SOURCE_ROOT; };
		792E47229FB5C085FFF72410 /* Assembly-CSharp.dll.s */ = {isa = PBXFileReference; lastKnownFileType = sourcecode.asm; name = "Assembly-CSharp.dll.s"; path = "Libraries/Assembly-CSharp.dll.s"; sourceTree = SOURCE_ROOT; };
		7D6440729F615BECFE76B69D /* libionstblib.a */ = {isa = PBXFileReference; lastKnownFileType = archive.ar; name = libionstblib.a; path = Libraries/Plugins/iOS/libionstblib.a; sourceTree = SOURCE_ROOT; };
		7E8941B4B29DD1B7011B27A2 /* libionwebp.a */ = {isa = PBXFileReference; lastKnownFileType = archive.ar; name = libionwebp.a; path = Libraries/Plugins/iOS/libionwebp.a; sourceTree = SOURCE_ROOT; };
		7F36C10E13C5C673007FBDD9 /* CoreMedia.framework */ = {isa = PBXFileReference; lastKnownFileType = wrapper.framework; name = CoreMedia.framework; path = System/Library/Frameworks/CoreMedia.framework; sourceTree = SDKROOT; };
		7F36C10F13C5C673007FBDD9 /* CoreVideo.framework */ = {isa = PBXFileReference; lastKnownFileType = wrapper.framework; name = CoreVideo.framework; path = System/Library/Frameworks/CoreVideo.framework; sourceTree = SDKROOT; };
		7F36C11013C5C673007FBDD9 /* AVFoundation.framework */ = {isa = PBXFileReference; lastKnownFileType = wrapper.framework; name = AVFoundation.framework; path = System/Library/Frameworks/AVFoundation.framework; sourceTree = SDKROOT; };
		7FA34F529C24C271134C3745 /* libiontext.a */ = {isa = PBXFileReference; lastKnownFileType = archive.ar; name = libiontext.a; path = Libraries/Plugins/iOS/libiontext.a; sourceTree = SOURCE_ROOT; };
		830B5C100E5ED4C100C7819F /* UIKit.framework */ = {isa = PBXFileReference; lastKnownFileType = wrapper.framework; name = UIKit.framework; path = System/Library/Frameworks/UIKit.framework; sourceTree = SDKROOT; };
		8358D1B70ED1CC3700E3A684 /* AudioToolbox.framework */ = {isa = PBXFileReference; lastKnownFileType = wrapper.framework; name = AudioToolbox.framework; path = System/Library/Frameworks/AudioToolbox.framework; sourceTree = SDKROOT; };
		83B256E10E62FEA000468741 /* OpenGLES.framework */ = {isa = PBXFileReference; lastKnownFileType = wrapper.framework; name = OpenGLES.framework; path = System/Library/Frameworks/OpenGLES.framework; sourceTree = SDKROOT; };
		83B2570A0E62FF8A00468741 /* QuartzCore.framework */ = {isa = PBXFileReference; lastKnownFileType = wrapper.framework; name = QuartzCore.framework; path = System/Library/Frameworks/QuartzCore.framework; sourceTree = SDKROOT; };
		83B2574B0E63022200468741 /* OpenAL.framework */ = {isa = PBXFileReference; lastKnownFileType = wrapper.framework; name = OpenAL.framework; path = System/Library/Frameworks/OpenAL.framework; sourceTree = SDKROOT; };
		83B2574E0E63025400468741 /* libiconv.2.dylib */ = {isa = PBXFileReference; lastKnownFileType = "compiled.mach-o.dylib"; name = libiconv.2.dylib; path = usr/lib/libiconv.2.dylib; sourceTree = SDKROOT; };
		87E947B398A51F75376C7895 /* liblogging_protos.a */ = {isa = PBXFileReference; lastKnownFileType = archive.ar; name = liblogging_protos.a; path = Libraries/Plugins/iOS/liblogging_protos.a; sourceTree = SOURCE_ROOT; };
		8A07E1041715A5AB000EDC6F /* iAD.h */ = {isa = PBXFileReference; fileEncoding = 4; lastKnownFileType = sourcecode.c.h; path = iAD.h; sourceTree = "<group>"; };
		8A07E1051715A5AB000EDC6F /* iAD.mm */ = {isa = PBXFileReference; fileEncoding = 4; lastKnownFileType = sourcecode.cpp.objcpp; path = iAD.mm; sourceTree = "<group>"; };
		8A0FED471649699200E9727D /* EAGLContextHelper.h */ = {isa = PBXFileReference; fileEncoding = 4; lastKnownFileType = sourcecode.c.h; path = EAGLContextHelper.h; sourceTree = "<group>"; };
		8A0FED481649699200E9727D /* EAGLContextHelper.mm */ = {isa = PBXFileReference; fileEncoding = 4; lastKnownFileType = sourcecode.cpp.objcpp; path = EAGLContextHelper.mm; sourceTree = "<group>"; };
		8A142DC41636943E00DD87CA /* Keyboard.h */ = {isa = PBXFileReference; fileEncoding = 4; lastKnownFileType = sourcecode.c.h; path = Keyboard.h; sourceTree = "<group>"; };
		8A142DC51636943E00DD87CA /* Keyboard.mm */ = {isa = PBXFileReference; fileEncoding = 4; lastKnownFileType = sourcecode.cpp.objcpp; path = Keyboard.mm; sourceTree = "<group>"; };
		8A1B656D185FB650009F37BD /* AdSupport.framework */ = {isa = PBXFileReference; lastKnownFileType = wrapper.framework; name = AdSupport.framework; path = System/Library/Frameworks/AdSupport.framework; sourceTree = SDKROOT; };
		8A1FFFAB16512A9000DD0934 /* GlesHelper.h */ = {isa = PBXFileReference; fileEncoding = 4; lastKnownFileType = sourcecode.c.h; path = GlesHelper.h; sourceTree = "<group>"; };
		8A1FFFAC16512A9000DD0934 /* GlesHelper.mm */ = {isa = PBXFileReference; fileEncoding = 4; lastKnownFileType = sourcecode.cpp.objcpp; path = GlesHelper.mm; sourceTree = "<group>"; };
		8A21AED21622F59300AF8007 /* UnityViewControllerBase.h */ = {isa = PBXFileReference; fileEncoding = 4; lastKnownFileType = sourcecode.c.h; path = UnityViewControllerBase.h; sourceTree = "<group>"; };
		8A21AED31622F59300AF8007 /* UnityViewControllerBase.mm */ = {isa = PBXFileReference; fileEncoding = 4; lastKnownFileType = sourcecode.cpp.objcpp; path = UnityViewControllerBase.mm; sourceTree = "<group>"; };
		8A25E6D118D767E20006A227 /* Filesystem.mm */ = {isa = PBXFileReference; fileEncoding = 4; lastKnownFileType = sourcecode.cpp.objcpp; path = Filesystem.mm; sourceTree = "<group>"; };
		8A292A9717992CE100409BA4 /* LifeCycleListener.h */ = {isa = PBXFileReference; lastKnownFileType = sourcecode.c.h; path = LifeCycleListener.h; sourceTree = "<group>"; };
		8A292A9817992CE100409BA4 /* LifeCycleListener.mm */ = {isa = PBXFileReference; lastKnownFileType = sourcecode.cpp.objcpp; path = LifeCycleListener.mm; sourceTree = "<group>"; };
		8A2AA93316E0978D001FB470 /* CMVideoSampling.h */ = {isa = PBXFileReference; fileEncoding = 4; lastKnownFileType = sourcecode.c.h; path = CMVideoSampling.h; sourceTree = "<group>"; };
		8A2AA93416E0978D001FB470 /* CMVideoSampling.mm */ = {isa = PBXFileReference; fileEncoding = 4; lastKnownFileType = sourcecode.cpp.objcpp; path = CMVideoSampling.mm; sourceTree = "<group>"; };
		8A367F5916A6D36F0012ED11 /* CVTextureCache.h */ = {isa = PBXFileReference; fileEncoding = 4; lastKnownFileType = sourcecode.c.h; path = CVTextureCache.h; sourceTree = "<group>"; };
		8A367F5A16A6D36F0012ED11 /* CVTextureCache.mm */ = {isa = PBXFileReference; fileEncoding = 4; lastKnownFileType = sourcecode.cpp.objcpp; path = CVTextureCache.mm; sourceTree = "<group>"; };
		8A3EDDC61615B7C1001839E9 /* SplashScreen.h */ = {isa = PBXFileReference; fileEncoding = 4; lastKnownFileType = sourcecode.c.h; path = SplashScreen.h; sourceTree = "<group>"; };
		8A3EDDC71615B7C1001839E9 /* SplashScreen.mm */ = {isa = PBXFileReference; fileEncoding = 4; lastKnownFileType = sourcecode.cpp.objcpp; path = SplashScreen.mm; sourceTree = "<group>"; };
		8A4815BF17A287D2003FBFD5 /* UnityAppController+ViewHandling.h */ = {isa = PBXFileReference; lastKnownFileType = sourcecode.c.h; path = "UnityAppController+ViewHandling.h"; sourceTree = "<group>"; };
		8A4815C017A287D2003FBFD5 /* UnityAppController+ViewHandling.mm */ = {isa = PBXFileReference; lastKnownFileType = sourcecode.cpp.objcpp; path = "UnityAppController+ViewHandling.mm"; sourceTree = "<group>"; };
		8A5C1490174E662D0006EB36 /* RenderPluginDelegate.h */ = {isa = PBXFileReference; fileEncoding = 4; lastKnownFileType = sourcecode.c.h; path = RenderPluginDelegate.h; sourceTree = "<group>"; };
		8A5C1491174E662D0006EB36 /* RenderPluginDelegate.mm */ = {isa = PBXFileReference; fileEncoding = 4; lastKnownFileType = sourcecode.cpp.objcpp; path = RenderPluginDelegate.mm; sourceTree = "<group>"; };
		8A5E0B8F16849D1800CBB6FE /* DisplayManager.h */ = {isa = PBXFileReference; fileEncoding = 4; lastKnownFileType = sourcecode.c.h; path = DisplayManager.h; sourceTree = "<group>"; };
		8A5E0B9016849D1800CBB6FE /* DisplayManager.mm */ = {isa = PBXFileReference; fileEncoding = 4; lastKnownFileType = sourcecode.cpp.objcpp; path = DisplayManager.mm; sourceTree = "<group>"; };
		8A6137121A10B57700059EDF /* ObjCRuntime.h */ = {isa = PBXFileReference; fileEncoding = 4; lastKnownFileType = sourcecode.c.h; path = ObjCRuntime.h; sourceTree = "<group>"; };
		8A6137131A10BCA200059EDF /* ObjCRuntime.mm */ = {isa = PBXFileReference; fileEncoding = 4; lastKnownFileType = sourcecode.cpp.objcpp; path = ObjCRuntime.mm; sourceTree = "<group>"; };
		8A6720A319EEB905006C92E0 /* InternalProfiler.cpp */ = {isa = PBXFileReference; fileEncoding = 4; lastKnownFileType = sourcecode.cpp.cpp; path = InternalProfiler.cpp; sourceTree = "<group>"; };
		8A6720A419EEB905006C92E0 /* InternalProfiler.h */ = {isa = PBXFileReference; fileEncoding = 4; lastKnownFileType = sourcecode.c.h; path = InternalProfiler.h; sourceTree = "<group>"; };
		8A6720A619EFAF25006C92E0 /* Prefix.pch */ = {isa = PBXFileReference; fileEncoding = 4; lastKnownFileType = sourcecode.c.h; path = Prefix.pch; sourceTree = "<group>"; };
		8A6D4775AD4C21CD851F18AD /* libcardboard.a */ = {isa = PBXFileReference; lastKnownFileType = archive.ar; name = libcardboard.a; path = Libraries/Plugins/iOS/libcardboard.a; sourceTree = SOURCE_ROOT; };
		8A7057D0171EA29600A1332D /* iAD_Scripting.mm */ = {isa = PBXFileReference; fileEncoding = 4; lastKnownFileType = sourcecode.cpp.objcpp; path = iAD_Scripting.mm; sourceTree = "<group>"; };
		8A851BA516FB2F6D00E911DB /* UnityView.h */ = {isa = PBXFileReference; fileEncoding = 4; lastKnownFileType = sourcecode.c.h; path = UnityView.h; sourceTree = "<group>"; };
		8A851BA616FB2F6D00E911DB /* UnityView.mm */ = {isa = PBXFileReference; fileEncoding = 4; lastKnownFileType = sourcecode.cpp.objcpp; path = UnityView.mm; sourceTree = "<group>"; };
		8A851BA816FB3AD000E911DB /* UnityAppController.h */ = {isa = PBXFileReference; fileEncoding = 4; lastKnownFileType = sourcecode.c.h; path = UnityAppController.h; sourceTree = "<group>"; };
		8A851BA916FB3AD000E911DB /* UnityAppController.mm */ = {isa = PBXFileReference; fileEncoding = 4; lastKnownFileType = sourcecode.cpp.objcpp; path = UnityAppController.mm; sourceTree = "<group>"; };
		8A851BAB16FC875E00E911DB /* UnityInterface.h */ = {isa = PBXFileReference; fileEncoding = 4; lastKnownFileType = sourcecode.c.h; path = UnityInterface.h; sourceTree = "<group>"; };
		8A8D90D81A274A7800456C4E /* UnityAppController+UnityInterface.h */ = {isa = PBXFileReference; fileEncoding = 4; lastKnownFileType = sourcecode.c.h; path = "UnityAppController+UnityInterface.h"; sourceTree = "<group>"; };
		8A8D90D91A274A7800456C4E /* UnityAppController+UnityInterface.mm */ = {isa = PBXFileReference; fileEncoding = 4; lastKnownFileType = sourcecode.cpp.objcpp; path = "UnityAppController+UnityInterface.mm"; sourceTree = "<group>"; };
		8A90541019EE8843003D1039 /* UnityForwardDecls.h */ = {isa = PBXFileReference; fileEncoding = 4; lastKnownFileType = sourcecode.c.h; path = UnityForwardDecls.h; sourceTree = "<group>"; };
		8A9FCB111617295F00C05364 /* ActivityIndicator.h */ = {isa = PBXFileReference; fileEncoding = 4; lastKnownFileType = sourcecode.c.h; path = ActivityIndicator.h; sourceTree = "<group>"; };
		8A9FCB121617295F00C05364 /* ActivityIndicator.mm */ = {isa = PBXFileReference; fileEncoding = 4; lastKnownFileType = sourcecode.cpp.objcpp; path = ActivityIndicator.mm; sourceTree = "<group>"; };
		8AA108C01948732900D0538B /* UnityRendering.h */ = {isa = PBXFileReference; fileEncoding = 4; lastKnownFileType = sourcecode.c.h; path = UnityRendering.h; sourceTree = "<group>"; };
		8AA568AC1827DD79004969C7 /* WWWConnection.h */ = {isa = PBXFileReference; fileEncoding = 4; lastKnownFileType = sourcecode.c.h; path = WWWConnection.h; sourceTree = "<group>"; };
		8AA568AD1827DD79004969C7 /* WWWConnection.mm */ = {isa = PBXFileReference; fileEncoding = 4; lastKnownFileType = sourcecode.cpp.objcpp; path = WWWConnection.mm; sourceTree = "<group>"; };
		8AA5D80017ABE9AF007B9910 /* UnityAppController+Rendering.h */ = {isa = PBXFileReference; fileEncoding = 4; lastKnownFileType = sourcecode.c.h; path = "UnityAppController+Rendering.h"; sourceTree = "<group>"; };
		8AA5D80117ABE9AF007B9910 /* UnityAppController+Rendering.mm */ = {isa = PBXFileReference; fileEncoding = 4; lastKnownFileType = sourcecode.cpp.objcpp; path = "UnityAppController+Rendering.mm"; sourceTree = "<group>"; };
		8AA6ADDB17818CFD00A1C5F1 /* UnityTrampolineConfigure.h */ = {isa = PBXFileReference; lastKnownFileType = sourcecode.c.h; path = UnityTrampolineConfigure.h; sourceTree = "<group>"; };
		8AB3CB3C16D390BA00697AD5 /* VideoPlayer.h */ = {isa = PBXFileReference; fileEncoding = 4; lastKnownFileType = sourcecode.c.h; path = VideoPlayer.h; sourceTree = "<group>"; };
		8AB3CB3D16D390BB00697AD5 /* VideoPlayer.mm */ = {isa = PBXFileReference; fileEncoding = 4; lastKnownFileType = sourcecode.cpp.objcpp; path = VideoPlayer.mm; sourceTree = "<group>"; };
		8ABDBCE019CAFCF700A842FF /* AVCapture.h */ = {isa = PBXFileReference; fileEncoding = 4; lastKnownFileType = sourcecode.c.h; path = AVCapture.h; sourceTree = "<group>"; };
		8AC71EC219E7FBA90027502F /* OrientationSupport.h */ = {isa = PBXFileReference; fileEncoding = 4; lastKnownFileType = sourcecode.c.h; path = OrientationSupport.h; sourceTree = "<group>"; };
		8AC71EC319E7FBA90027502F /* OrientationSupport.mm */ = {isa = PBXFileReference; fileEncoding = 4; lastKnownFileType = sourcecode.cpp.objcpp; path = OrientationSupport.mm; sourceTree = "<group>"; };
		8AC74A9419B47FEF00019D38 /* AVCapture.mm */ = {isa = PBXFileReference; fileEncoding = 4; lastKnownFileType = sourcecode.cpp.objcpp; path = AVCapture.mm; sourceTree = "<group>"; };
		8ACB801B177081D4005D0019 /* DeviceSettings.mm */ = {isa = PBXFileReference; fileEncoding = 4; lastKnownFileType = sourcecode.cpp.objcpp; path = DeviceSettings.mm; sourceTree = "<group>"; };
		8ACB801D177081F7005D0019 /* Preprocessor.h */ = {isa = PBXFileReference; fileEncoding = 4; lastKnownFileType = sourcecode.c.h; path = Preprocessor.h; sourceTree = "<group>"; };
		8ADCE38919C87177006F04F6 /* CameraCapture.h */ = {isa = PBXFileReference; fileEncoding = 4; lastKnownFileType = sourcecode.c.h; path = CameraCapture.h; sourceTree = "<group>"; };
		8ADCE38A19C87177006F04F6 /* CameraCapture.mm */ = {isa = PBXFileReference; fileEncoding = 4; lastKnownFileType = sourcecode.cpp.objcpp; path = CameraCapture.mm; sourceTree = "<group>"; };
		8AECDC781950835600CB29E8 /* UnityMetalSupport.h */ = {isa = PBXFileReference; fileEncoding = 4; lastKnownFileType = sourcecode.c.h; path = UnityMetalSupport.h; sourceTree = "<group>"; };
		8AF7755E17997D1300341121 /* AppDelegateListener.h */ = {isa = PBXFileReference; lastKnownFileType = sourcecode.c.h; path = AppDelegateListener.h; sourceTree = "<group>"; };
		8AF7755F17997D1300341121 /* AppDelegateListener.mm */ = {isa = PBXFileReference; lastKnownFileType = sourcecode.cpp.objcpp; path = AppDelegateListener.mm; sourceTree = "<group>"; };
		8B1F446B9C0EE80490C67898 /* libevent.a */ = {isa = PBXFileReference; lastKnownFileType = archive.ar; name = libevent.a; path = Libraries/Plugins/iOS/libevent.a; sourceTree = SOURCE_ROOT; };
		8C1543DF8710560557BA9544 /* libsoftware.a */ = {isa = PBXFileReference; lastKnownFileType = archive.ar; name = libsoftware.a; path = Libraries/Plugins/iOS/libsoftware.a; sourceTree = SOURCE_ROOT; };
		8CFD4C74B1C368EDCF974ABC /* libcomposite.a */ = {isa = PBXFileReference; lastKnownFileType = archive.ar; name = libcomposite.a; path = Libraries/Plugins/iOS/libcomposite.a; sourceTree = SOURCE_ROOT; };
		8D1107310486CEB800E47090 /* Info.plist */ = {isa = PBXFileReference; fileEncoding = 4; lastKnownFileType = text.plist.xml; path = Info.plist; sourceTree = "<group>"; };
		8E2B461B82418D8F95A2B227 /* libvr.a */ = {isa = PBXFileReference; lastKnownFileType = archive.ar; name = libvr.a; path = Libraries/Plugins/iOS/libvr.a; sourceTree = SOURCE_ROOT; };
		96684236B87CAA7EB4E5A1CF /* libevent_internal.a */ = {isa = PBXFileReference; lastKnownFileType = archive.ar; name = libevent_internal.a; path = Libraries/Plugins/iOS/libevent_internal.a; sourceTree = SOURCE_ROOT; };
		98B24B56B938FE7F2D1D6BDC /* MPVideoPlayer.mm */ = {isa = PBXFileReference; lastKnownFileType = sourcecode.cpp.objcpp; name = MPVideoPlayer.mm; path = Classes/Unity/MPVideoPlayer.mm; sourceTree = SOURCE_ROOT; };
		A4D040B98AC7EBC4197D88D1 /* libionjsoncpp.a */ = {isa = PBXFileReference; lastKnownFileType = archive.ar; name = libionjsoncpp.a; path = Libraries/Plugins/iOS/libionjsoncpp.a; sourceTree = SOURCE_ROOT; };
		A5C4473E9BAC194408600EF4 /* libdevice.a */ = {isa = PBXFileReference; lastKnownFileType = archive.ar; name = libdevice.a; path = Libraries/Plugins/iOS/libdevice.a; sourceTree = SOURCE_ROOT; };
		A70547CFB0CAAE9CB6733386 /* libionzlib.a */ = {isa = PBXFileReference; lastKnownFileType = archive.ar; name = libionzlib.a; path = Libraries/Plugins/iOS/libionzlib.a; sourceTree = SOURCE_ROOT; };
		A774437694F9EE65791949CB /* libGoogleKitCore.a */ = {isa = PBXFileReference; lastKnownFileType = archive.ar; name = libGoogleKitCore.a; path = Libraries/Plugins/iOS/libGoogleKitCore.a; sourceTree = SOURCE_ROOT; };
		A9C14BA186C209A767F15368 /* libtype.a */ = {isa = PBXFileReference; lastKnownFileType = archive.ar; name = libtype.a; path = Libraries/Plugins/iOS/libtype.a; sourceTree = SOURCE_ROOT; };
		AABB489EBE6351988FA3F3F2 /* libionfreetype2.a */ = {isa = PBXFileReference; lastKnownFileType = archive.ar; name = libionfreetype2.a; path = Libraries/Plugins/iOS/libionfreetype2.a; sourceTree = SOURCE_ROOT; };
		AAC3E38B1A68945900F6174A /* RegisterFeatures.cpp */ = {isa = PBXFileReference; fileEncoding = 4; lastKnownFileType = sourcecode.cpp.cpp; path = RegisterFeatures.cpp; sourceTree = "<group>"; };
		AAC3E38C1A68945900F6174A /* RegisterFeatures.h */ = {isa = PBXFileReference; fileEncoding = 4; lastKnownFileType = sourcecode.c.h; path = RegisterFeatures.h; sourceTree = "<group>"; };
		AAFE69D019F187C200638316 /* UnityViewControllerListener.h */ = {isa = PBXFileReference; fileEncoding = 4; lastKnownFileType = sourcecode.c.h; path = UnityViewControllerListener.h; sourceTree = "<group>"; };
		AAFE69D119F187C200638316 /* UnityViewControllerListener.mm */ = {isa = PBXFileReference; fileEncoding = 4; lastKnownFileType = sourcecode.cpp.objcpp; path = UnityViewControllerListener.mm; sourceTree = "<group>"; };
		AC9F47ACA68708A32ADA639E /* libport.a */ = {isa = PBXFileReference; lastKnownFileType = archive.ar; name = libport.a; path = Libraries/Plugins/iOS/libport.a; sourceTree = SOURCE_ROOT; };
		B4F74CCE89F2BF342A95BA8E /* libQuantumCore.a */ = {isa = PBXFileReference; lastKnownFileType = archive.ar; name = libQuantumCore.a; path = Libraries/Plugins/iOS/libQuantumCore.a; sourceTree = SOURCE_ROOT; };
		BA804605BB4C1FD86419FABB /* libapi.a */ = {isa = PBXFileReference; lastKnownFileType = archive.ar; name = libapi.a; path = Libraries/Plugins/iOS/libapi.a; sourceTree = SOURCE_ROOT; };
		BE994899A945C78C3890F23D /* libcardboard_protos.a */ = {isa = PBXFileReference; lastKnownFileType = archive.ar; name = libcardboard_protos.a; path = Libraries/Plugins/iOS/libcardboard_protos.a; sourceTree = SOURCE_ROOT; };
		C1D1496E8796E541FDCC56C7 /* libionport.a */ = {isa = PBXFileReference; lastKnownFileType = archive.ar; name = libionport.a; path = Libraries/Plugins/iOS/libionport.a; sourceTree = SOURCE_ROOT; };
		C91747DC8F7DBA79B679312A /* libiongfx.a */ = {isa = PBXFileReference; lastKnownFileType = archive.ar; name = libiongfx.a; path = Libraries/Plugins/iOS/libiongfx.a; sourceTree = SOURCE_ROOT; };
		CF714FA9B3A3589E72302542 /* UnityEngine.UI.dll.s */ = {isa = PBXFileReference; lastKnownFileType = sourcecode.asm; name = UnityEngine.UI.dll.s; path = Libraries/UnityEngine.UI.dll.s; sourceTree = SOURCE_ROOT; };
		D0304B7D898BA5FEB13226D4 /* System.Core.dll.s */ = {isa = PBXFileReference; lastKnownFileType = sourcecode.asm; name = System.Core.dll.s; path = Libraries/System.Core.dll.s; sourceTree = SOURCE_ROOT; };
		D1214A2AB69C91EC7899A700 /* LaunchScreenImage-Portrait.png */ = {isa = PBXFileReference; lastKnownFileType = image.png; path = "LaunchScreenImage-Portrait.png"; sourceTree = SOURCE_ROOT; };
		D1EC4DEFA98FB830D8C0E3D7 /* libionbase.a */ = {isa = PBXFileReference; lastKnownFileType = archive.ar; name = libionbase.a; path = Libraries/Plugins/iOS/libionbase.a; sourceTree = SOURCE_ROOT; };
		D82DCFBB0E8000A5005D6AD8 /* main.mm */ = {isa = PBXFileReference; fileEncoding = 4; lastKnownFileType = sourcecode.cpp.objcpp; name = main.mm; path = Classes/main.mm; sourceTree = SOURCE_ROOT; };
		D869453BB617705F4AB004ED /* libGoogleKitHUD.a */ = {isa = PBXFileReference; lastKnownFileType = archive.ar; name = libGoogleKitHUD.a; path = Libraries/Plugins/iOS/libGoogleKitHUD.a; sourceTree = SOURCE_ROOT; };
		D8A1C7240E80637F000160D3 /* RegisterMonoModules.cpp */ = {isa = PBXFileReference; fileEncoding = 4; lastKnownFileType = sourcecode.cpp.cpp; name = RegisterMonoModules.cpp; path = Libraries/RegisterMonoModules.cpp; sourceTree = SOURCE_ROOT; };
		D8A1C7250E80637F000160D3 /* RegisterMonoModules.h */ = {isa = PBXFileReference; fileEncoding = 4; lastKnownFileType = sourcecode.c.h; name = RegisterMonoModules.h; path = Libraries/RegisterMonoModules.h; sourceTree = SOURCE_ROOT; };
		DB8D4275A5743154CF558BD7 /* libionportgfx.a */ = {isa = PBXFileReference; lastKnownFileType = archive.ar; name = libionportgfx.a; path = Libraries/Plugins/iOS/libionportgfx.a; sourceTree = SOURCE_ROOT; };
		DFD844C480D28DAEB9C5DEEA /* mscorlib.dll.s */ = {isa = PBXFileReference; lastKnownFileType = sourcecode.asm; name = mscorlib.dll.s; path = Libraries/mscorlib.dll.s; sourceTree = SOURCE_ROOT; };
		E96945FAB605C3B95FD20345 /* libremote_assets.a */ = {isa = PBXFileReference; lastKnownFileType = archive.ar; name = libremote_assets.a; path = Libraries/Plugins/iOS/libremote_assets.a; sourceTree = SOURCE_ROOT; };
		F4E64BC0BA39345CDA26B71D /* libdatatypes.a */ = {isa = PBXFileReference; lastKnownFileType = archive.ar; name = libdatatypes.a; path = Libraries/Plugins/iOS/libdatatypes.a; sourceTree = SOURCE_ROOT; };
		F8A84C64B45CB85E4DD49FDF /* libdevice_internal.a */ = {isa = PBXFileReference; lastKnownFileType = archive.ar; name = libdevice_internal.a; path = Libraries/Plugins/iOS/libdevice_internal.a; sourceTree = SOURCE_ROOT; };
		F8BB4A92A5B0C4BFAA4EEA91 /* LaunchScreen.xib */ = {isa = PBXFileReference; lastKnownFileType = file.xib; path = LaunchScreen.xib; sourceTree = SOURCE_ROOT; };
		FC3D7EBE16D2621600D1BD0D /* CrashReporter.h */ = {isa = PBXFileReference; fileEncoding = 4; lastKnownFileType = sourcecode.c.h; path = CrashReporter.h; sourceTree = "<group>"; };
		FC564F33947A36F5D2835F11 /* libNimbusCore.a */ = {isa = PBXFileReference; lastKnownFileType = archive.ar; name = libNimbusCore.a; path = Libraries/Plugins/iOS/libNimbusCore.a; sourceTree = SOURCE_ROOT; };
		FC85CCB916C3ED8000BAF7C7 /* CrashReporter.mm */ = {isa = PBXFileReference; fileEncoding = 4; lastKnownFileType = sourcecode.cpp.objcpp; path = CrashReporter.mm; sourceTree = "<group>"; };
		FC85CCBA16C3ED8000BAF7C7 /* PLCrashReporter.h */ = {isa = PBXFileReference; fileEncoding = 4; lastKnownFileType = sourcecode.c.h; path = PLCrashReporter.h; sourceTree = "<group>"; };
		FCAB4A53B70E6EBDE51EE176 /* libiPhone-lib.a */ = {isa = PBXFileReference; lastKnownFileType = archive.ar; name = "libiPhone-lib.a"; path = "Libraries/libiPhone-lib.a"; sourceTree = SOURCE_ROOT; };
		FFFA4CD9A47C06252E55A089 /* UnityEngine.dll.s */ = {isa = PBXFileReference; lastKnownFileType = sourcecode.asm; name = UnityEngine.dll.s; path = Libraries/UnityEngine.dll.s; sourceTree = SOURCE_ROOT; };
/* End PBXFileReference section */

/* Begin PBXFrameworksBuildPhase section */
		1D60588F0D05DD3D006BFB54 /* Frameworks */ = {
			isa = PBXFrameworksBuildPhase;
			buildActionMask = 2147483647;
			files = (
				3AEF97DD1B1B92F300828CED /* CoreText.framework in Frameworks */,
				1D60589F0D05DD5A006BFB54 /* Foundation.framework in Frameworks */,
				830B5C110E5ED4C100C7819F /* UIKit.framework in Frameworks */,
				83B256E20E62FEA000468741 /* OpenGLES.framework in Frameworks */,
				83B2570B0E62FF8A00468741 /* QuartzCore.framework in Frameworks */,
				83B2574C0E63022200468741 /* OpenAL.framework in Frameworks */,
				83B2574F0E63025400468741 /* libiconv.2.dylib in Frameworks */,
				8358D1B80ED1CC3700E3A684 /* AudioToolbox.framework in Frameworks */,
				56FD43960ED4745200FE3770 /* CFNetwork.framework in Frameworks */,
				5682F4B20F3B34FF007A219C /* MediaPlayer.framework in Frameworks */,
				5692F3DD0FA9D8E500EBA2F1 /* CoreLocation.framework in Frameworks */,
				56BCBA390FCF049A0030C3B2 /* SystemConfiguration.framework in Frameworks */,
				08B24F76137BFDFA00FBA309 /* iAd.framework in Frameworks */,
				7F36C11113C5C673007FBDD9 /* CoreMedia.framework in Frameworks */,
				7F36C11213C5C673007FBDD9 /* CoreVideo.framework in Frameworks */,
				7F36C11313C5C673007FBDD9 /* AVFoundation.framework in Frameworks */,
				56B7959B1442E0F20026B3DD /* CoreGraphics.framework in Frameworks */,
				56B7960F1442E1770026B3DD /* CoreMotion.framework in Frameworks */,
				820E4C0299F8C80CD2627131 /* libiPhone-lib.a in Frameworks */,
				A02E48EC86691E826FB466AC /* libiontext.a in Frameworks */,
				EB5F4196834B2BB8766CE110 /* libcardboard.a in Frameworks */,
				4FD24506A727DED9539C4353 /* libionimagecompression.a in Frameworks */,
				9C584A16B8E2908ACE4982DC /* libionimage.a in Frameworks */,
				3BE847E487FDE8E11ECA2EED /* libremote_assets.a in Frameworks */,
				8E6A4AA6825F9D6EB1E56FE0 /* libport.a in Frameworks */,
				1E184EDE9272754D9FAD1796 /* libevent_internal.a in Frameworks */,
				F85441F49085606295E84A6F /* libQuantumCore.a in Frameworks */,
				8B284EF0ACA59101B1E64E89 /* libbase.a in Frameworks */,
				9E5F48A68D7FF0C59BDCC1A3 /* libNimbusCore.a in Frameworks */,
				6ADC49C3B79C6AE7DA387ADE /* librecorder.a in Frameworks */,
				BC344D378CA1C1A972866157 /* libiongfx.a in Frameworks */,
				2ED4465E857D9EF276EFDB90 /* libprotos_lib.a in Frameworks */,
				D9E84818A88A72EF08756550 /* libsoftware.a in Frameworks */,
				A44D40EF89A69242131CED31 /* libionwebp.a in Frameworks */,
				78B0488ABC6104690014EF34 /* libcardboard_protos.a in Frameworks */,
				AED94597A6BD46AEE391E460 /* libionportgfx.a in Frameworks */,
				9F784C39B1083BA1877D1495 /* libionstblib.a in Frameworks */,
				55B54D02A74722448132B282 /* libGoogleKitHUD.a in Frameworks */,
				95794E58A980DECA82A25BCA /* libionmath.a in Frameworks */,
				A8B54F788F5DCB43186C0BD9 /* libionlodepnglib.a in Frameworks */,
				3CA94620A72A1ED0E095B4FD /* libiongfxutils.a in Frameworks */,
				0E3B478985BB7ECA9D56476C /* libsensors.a in Frameworks */,
				E1AC4B728843E25D02CFC3DD /* libtype.a in Frameworks */,
				F26943CC82F5F4611B531A9B /* libapi.a in Frameworks */,
				D5294CA58585CF6606CABDD6 /* libprotobuf.a in Frameworks */,
				FD56497DB00E8045A3B34EC1 /* libionfreetype2.a in Frameworks */,
				74774FB4820947ECAAD87365 /* libionremote.a in Frameworks */,
				DEF3423DBAEEBD6420E2B2B7 /* libNimbusAttributedLabel.a in Frameworks */,
				6BEB4573A1DE434DB013ED28 /* liblogging.a in Frameworks */,
				E1DA46369D40541B43C4514B /* libProtocolBuffers.a in Frameworks */,
				6D5C4698B05BA4553E52462D /* libplatform.a in Frameworks */,
				4DD149CEB378A005D2C6F0F4 /* libvr.a in Frameworks */,
				D2D848F3965B123B0E52DA77 /* libionport.a in Frameworks */,
				E3E7437A8CB8E169A9AD32F8 /* libcomposite.a in Frameworks */,
				B7F743C2974100A65B5DCD73 /* libdatatypes.a in Frameworks */,
				35224FA3972D1FD072F20BBE /* libdevice.a in Frameworks */,
				0FFA4D24B2E71F72F77D71E4 /* libNimbusModels.a in Frameworks */,
				C3064779843D9C2D01CF7890 /* libevent.a in Frameworks */,
				4EA34B519409DCC4999345BF /* libionanalytics.a in Frameworks */,
				FF0148BCAD9C5E1ABCA27E05 /* libgflags.a in Frameworks */,
				F0784B4C93D8529A225E737E /* libionbase.a in Frameworks */,
				1DC84ABA87565399453F2DC9 /* libionjsoncpp.a in Frameworks */,
				9D8E45958D6BC3B68A7D4F77 /* libionzlib.a in Frameworks */,
				321E4DC38861D695A97BA9A5 /* libdevice_internal.a in Frameworks */,
				C45A4BA0BB19BD33B454BF69 /* libionmongoose.a in Frameworks */,
				25FC4C6AA03FF75A87A7F68B /* libGoogleKitCore.a in Frameworks */,
				024F42B2B0B8CF72E6877505 /* libionopenctm.a in Frameworks */,
				E7CF41A8A46F6DD99EC7A774 /* libvrunity.a in Frameworks */,
				04534396A613B201F8B9F463 /* liblogging_protos.a in Frameworks */,
				DB14472EAE1FC031C5E7FE2C /* libionprofile.a in Frameworks */,
			);
			runOnlyForDeploymentPostprocessing = 0;
		};
		5623C57017FDCB0800090B9E /* Frameworks */ = {
			isa = PBXFrameworksBuildPhase;
			buildActionMask = 2147483647;
			files = (
				5623C57717FDCB0800090B9E /* UIKit.framework in Frameworks */,
				5623C57617FDCB0800090B9E /* Foundation.framework in Frameworks */,
			);
			runOnlyForDeploymentPostprocessing = 0;
		};
/* End PBXFrameworksBuildPhase section */

/* Begin PBXGroup section */
		0DAD4808BA1AB59BD8CFC2FD /* iOS */ = {
			isa = PBXGroup;
			children = (
				7FA34F529C24C271134C3745 /* libiontext.a */,
				8A6D4775AD4C21CD851F18AD /* libcardboard.a */,
				2697456DA5BA68AC36C154D2 /* libionimagecompression.a */,
				3BA5471EBE1412D7AA07F12F /* libionimage.a */,
				E96945FAB605C3B95FD20345 /* libremote_assets.a */,
				AC9F47ACA68708A32ADA639E /* libport.a */,
				96684236B87CAA7EB4E5A1CF /* libevent_internal.a */,
				B4F74CCE89F2BF342A95BA8E /* libQuantumCore.a */,
				492F45EABEE2565226007342 /* libbase.a */,
				FC564F33947A36F5D2835F11 /* libNimbusCore.a */,
				010343EF8B86031D9E353894 /* librecorder.a */,
				C91747DC8F7DBA79B679312A /* libiongfx.a */,
				2622485BB643B61B8436377B /* libprotos_lib.a */,
				8C1543DF8710560557BA9544 /* libsoftware.a */,
				5F854EE098E510B77DB34789 /* CardboardAppController.mm */,
				7E8941B4B29DD1B7011B27A2 /* libionwebp.a */,
				BE994899A945C78C3890F23D /* libcardboard_protos.a */,
				13DA47D9A7C4B162463E1B47 /* CardboardView.mm */,
				DB8D4275A5743154CF558BD7 /* libionportgfx.a */,
				7D6440729F615BECFE76B69D /* libionstblib.a */,
				644B4A90BBD579A37B75C9FA /* CardboardAppController.h */,
				D869453BB617705F4AB004ED /* libGoogleKitHUD.a */,
				60FD48C7BF0746A56F8CC3B7 /* libionmath.a */,
				0EFA4A818F1C45CD6FB2F658 /* libionlodepnglib.a */,
				17A24B289E34B8E76279F454 /* libiongfxutils.a */,
				6D2441DB88153CC85D63AA29 /* libsensors.a */,
				A9C14BA186C209A767F15368 /* libtype.a */,
				BA804605BB4C1FD86419FABB /* libapi.a */,
				423C46B8A13CCD7FB6210A53 /* libprotobuf.a */,
				AABB489EBE6351988FA3F3F2 /* libionfreetype2.a */,
				5DF64617BC2FB110458EE465 /* libionremote.a */,
				53FC434E93DC8949D58FC2FE /* libNimbusAttributedLabel.a */,
				481445CCB92DB9FBB1B3B178 /* liblogging.a */,
				58974B749DF6A9656B8F3E54 /* libProtocolBuffers.a */,
				20704DB2965F21F8F2FFFD2C /* libplatform.a */,
				8E2B461B82418D8F95A2B227 /* libvr.a */,
				C1D1496E8796E541FDCC56C7 /* libionport.a */,
				8CFD4C74B1C368EDCF974ABC /* libcomposite.a */,
				F4E64BC0BA39345CDA26B71D /* libdatatypes.a */,
				A5C4473E9BAC194408600EF4 /* libdevice.a */,
				712D4956AE6D1D279ECA1C97 /* libNimbusModels.a */,
				8B1F446B9C0EE80490C67898 /* libevent.a */,
				345E4C979B69AE5B17ED3F95 /* libionanalytics.a */,
				549B4F61B030ABA2808BFF80 /* libgflags.a */,
				D1EC4DEFA98FB830D8C0E3D7 /* libionbase.a */,
				A4D040B98AC7EBC4197D88D1 /* libionjsoncpp.a */,
				A70547CFB0CAAE9CB6733386 /* libionzlib.a */,
				F8A84C64B45CB85E4DD49FDF /* libdevice_internal.a */,
				30DD4526A8764D815B21D44C /* libionmongoose.a */,
				0E9146B5A8B395A557C2C775 /* CardboardView.h */,
				A774437694F9EE65791949CB /* libGoogleKitCore.a */,
				722D43E19BAAA1AA4619BC5C /* libionopenctm.a */,
				064F491A9D7CB01E59710951 /* libvrunity.a */,
				87E947B398A51F75376C7895 /* liblogging_protos.a */,
				24154B548F13CEDBD5B5FDD5 /* libionprofile.a */,
			);
			path = iOS;
			sourceTree = "<group>";
		};
		19C28FACFE9D520D11CA2CBB /* Products */ = {
			isa = PBXGroup;
			children = (
				1D6058910D05DD3D006BFB54 /* philz.app */,
				5623C57317FDCB0800090B9E /* philz.octest */,
			);
			name = Products;
			sourceTree = "<group>";
		};
		1A5B4B19B7B2DFD9CBDB69C2 /* Plugins */ = {
			isa = PBXGroup;
			children = (
				64B644348E60C0A9D822C377 /* iOS */,
			);
			path = Plugins;
			sourceTree = "<group>";
		};
		29B97314FDCFA39411CA2CEA /* CustomTemplate */ = {
			isa = PBXGroup;
			children = (
				3AEF97E01B1BDAF200828CED /* resources2.bundle */,
				56C56C9717D6015100616839 /* Images.xcassets */,
				3AEF97E41B1C003500828CED /* AppIcon.appiconset */,
				3AEF97E51B1C003500828CED /* Icon-60.png */,
				3AEF97E61B1C003500828CED /* Icon-72.png */,
				3AEF97E71B1C003500828CED /* Icon-72@2x.png */,
				3AEF97E81B1C003500828CED /* Icon-Small-50.png */,
				3AEF97E91B1C003500828CED /* Icon-Small-50@2x.png */,
				3AEF97EA1B1C003500828CED /* Icon.png */,
				3AEF97EB1B1C003500828CED /* Icon@2x.png */,
				3AEF97EC1B1C003500828CED /* iTunesArtwork.png */,
				3AEF97ED1B1C003500828CED /* iTunesArtwork@2x.png */,
				D82DCFB50E8000A5005D6AD8 /* Classes */,
				5623C57817FDCB0800090B9E /* Unity-iPhone Tests */,
				29B97323FDCFA39411CA2CEA /* Frameworks */,
				D8A1C7220E80637F000160D3 /* Libraries */,
				19C28FACFE9D520D11CA2CBB /* Products */,
				8D1107310486CEB800E47090 /* Info.plist */,
				83B2574E0E63025400468741 /* libiconv.2.dylib */,
				F8BB4A92A5B0C4BFAA4EEA91 /* LaunchScreen.xib */,
				D1214A2AB69C91EC7899A700 /* LaunchScreenImage-Portrait.png */,
				64824B438ADCEAF1C09B8551 /* LaunchScreenImage-Landscape.png */,
			);
			name = CustomTemplate;
			sourceTree = "<group>";
		};
		29B97323FDCFA39411CA2CEA /* Frameworks */ = {
			isa = PBXGroup;
			children = (
				3AEF97DC1B1B92F300828CED /* CoreText.framework */,
				8A1B656D185FB650009F37BD /* AdSupport.framework */,
				8358D1B70ED1CC3700E3A684 /* AudioToolbox.framework */,
				7F36C11013C5C673007FBDD9 /* AVFoundation.framework */,
				56FD43950ED4745200FE3770 /* CFNetwork.framework */,
				56B7959A1442E0F20026B3DD /* CoreGraphics.framework */,
				5692F3DC0FA9D8E500EBA2F1 /* CoreLocation.framework */,
				7F36C10E13C5C673007FBDD9 /* CoreMedia.framework */,
				56B795C11442E1100026B3DD /* CoreMotion.framework */,
				7F36C10F13C5C673007FBDD9 /* CoreVideo.framework */,
				1D30AB110D05D00D00671497 /* Foundation.framework */,
				08B24F75137BFDFA00FBA309 /* iAd.framework */,
				5682F4B10F3B34FF007A219C /* MediaPlayer.framework */,
				83B2574B0E63022200468741 /* OpenAL.framework */,
				83B256E10E62FEA000468741 /* OpenGLES.framework */,
				83B2570A0E62FF8A00468741 /* QuartzCore.framework */,
				56BCBA380FCF049A0030C3B2 /* SystemConfiguration.framework */,
				830B5C100E5ED4C100C7819F /* UIKit.framework */,
				1A5B4B19B7B2DFD9CBDB69C2 /* Plugins */,
			);
			name = Frameworks;
			sourceTree = "<group>";
		};
		5623C57817FDCB0800090B9E /* Unity-iPhone Tests */ = {
			isa = PBXGroup;
			children = (
				5623C57E17FDCB0900090B9E /* Unity_iPhone_Tests.m */,
				5623C57917FDCB0800090B9E /* Supporting Files */,
			);
			path = "Unity-iPhone Tests";
			sourceTree = "<group>";
		};
		5623C57917FDCB0800090B9E /* Supporting Files */ = {
			isa = PBXGroup;
			children = (
				5623C57A17FDCB0900090B9E /* Unity-iPhone Tests-Info.plist */,
				5623C57B17FDCB0900090B9E /* InfoPlist.strings */,
				5623C58017FDCB0900090B9E /* Unity-iPhone Tests-Prefix.pch */,
			);
			name = "Supporting Files";
			sourceTree = "<group>";
		};
		64B644348E60C0A9D822C377 /* iOS */ = {
			isa = PBXGroup;
			children = (
				16DB4859AA4CB1483A21C88B /* resources.bundle */,
			);
			path = iOS;
			sourceTree = "<group>";
		};
		8A3EDDC51615B7C1001839E9 /* UI */ = {
			isa = PBXGroup;
			children = (
				8A9FCB111617295F00C05364 /* ActivityIndicator.h */,
				8A9FCB121617295F00C05364 /* ActivityIndicator.mm */,
				8A7057D0171EA29600A1332D /* iAD_Scripting.mm */,
				8A07E1041715A5AB000EDC6F /* iAD.h */,
				8A07E1051715A5AB000EDC6F /* iAD.mm */,
				8A142DC41636943E00DD87CA /* Keyboard.h */,
				8A142DC51636943E00DD87CA /* Keyboard.mm */,
				8AC71EC219E7FBA90027502F /* OrientationSupport.h */,
				8AC71EC319E7FBA90027502F /* OrientationSupport.mm */,
				8A3EDDC61615B7C1001839E9 /* SplashScreen.h */,
				8A3EDDC71615B7C1001839E9 /* SplashScreen.mm */,
				8A4815BF17A287D2003FBFD5 /* UnityAppController+ViewHandling.h */,
				8A4815C017A287D2003FBFD5 /* UnityAppController+ViewHandling.mm */,
				8A851BA516FB2F6D00E911DB /* UnityView.h */,
				8A851BA616FB2F6D00E911DB /* UnityView.mm */,
				8A21AED21622F59300AF8007 /* UnityViewControllerBase.h */,
				8A21AED31622F59300AF8007 /* UnityViewControllerBase.mm */,
			);
			path = UI;
			sourceTree = "<group>";
		};
		8A5C148F174E662D0006EB36 /* PluginBase */ = {
			isa = PBXGroup;
			children = (
				8AF7755E17997D1300341121 /* AppDelegateListener.h */,
				8AF7755F17997D1300341121 /* AppDelegateListener.mm */,
				8A292A9717992CE100409BA4 /* LifeCycleListener.h */,
				8A292A9817992CE100409BA4 /* LifeCycleListener.mm */,
				8A5C1490174E662D0006EB36 /* RenderPluginDelegate.h */,
				8A5C1491174E662D0006EB36 /* RenderPluginDelegate.mm */,
				AAFE69D019F187C200638316 /* UnityViewControllerListener.h */,
				AAFE69D119F187C200638316 /* UnityViewControllerListener.mm */,
			);
			path = PluginBase;
			sourceTree = "<group>";
		};
		8AF18FE316490981007B4420 /* Unity */ = {
			isa = PBXGroup;
			children = (
				8ABDBCE019CAFCF700A842FF /* AVCapture.h */,
				8AC74A9419B47FEF00019D38 /* AVCapture.mm */,
				8ADCE38919C87177006F04F6 /* CameraCapture.h */,
				8ADCE38A19C87177006F04F6 /* CameraCapture.mm */,
				8A2AA93316E0978D001FB470 /* CMVideoSampling.h */,
				8A2AA93416E0978D001FB470 /* CMVideoSampling.mm */,
				8A367F5916A6D36F0012ED11 /* CVTextureCache.h */,
				8A367F5A16A6D36F0012ED11 /* CVTextureCache.mm */,
				8ACB801B177081D4005D0019 /* DeviceSettings.mm */,
				8A5E0B8F16849D1800CBB6FE /* DisplayManager.h */,
				8A5E0B9016849D1800CBB6FE /* DisplayManager.mm */,
				8A0FED471649699200E9727D /* EAGLContextHelper.h */,
				8A0FED481649699200E9727D /* EAGLContextHelper.mm */,
				8A25E6D118D767E20006A227 /* Filesystem.mm */,
				8A1FFFAB16512A9000DD0934 /* GlesHelper.h */,
				8A1FFFAC16512A9000DD0934 /* GlesHelper.mm */,
				8A6720A319EEB905006C92E0 /* InternalProfiler.cpp */,
				8A6720A419EEB905006C92E0 /* InternalProfiler.h */,
				1859EA9A19214E7B0022C3D3 /* MetalHelper.mm */,
				8A6137121A10B57700059EDF /* ObjCRuntime.h */,
				8A6137131A10BCA200059EDF /* ObjCRuntime.mm */,
				8A90541019EE8843003D1039 /* UnityForwardDecls.h */,
				8A851BAB16FC875E00E911DB /* UnityInterface.h */,
				8AECDC781950835600CB29E8 /* UnityMetalSupport.h */,
				8AA108C01948732900D0538B /* UnityRendering.h */,
				8AB3CB3C16D390BA00697AD5 /* VideoPlayer.h */,
				8AB3CB3D16D390BB00697AD5 /* VideoPlayer.mm */,
				8AA568AC1827DD79004969C7 /* WWWConnection.h */,
				8AA568AD1827DD79004969C7 /* WWWConnection.mm */,
				98B24B56B938FE7F2D1D6BDC /* MPVideoPlayer.mm */,
				19AA402697C0246DC9576A90 /* UnityProInterface.h */,
				415C42A9BEA87541D4E94497 /* UnityProInterface.mm */,
			);
			path = Unity;
			sourceTree = "<group>";
		};
		D82DCFB50E8000A5005D6AD8 /* Classes */ = {
			isa = PBXGroup;
			children = (
				8A5C148F174E662D0006EB36 /* PluginBase */,
				8A3EDDC51615B7C1001839E9 /* UI */,
				8AF18FE316490981007B4420 /* Unity */,
				FC3D7EBE16D2621600D1BD0D /* CrashReporter.h */,
				FC85CCB916C3ED8000BAF7C7 /* CrashReporter.mm */,
				56DBF99E15E3CE85007A4A8D /* iPhone_Sensors.h */,
				56DBF99C15E3CDC9007A4A8D /* iPhone_Sensors.mm */,
				D82DCFBB0E8000A5005D6AD8 /* main.mm */,
				FC85CCBA16C3ED8000BAF7C7 /* PLCrashReporter.h */,
				8A6720A619EFAF25006C92E0 /* Prefix.pch */,
				8ACB801D177081F7005D0019 /* Preprocessor.h */,
				8A851BA816FB3AD000E911DB /* UnityAppController.h */,
				8A851BA916FB3AD000E911DB /* UnityAppController.mm */,
				8AA5D80017ABE9AF007B9910 /* UnityAppController+Rendering.h */,
				8AA5D80117ABE9AF007B9910 /* UnityAppController+Rendering.mm */,
				8A8D90D81A274A7800456C4E /* UnityAppController+UnityInterface.h */,
				8A8D90D91A274A7800456C4E /* UnityAppController+UnityInterface.mm */,
				8AA6ADDB17818CFD00A1C5F1 /* UnityTrampolineConfigure.h */,
			);
			path = Classes;
			sourceTree = SOURCE_ROOT;
		};
		D8A1C7220E80637F000160D3 /* Libraries */ = {
			isa = PBXGroup;
			children = (
				AAC3E38B1A68945900F6174A /* RegisterFeatures.cpp */,
				AAC3E38C1A68945900F6174A /* RegisterFeatures.h */,
				D8A1C7240E80637F000160D3 /* RegisterMonoModules.cpp */,
				D8A1C7250E80637F000160D3 /* RegisterMonoModules.h */,
				FCAB4A53B70E6EBDE51EE176 /* libiPhone-lib.a */,
				792E47229FB5C085FFF72410 /* Assembly-CSharp.dll.s */,
				20934FB3AA5BEAD77325308B /* Mono.Security.dll.s */,
				D0304B7D898BA5FEB13226D4 /* System.Core.dll.s */,
				341548EBBF8E3B131E2B97FA /* System.dll.s */,
				CF714FA9B3A3589E72302542 /* UnityEngine.UI.dll.s */,
				FFFA4CD9A47C06252E55A089 /* UnityEngine.dll.s */,
				DFD844C480D28DAEB9C5DEEA /* mscorlib.dll.s */,
				F8754864A999FECA9005137D /* Plugins */,
			);
			path = Libraries;
			sourceTree = SOURCE_ROOT;
		};
		F8754864A999FECA9005137D /* Plugins */ = {
			isa = PBXGroup;
			children = (
				0DAD4808BA1AB59BD8CFC2FD /* iOS */,
			);
			path = Plugins;
			sourceTree = "<group>";
		};
/* End PBXGroup section */

/* Begin PBXNativeTarget section */
		1D6058900D05DD3D006BFB54 /* Unity-iPhone */ = {
			isa = PBXNativeTarget;
			buildConfigurationList = 1D6058960D05DD3E006BFB54 /* Build configuration list for PBXNativeTarget "Unity-iPhone" */;
			buildPhases = (
				1D60588D0D05DD3D006BFB54 /* Resources */,
				83D0C1FB0E6C8D5900EBCE5D /* ShellScript */,
				83D0C1FD0E6C8D7700EBCE5D /* CopyFiles */,
				1D60588E0D05DD3D006BFB54 /* Sources */,
				1D60588F0D05DD3D006BFB54 /* Frameworks */,
			);
			buildRules = (
			);
			dependencies = (
			);
			name = "Unity-iPhone";
			productName = "iPhone-target";
			productReference = 1D6058910D05DD3D006BFB54 /* philz.app */;
			productType = "com.apple.product-type.application";
		};
		5623C57217FDCB0800090B9E /* Unity-iPhone Tests */ = {
			isa = PBXNativeTarget;
			buildConfigurationList = 5623C58517FDCB0900090B9E /* Build configuration list for PBXNativeTarget "Unity-iPhone Tests" */;
			buildPhases = (
				5623C56F17FDCB0800090B9E /* Sources */,
				5623C57017FDCB0800090B9E /* Frameworks */,
				5623C57117FDCB0800090B9E /* Resources */,
			);
			buildRules = (
			);
			dependencies = (
				5623C58217FDCB0900090B9E /* PBXTargetDependency */,
			);
			name = "Unity-iPhone Tests";
			productName = "Unity-iPhone Tests";
			productReference = 5623C57317FDCB0800090B9E /* philz.octest */;
			productType = "com.apple.product-type.bundle.ocunit-test";
		};
/* End PBXNativeTarget section */

/* Begin PBXProject section */
		29B97313FDCFA39411CA2CEA /* Project object */ = {
			isa = PBXProject;
			attributes = {
				TargetAttributes = {
					5623C57217FDCB0800090B9E = {
						TestTargetID = 1D6058900D05DD3D006BFB54;
					};
				};
			};
			buildConfigurationList = C01FCF4E08A954540054247B /* Build configuration list for PBXProject "Unity-iPhone" */;
			compatibilityVersion = "Xcode 3.2";
			developmentRegion = English;
			hasScannedForEncodings = 1;
			knownRegions = (
				English,
				Japanese,
				French,
				German,
				en,
			);
			mainGroup = 29B97314FDCFA39411CA2CEA /* CustomTemplate */;
			projectDirPath = "";
			projectRoot = "";
			targets = (
				1D6058900D05DD3D006BFB54 /* Unity-iPhone */,
				5623C57217FDCB0800090B9E /* Unity-iPhone Tests */,
			);
		};
/* End PBXProject section */

/* Begin PBXResourcesBuildPhase section */
		1D60588D0D05DD3D006BFB54 /* Resources */ = {
			isa = PBXResourcesBuildPhase;
			buildActionMask = 2147483647;
			files = (
				56C56C9817D6015200616839 /* Images.xcassets in Resources */,
				45144C82BBCF3C3E8B976D1F /* resources.bundle in Resources */,
				3AEF97F21B1C003500828CED /* Icon-Small-50.png in Resources */,
				3AEF97F71B1C003500828CED /* iTunesArtwork@2x.png in Resources */,
				3AEF97F61B1C003500828CED /* iTunesArtwork.png in Resources */,
				3AEF97F11B1C003500828CED /* Icon-72@2x.png in Resources */,
				3AEF97F01B1C003500828CED /* Icon-72.png in Resources */,
				3AEF97EF1B1C003500828CED /* Icon-60.png in Resources */,
				3AEF97F31B1C003500828CED /* Icon-Small-50@2x.png in Resources */,
				3AEF97F41B1C003500828CED /* Icon.png in Resources */,
				3AEF97E11B1BDAF200828CED /* resources2.bundle in Resources */,
				3AEF97F51B1C003500828CED /* Icon@2x.png in Resources */,
				ECC54C80B9D00858D4A5CA1C /* LaunchScreen.xib in Resources */,
				3AEF97EE1B1C003500828CED /* AppIcon.appiconset in Resources */,
				597F4945B03E712CF1AF650E /* LaunchScreenImage-Portrait.png in Resources */,
				E2DC4AB6B47A45F64F4D9AB6 /* LaunchScreenImage-Landscape.png in Resources */,
			);
			runOnlyForDeploymentPostprocessing = 0;
		};
		5623C57117FDCB0800090B9E /* Resources */ = {
			isa = PBXResourcesBuildPhase;
			buildActionMask = 2147483647;
			files = (
				5623C57D17FDCB0900090B9E /* InfoPlist.strings in Resources */,
			);
			runOnlyForDeploymentPostprocessing = 0;
		};
/* End PBXResourcesBuildPhase section */

/* Begin PBXShellScriptBuildPhase section */
		83D0C1FB0E6C8D5900EBCE5D /* ShellScript */ = {
			isa = PBXShellScriptBuildPhase;
			buildActionMask = 2147483647;
			files = (
			);
			inputPaths = (
			);
			outputPaths = (
			);
			runOnlyForDeploymentPostprocessing = 0;
			shellPath = /bin/sh;
			shellScript = "rm -rf \"$TARGET_BUILD_DIR/$PRODUCT_NAME.app/Data\"\ncp -Rf \"$PROJECT_DIR/Data\" \"$TARGET_BUILD_DIR/$PRODUCT_NAME.app/Data\"";
		};
/* End PBXShellScriptBuildPhase section */

/* Begin PBXSourcesBuildPhase section */
		1D60588E0D05DD3D006BFB54 /* Sources */ = {
			isa = PBXSourcesBuildPhase;
			buildActionMask = 2147483647;
			files = (
				D82DCFC30E8000A5005D6AD8 /* main.mm in Sources */,
				D8A1C7280E80637F000160D3 /* RegisterMonoModules.cpp in Sources */,
				8AA568AE1827DD79004969C7 /* WWWConnection.mm in Sources */,
				56DBF99D15E3CDC9007A4A8D /* iPhone_Sensors.mm in Sources */,
				8A3EDDC81615B7C1001839E9 /* SplashScreen.mm in Sources */,
				8AC71EC419E7FBA90027502F /* OrientationSupport.mm in Sources */,
				8A9FCB131617295F00C05364 /* ActivityIndicator.mm in Sources */,
				8A8D90DA1A274A7800456C4E /* UnityAppController+UnityInterface.mm in Sources */,
				8AA5D80217ABE9AF007B9910 /* UnityAppController+Rendering.mm in Sources */,
				8A21AED41622F59300AF8007 /* UnityViewControllerBase.mm in Sources */,
				8A142DC61636943E00DD87CA /* Keyboard.mm in Sources */,
				8A0FED491649699200E9727D /* EAGLContextHelper.mm in Sources */,
				AAFE69D219F187C200638316 /* UnityViewControllerListener.mm in Sources */,
				8A1FFFAD16512A9000DD0934 /* GlesHelper.mm in Sources */,
				8A5E0B9116849D1800CBB6FE /* DisplayManager.mm in Sources */,
				8A367F5B16A6D36F0012ED11 /* CVTextureCache.mm in Sources */,
				1859EA9B19214E7B0022C3D3 /* MetalHelper.mm in Sources */,
				FC85CCBB16C3ED8000BAF7C7 /* CrashReporter.mm in Sources */,
				8AB3CB3E16D390BB00697AD5 /* VideoPlayer.mm in Sources */,
				8A2AA93516E0978D001FB470 /* CMVideoSampling.mm in Sources */,
				8A851BA716FB2F6D00E911DB /* UnityView.mm in Sources */,
				8A851BAA16FB3AD000E911DB /* UnityAppController.mm in Sources */,
				8AC74A9519B47FEF00019D38 /* AVCapture.mm in Sources */,
				8A6720A519EEB905006C92E0 /* InternalProfiler.cpp in Sources */,
				8A6137141A10BCA200059EDF /* ObjCRuntime.mm in Sources */,
				8ADCE38B19C87177006F04F6 /* CameraCapture.mm in Sources */,
				8A4815C117A28E7F003FBFD5 /* UnityAppController+ViewHandling.mm in Sources */,
				8A07E1061715A5AB000EDC6F /* iAD.mm in Sources */,
				8A7057D1171EA29600A1332D /* iAD_Scripting.mm in Sources */,
				8A25E6D218D767E20006A227 /* Filesystem.mm in Sources */,
				8AF7755D1799329100341121 /* LifeCycleListener.mm in Sources */,
				8A5C1492174E662D0006EB36 /* RenderPluginDelegate.mm in Sources */,
				8AF7756017997D2700341121 /* AppDelegateListener.mm in Sources */,
				AAC3E38D1A68945900F6174A /* RegisterFeatures.cpp in Sources */,
				8ACB801C177081D4005D0019 /* DeviceSettings.mm in Sources */,
				644040E8A858F41C0F01C267 /* Assembly-CSharp.dll.s in Sources */,
				11664113A7D45BA8C93C25B0 /* Mono.Security.dll.s in Sources */,
				184C42B2AD3415CD059176BF /* System.Core.dll.s in Sources */,
				044B4AD18B587260279C2E68 /* System.dll.s in Sources */,
				D0A045D68606509E68EF2F84 /* UnityEngine.UI.dll.s in Sources */,
				F1BC44F6AB5322AA32546122 /* UnityEngine.dll.s in Sources */,
				8EC24BE3A4DEA574DBED826F /* mscorlib.dll.s in Sources */,
				3B3D492097BE6A180D72BC52 /* CardboardAppController.mm in Sources */,
				01004331A59A2FE3B4495367 /* CardboardView.mm in Sources */,
				B2DE4755803039128A1737EF /* MPVideoPlayer.mm in Sources */,
				16C34AF8886C1024CBEA2617 /* UnityProInterface.mm in Sources */,
			);
			runOnlyForDeploymentPostprocessing = 0;
		};
		5623C56F17FDCB0800090B9E /* Sources */ = {
			isa = PBXSourcesBuildPhase;
			buildActionMask = 2147483647;
			files = (
				5623C57F17FDCB0900090B9E /* Unity_iPhone_Tests.m in Sources */,
			);
			runOnlyForDeploymentPostprocessing = 0;
		};
/* End PBXSourcesBuildPhase section */

/* Begin PBXTargetDependency section */
		5623C58217FDCB0900090B9E /* PBXTargetDependency */ = {
			isa = PBXTargetDependency;
			target = 1D6058900D05DD3D006BFB54 /* Unity-iPhone */;
			targetProxy = 5623C58117FDCB0900090B9E /* PBXContainerItemProxy */;
		};
/* End PBXTargetDependency section */

/* Begin PBXVariantGroup section */
		5623C57B17FDCB0900090B9E /* InfoPlist.strings */ = {
			isa = PBXVariantGroup;
			children = (
				5623C57C17FDCB0900090B9E /* en */,
			);
			name = InfoPlist.strings;
			sourceTree = "<group>";
		};
/* End PBXVariantGroup section */

/* Begin XCBuildConfiguration section */
		1D6058940D05DD3E006BFB54 /* Debug */ = {
			isa = XCBuildConfiguration;
			buildSettings = {
				ALWAYS_SEARCH_USER_PATHS = NO;
				ARCHS = armv7;
				ASSETCATALOG_COMPILER_APPICON_NAME = AppIcon;
				ASSETCATALOG_COMPILER_LAUNCHIMAGE_NAME = LaunchImage;
				CLANG_CXX_LANGUAGE_STANDARD = "c++0x";
				CLANG_CXX_LIBRARY = "libc++";
				CLANG_ENABLE_OBJC_ARC = YES;
				CLANG_WARN_DEPRECATED_OBJC_IMPLEMENTATIONS = YES;
				COPY_PHASE_STRIP = NO;
				FRAMEWORK_SEARCH_PATHS = "$(inherited)";
				GCC_DYNAMIC_NO_PIC = NO;
				GCC_ENABLE_CPP_EXCEPTIONS = NO;
				GCC_OPTIMIZATION_LEVEL = 0;
				GCC_PRECOMPILE_PREFIX_HEADER = YES;
				GCC_PREFIX_HEADER = Classes/Prefix.pch;
				GCC_USE_INDIRECT_FUNCTION_CALLS = NO;
				HEADER_SEARCH_PATHS = (
					"\"$(SRCROOT)/Classes\"",
					"\"$(SRCROOT)\"",
				);
				INFOPLIST_FILE = Info.plist;
				IPHONEOS_DEPLOYMENT_TARGET = 7.0;
				LIBRARY_SEARCH_PATHS = (
					"$(inherited)",
					"\"$(SRCROOT)\"",
					"\"$(SRCROOT)/Libraries\"",
					"$(SRCROOT)/Libraries/Plugins/iOS",
				);
				ONLY_ACTIVE_ARCH = YES;
				OTHER_CFLAGS = "-mno-thumb";
				OTHER_LDFLAGS = (
					"-weak_framework",
					CoreMotion,
					"-weak-lSystem",
				);
				PRODUCT_NAME = philz;
				SDKROOT = iphoneos;
				SUPPORTED_PLATFORMS = iphoneos;
				TARGETED_DEVICE_FAMILY = 1;
				UNITY_RUNTIME_VERSION = 5.0.2f1;
				UNITY_SCRIPTING_BACKEND = mono2x;
			};
			name = Debug;
		};
		1D6058950D05DD3E006BFB54 /* Release */ = {
			isa = XCBuildConfiguration;
			buildSettings = {
				ALWAYS_SEARCH_USER_PATHS = NO;
				ARCHS = armv7;
				ASSETCATALOG_COMPILER_APPICON_NAME = AppIcon;
				ASSETCATALOG_COMPILER_LAUNCHIMAGE_NAME = LaunchImage;
				CLANG_CXX_LANGUAGE_STANDARD = "c++0x";
				CLANG_CXX_LIBRARY = "libc++";
				CLANG_ENABLE_OBJC_ARC = YES;
				CLANG_WARN_DEPRECATED_OBJC_IMPLEMENTATIONS = YES;
				COPY_PHASE_STRIP = YES;
				FRAMEWORK_SEARCH_PATHS = "$(inherited)";
				GCC_ENABLE_CPP_EXCEPTIONS = NO;
				GCC_PRECOMPILE_PREFIX_HEADER = YES;
				GCC_PREFIX_HEADER = Classes/Prefix.pch;
				HEADER_SEARCH_PATHS = (
					"\"$(SRCROOT)/Classes\"",
					"\"$(SRCROOT)\"",
				);
				INFOPLIST_FILE = Info.plist;
				IPHONEOS_DEPLOYMENT_TARGET = 7.0;
				LIBRARY_SEARCH_PATHS = (
					"$(inherited)",
					"\"$(SRCROOT)\"",
					"\"$(SRCROOT)/Libraries\"",
					"$(SRCROOT)/Libraries/Plugins/iOS",
				);
				ONLY_ACTIVE_ARCH = NO;
				OTHER_CFLAGS = "-mno-thumb";
				OTHER_LDFLAGS = (
					"-weak_framework",
					CoreMotion,
					"-weak-lSystem",
				);
				PRODUCT_MODULE_NAME = philz;
				PRODUCT_NAME = VirtualPhilz;
				SDKROOT = iphoneos;
				SUPPORTED_PLATFORMS = iphoneos;
				TARGETED_DEVICE_FAMILY = 1;
				UNITY_RUNTIME_VERSION = 5.0.2f1;
				UNITY_SCRIPTING_BACKEND = mono2x;
			};
			name = Release;
		};
		5623C58317FDCB0900090B9E /* Release */ = {
			isa = XCBuildConfiguration;
			buildSettings = {
				ALWAYS_SEARCH_USER_PATHS = NO;
				ARCHS = armv7;
				BUNDLE_LOADER = "$(BUILD_DIR)/$(CONFIGURATION)$(EFFECTIVE_PLATFORM_NAME)/$(PRODUCT_NAME).app/$(PRODUCT_NAME)";
				CLANG_CXX_LANGUAGE_STANDARD = "gnu++0x";
				CLANG_CXX_LIBRARY = "libc++";
				CLANG_ENABLE_MODULES = YES;
				CLANG_ENABLE_OBJC_ARC = YES;
				CLANG_WARN_BOOL_CONVERSION = YES;
				CLANG_WARN_CONSTANT_CONVERSION = YES;
				CLANG_WARN_DIRECT_OBJC_ISA_USAGE = YES_ERROR;
				CLANG_WARN_EMPTY_BODY = YES;
				CLANG_WARN_ENUM_CONVERSION = YES;
				CLANG_WARN_INT_CONVERSION = YES;
				CLANG_WARN_OBJC_ROOT_CLASS = YES_ERROR;
				CLANG_WARN__DUPLICATE_METHOD_MATCH = YES;
				COPY_PHASE_STRIP = YES;
				ENABLE_NS_ASSERTIONS = NO;
				FRAMEWORK_SEARCH_PATHS = "$(inherited)";
				GCC_C_LANGUAGE_STANDARD = gnu99;
				GCC_PRECOMPILE_PREFIX_HEADER = YES;
				GCC_PREFIX_HEADER = "Unity-iPhone Tests/Unity-iPhone Tests-Prefix.pch";
				GCC_WARN_64_TO_32_BIT_CONVERSION = YES;
				GCC_WARN_ABOUT_RETURN_TYPE = YES_ERROR;
				GCC_WARN_UNDECLARED_SELECTOR = YES;
				GCC_WARN_UNINITIALIZED_AUTOS = YES;
				GCC_WARN_UNUSED_FUNCTION = YES;
				INFOPLIST_FILE = "Unity-iPhone Tests/Unity-iPhone Tests-Info.plist";
				IPHONEOS_DEPLOYMENT_TARGET = 6.0;
				LIBRARY_SEARCH_PATHS = "$(SRCROOT)/Libraries/Plugins/iOS";
				PRODUCT_NAME = philz;
				SDKROOT = iphoneos;
				SUPPORTED_PLATFORMS = iphoneos;
				TARGETED_DEVICE_FAMILY = "1,2";
				TEST_HOST = "$(BUNDLE_LOADER)";
				UNITY_RUNTIME_VERSION = 5.0.2f1;
				UNITY_SCRIPTING_BACKEND = mono2x;
				VALIDATE_PRODUCT = YES;
				WRAPPER_EXTENSION = octest;
			};
			name = Release;
		};
		5623C58417FDCB0900090B9E /* Debug */ = {
			isa = XCBuildConfiguration;
			buildSettings = {
				ALWAYS_SEARCH_USER_PATHS = NO;
				ARCHS = armv7;
				BUNDLE_LOADER = "$(BUILD_DIR)/$(CONFIGURATION)$(EFFECTIVE_PLATFORM_NAME)/$(PRODUCT_NAME).app/$(PRODUCT_NAME)";
				CLANG_CXX_LANGUAGE_STANDARD = "gnu++0x";
				CLANG_CXX_LIBRARY = "libc++";
				CLANG_ENABLE_MODULES = YES;
				CLANG_ENABLE_OBJC_ARC = YES;
				CLANG_WARN_BOOL_CONVERSION = YES;
				CLANG_WARN_CONSTANT_CONVERSION = YES;
				CLANG_WARN_DIRECT_OBJC_ISA_USAGE = YES_ERROR;
				CLANG_WARN_EMPTY_BODY = YES;
				CLANG_WARN_ENUM_CONVERSION = YES;
				CLANG_WARN_INT_CONVERSION = YES;
				CLANG_WARN_OBJC_ROOT_CLASS = YES_ERROR;
				CLANG_WARN__DUPLICATE_METHOD_MATCH = YES;
				COPY_PHASE_STRIP = NO;
				FRAMEWORK_SEARCH_PATHS = "$(inherited)";
				GCC_C_LANGUAGE_STANDARD = gnu99;
				GCC_DYNAMIC_NO_PIC = NO;
				GCC_OPTIMIZATION_LEVEL = 0;
				GCC_PRECOMPILE_PREFIX_HEADER = YES;
				GCC_PREFIX_HEADER = "Unity-iPhone Tests/Unity-iPhone Tests-Prefix.pch";
				GCC_PREPROCESSOR_DEFINITIONS = (
					"DEBUG=1",
					"$(inherited)",
				);
				GCC_SYMBOLS_PRIVATE_EXTERN = NO;
				GCC_WARN_64_TO_32_BIT_CONVERSION = YES;
				GCC_WARN_ABOUT_RETURN_TYPE = YES_ERROR;
				GCC_WARN_UNDECLARED_SELECTOR = YES;
				GCC_WARN_UNINITIALIZED_AUTOS = YES;
				GCC_WARN_UNUSED_FUNCTION = YES;
				INFOPLIST_FILE = "Unity-iPhone Tests/Unity-iPhone Tests-Info.plist";
				IPHONEOS_DEPLOYMENT_TARGET = 6.0;
				LIBRARY_SEARCH_PATHS = "$(SRCROOT)/Libraries/Plugins/iOS";
				ONLY_ACTIVE_ARCH = YES;
				PRODUCT_NAME = philz;
				SDKROOT = iphoneos;
				SUPPORTED_PLATFORMS = iphoneos;
				TARGETED_DEVICE_FAMILY = "1,2";
				TEST_HOST = "$(BUNDLE_LOADER)";
				UNITY_RUNTIME_VERSION = 5.0.2f1;
				UNITY_SCRIPTING_BACKEND = mono2x;
				WRAPPER_EXTENSION = octest;
			};
			name = Debug;
		};
		C01FCF4F08A954540054247B /* Debug */ = {
			isa = XCBuildConfiguration;
			buildSettings = {
				ARCHS = armv7;
				"CODE_SIGN_IDENTITY[sdk=iphoneos*]" = "iPhone Developer";
				DEBUG_INFORMATION_FORMAT = dwarf;
				GCC_C_LANGUAGE_STANDARD = c99;
				GCC_ENABLE_CPP_EXCEPTIONS = NO;
				GCC_ENABLE_CPP_RTTI = NO;
				GCC_ENABLE_OBJC_EXCEPTIONS = NO;
				GCC_THUMB_SUPPORT = NO;
				GCC_USE_INDIRECT_FUNCTION_CALLS = YES;
				GCC_WARN_ABOUT_RETURN_TYPE = YES;
				GCC_WARN_UNUSED_VARIABLE = YES;
				ONLY_ACTIVE_ARCH = NO;
				OTHER_LDFLAGS = "";
				SDKROOT = iphoneos;
				SUPPORTED_PLATFORMS = iphoneos;
			};
			name = Debug;
		};
		C01FCF5008A954540054247B /* Release */ = {
			isa = XCBuildConfiguration;
			buildSettings = {
				ARCHS = armv7;
				"CODE_SIGN_IDENTITY[sdk=iphoneos*]" = "iPhone Developer";
				GCC_C_LANGUAGE_STANDARD = c99;
				GCC_ENABLE_CPP_EXCEPTIONS = NO;
				GCC_ENABLE_CPP_RTTI = NO;
				GCC_ENABLE_OBJC_EXCEPTIONS = NO;
				GCC_THUMB_SUPPORT = NO;
				GCC_USE_INDIRECT_FUNCTION_CALLS = NO;
				GCC_WARN_ABOUT_RETURN_TYPE = YES;
				GCC_WARN_UNUSED_VARIABLE = YES;
				SDKROOT = iphoneos;
				SUPPORTED_PLATFORMS = iphoneos;
			};
			name = Release;
		};
/* End XCBuildConfiguration section */

/* Begin XCConfigurationList section */
		1D6058960D05DD3E006BFB54 /* Build configuration list for PBXNativeTarget "Unity-iPhone" */ = {
			isa = XCConfigurationList;
			buildConfigurations = (
				1D6058950D05DD3E006BFB54 /* Release */,
				1D6058940D05DD3E006BFB54 /* Debug */,
			);
			defaultConfigurationIsVisible = 0;
			defaultConfigurationName = Release;
		};
		5623C58517FDCB0900090B9E /* Build configuration list for PBXNativeTarget "Unity-iPhone Tests" */ = {
			isa = XCConfigurationList;
			buildConfigurations = (
				5623C58317FDCB0900090B9E /* Release */,
				5623C58417FDCB0900090B9E /* Debug */,
			);
			defaultConfigurationIsVisible = 0;
			defaultConfigurationName = Release;
		};
		C01FCF4E08A954540054247B /* Build configuration list for PBXProject "Unity-iPhone" */ = {
			isa = XCConfigurationList;
			buildConfigurations = (
				C01FCF5008A954540054247B /* Release */,
				C01FCF4F08A954540054247B /* Debug */,
			);
			defaultConfigurationIsVisible = 0;
			defaultConfigurationName = Release;
		};
/* End XCConfigurationList section */
	};
	rootObject = 29B97313FDCFA39411CA2CEA /* Project object */;
}
